{
  "version": 4,
  "terraform_version": "1.13.3",
  "serial": 7,
  "lineage": "8a5d18d0-9e17-02c7-2b1e-9a4eebefb9ba",
  "outputs": {},
  "resources": [
    {
      "mode": "managed",
      "type": "azapi_resource",
      "name": "ai_foundry",
      "provider": "provider[\"registry.terraform.io/azure/azapi\"].workload_subscription",
      "instances": [
        {
          "schema_version": 2,
          "attributes": {
            "body": {
              "value": {
                "identity": {
                  "type": "SystemAssigned"
                },
                "kind": "AIServices",
                "properties": {
                  "allowProjectManagement": true,
                  "customSubDomainName": "aifoundry7086",
                  "disableLocalAuth": false,
                  "networkAcls": {
                    "defaultAction": "Allow"
                  },
                  "networkInjections": [
                    {
                      "scenario": "agent",
                      "subnetArmId": "/subscriptions/0ec6c427-01d3-4462-ae56-fd9656157157/resourceGroups/rg-m365-agents/providers/Microsoft.Network/virtualNetworks/vnet-m365-agents/subnets/ai-foundry",
                      "useMicrosoftManagedNetwork": false
                    }
                  ],
                  "publicNetworkAccess": "Disabled"
                },
                "sku": {
                  "name": "S0"
                }
              },
              "type": [
                "object",
                {
                  "identity": [
                    "object",
                    {
                      "type": "string"
                    }
                  ],
                  "kind": "string",
                  "properties": [
                    "object",
                    {
                      "allowProjectManagement": "bool",
                      "customSubDomainName": "string",
                      "disableLocalAuth": "bool",
                      "networkAcls": [
                        "object",
                        {
                          "defaultAction": "string"
                        }
                      ],
                      "networkInjections": [
                        "tuple",
                        [
                          [
                            "object",
                            {
                              "scenario": "string",
                              "subnetArmId": "string",
                              "useMicrosoftManagedNetwork": "bool"
                            }
                          ]
                        ]
                      ],
                      "publicNetworkAccess": "string"
                    }
                  ],
                  "sku": [
                    "object",
                    {
                      "name": "string"
                    }
                  ]
                }
              ]
            },
            "create_headers": null,
            "create_query_parameters": null,
            "delete_headers": null,
            "delete_query_parameters": null,
            "id": "/subscriptions/0ec6c427-01d3-4462-ae56-fd9656157157/resourceGroups/rg-m365-agents/providers/Microsoft.CognitiveServices/accounts/aifoundry7086",
            "identity": [],
            "ignore_casing": false,
            "ignore_missing_property": true,
            "ignore_null_property": false,
            "location": "westus",
            "locks": null,
            "name": "aifoundry7086",
            "output": {
              "value": {
                "id": "/subscriptions/0ec6c427-01d3-4462-ae56-fd9656157157/resourceGroups/rg-m365-agents/providers/Microsoft.CognitiveServices/accounts/aifoundry7086",
                "identity": {
                  "principalId": "adafc63a-5a90-4e66-80f6-dc13ae957278",
                  "tenantId": "66beb9f0-9df6-4ded-8e48-126b39813500"
                },
                "properties": {
                  "callRateLimit": {
                    "rules": [
                      {
                        "matchPatterns": [
                          {}
                        ]
                      },
                      {
                        "matchPatterns": [
                          {}
                        ]
                      },
                      {
                        "matchPatterns": [
                          {}
                        ]
                      },
                      {
                        "matchPatterns": [
                          {}
                        ]
                      },
                      {
                        "matchPatterns": [
                          {}
                        ]
                      },
                      {
                        "matchPatterns": [
                          {}
                        ]
                      },
                      {
                        "matchPatterns": [
                          {}
                        ]
                      },
                      {
                        "matchPatterns": [
                          {}
                        ]
                      },
                      {
                        "matchPatterns": [
                          {}
                        ]
                      },
                      {
                        "matchPatterns": [
                          {}
                        ]
                      },
                      {
                        "matchPatterns": [
                          {}
                        ]
                      },
                      {
                        "matchPatterns": [
                          {}
                        ]
                      },
                      {
                        "matchPatterns": [
                          {}
                        ]
                      },
                      {
                        "matchPatterns": [
                          {}
                        ]
                      },
                      {
                        "matchPatterns": [
                          {}
                        ]
                      },
                      {
                        "matchPatterns": [
                          {}
                        ]
                      },
                      {
                        "matchPatterns": [
                          {}
                        ]
                      },
                      {
                        "matchPatterns": [
                          {}
                        ]
                      },
                      {
                        "matchPatterns": [
                          {}
                        ]
                      },
                      {
                        "matchPatterns": [
                          {}
                        ]
                      },
                      {
                        "matchPatterns": [
                          {}
                        ]
                      },
                      {
                        "matchPatterns": [
                          {}
                        ]
                      },
                      {
                        "matchPatterns": [
                          {}
                        ]
                      },
                      {
                        "matchPatterns": [
                          {}
                        ]
                      },
                      {
                        "matchPatterns": [
                          {}
                        ]
                      },
                      {
                        "matchPatterns": [
                          {}
                        ]
                      },
                      {
                        "matchPatterns": [
                          {}
                        ]
                      },
                      {
                        "matchPatterns": [
                          {}
                        ]
                      },
                      {
                        "matchPatterns": [
                          {}
                        ]
                      },
                      {
                        "matchPatterns": [
                          {}
                        ]
                      },
                      {
                        "matchPatterns": [
                          {},
                          {},
                          {}
                        ]
                      },
                      {
                        "matchPatterns": [
                          {},
                          {},
                          {}
                        ]
                      },
                      {
                        "matchPatterns": [
                          {}
                        ]
                      },
                      {
                        "matchPatterns": [
                          {}
                        ]
                      },
                      {
                        "matchPatterns": [
                          {}
                        ]
                      },
                      {
                        "matchPatterns": [
                          {}
                        ]
                      },
                      {
                        "matchPatterns": [
                          {}
                        ]
                      },
                      {
                        "matchPatterns": [
                          {}
                        ]
                      },
                      {
                        "matchPatterns": [
                          {}
                        ]
                      },
                      {
                        "matchPatterns": [
                          {}
                        ]
                      },
                      {
                        "matchPatterns": [
                          {}
                        ]
                      },
                      {
                        "matchPatterns": [
                          {}
                        ]
                      },
                      {
                        "matchPatterns": [
                          {}
                        ]
                      },
                      {
                        "matchPatterns": [
                          {}
                        ]
                      },
                      {
                        "matchPatterns": [
                          {}
                        ]
                      },
                      {
                        "matchPatterns": [
                          {}
                        ]
                      },
                      {
                        "matchPatterns": [
                          {}
                        ]
                      },
                      {
                        "matchPatterns": [
                          {}
                        ]
                      },
                      {
                        "matchPatterns": [
                          {}
                        ]
                      },
                      {
                        "matchPatterns": [
                          {},
                          {},
                          {}
                        ]
                      },
                      {
                        "matchPatterns": [
                          {}
                        ]
                      },
                      {
                        "matchPatterns": [
                          {}
                        ]
                      },
                      {
                        "matchPatterns": [
                          {}
                        ]
                      },
                      {
                        "matchPatterns": [
                          {}
                        ]
                      },
                      {
                        "matchPatterns": [
                          {},
                          {}
                        ]
                      },
                      {
                        "matchPatterns": [
                          {}
                        ]
                      },
                      {
                        "matchPatterns": [
                          {},
                          {},
                          {},
                          {},
                          {},
                          {},
                          {},
                          {},
                          {},
                          {},
                          {},
                          {},
                          {},
                          {},
                          {},
                          {}
                        ]
                      },
                      {
                        "matchPatterns": [
                          {},
                          {},
                          {},
                          {},
                          {},
                          {},
                          {},
                          {},
                          {},
                          {},
                          {},
                          {},
                          {},
                          {},
                          {},
                          {},
                          {},
                          {},
                          {},
                          {},
                          {},
                          {},
                          {},
                          {},
                          {}
                        ]
                      },
                      {
                        "matchPatterns": [
                          {},
                          {},
                          {},
                          {},
                          {},
                          {},
                          {},
                          {},
                          {},
                          {}
                        ]
                      },
                      {
                        "matchPatterns": [
                          {},
                          {},
                          {},
                          {},
                          {},
                          {},
                          {},
                          {},
                          {},
                          {},
                          {},
                          {},
                          {},
                          {},
                          {},
                          {},
                          {},
                          {},
                          {},
                          {},
                          {},
                          {},
                          {},
                          {},
                          {}
                        ]
                      },
                      {
                        "matchPatterns": [
                          {}
                        ]
                      },
                      {
                        "matchPatterns": [
                          {}
                        ]
                      },
                      {
                        "matchPatterns": [
                          {},
                          {},
                          {},
                          {}
                        ]
                      },
                      {
                        "matchPatterns": [
                          {},
                          {},
                          {}
                        ]
                      },
                      {
                        "matchPatterns": [
                          {}
                        ]
                      },
                      {
                        "matchPatterns": [
                          {}
                        ]
                      },
                      {
                        "matchPatterns": [
                          {}
                        ]
                      },
                      {
                        "matchPatterns": [
                          {}
                        ]
                      },
                      {
                        "matchPatterns": [
                          {}
                        ]
                      },
                      {
                        "matchPatterns": [
                          {}
                        ]
                      },
                      {
                        "matchPatterns": [
                          {}
                        ]
                      },
                      {
                        "matchPatterns": [
                          {}
                        ]
                      },
                      {
                        "matchPatterns": [
                          {}
                        ]
                      },
                      {
                        "matchPatterns": [
                          {}
                        ]
                      },
                      {
                        "matchPatterns": [
                          {}
                        ]
                      },
                      {
                        "matchPatterns": [
                          {}
                        ]
                      },
                      {
                        "matchPatterns": [
                          {}
                        ]
                      },
                      {
                        "matchPatterns": [
                          {}
                        ]
                      },
                      {
                        "matchPatterns": [
                          {}
                        ]
                      },
                      {
                        "matchPatterns": [
                          {}
                        ]
                      },
                      {
                        "matchPatterns": [
                          {}
                        ]
                      },
                      {
                        "matchPatterns": [
                          {}
                        ]
                      },
                      {
                        "matchPatterns": [
                          {}
                        ]
                      },
                      {
                        "matchPatterns": [
                          {}
                        ]
                      },
                      {
                        "matchPatterns": [
                          {}
                        ]
                      },
                      {
                        "matchPatterns": [
                          {}
                        ]
                      },
                      {
                        "matchPatterns": [
                          {}
                        ]
                      },
                      {
                        "matchPatterns": [
                          {}
                        ]
                      },
                      {
                        "matchPatterns": [
                          {}
                        ]
                      },
                      {
                        "matchPatterns": [
                          {}
                        ]
                      },
                      {
                        "matchPatterns": [
                          {}
                        ]
                      },
                      {
                        "matchPatterns": [
                          {}
                        ]
                      },
                      {
                        "matchPatterns": [
                          {},
                          {},
                          {}
                        ]
                      },
                      {
                        "matchPatterns": [
                          {},
                          {},
                          {},
                          {},
                          {},
                          {},
                          {}
                        ]
                      },
                      {
                        "matchPatterns": [
                          {},
                          {}
                        ]
                      },
                      {
                        "matchPatterns": [
                          {},
                          {},
                          {},
                          {},
                          {},
                          {},
                          {},
                          {}
                        ]
                      },
                      {
                        "matchPatterns": [
                          {},
                          {},
                          {},
                          {}
                        ]
                      },
                      {
                        "matchPatterns": [
                          {},
                          {},
                          {},
                          {},
                          {},
                          {},
                          {},
                          {},
                          {},
                          {},
                          {}
                        ]
                      },
                      {
                        "matchPatterns": [
                          {}
                        ]
                      },
                      {
                        "matchPatterns": [
                          {},
                          {}
                        ]
                      },
                      {
                        "matchPatterns": [
                          {},
                          {}
                        ]
                      },
                      {
                        "matchPatterns": [
                          {}
                        ]
                      },
                      {
                        "matchPatterns": [
                          {}
                        ]
                      },
                      {
                        "matchPatterns": [
                          {}
                        ]
                      },
                      {
                        "matchPatterns": [
                          {},
                          {}
                        ]
                      },
                      {
                        "matchPatterns": [
                          {},
                          {},
                          {},
                          {},
                          {},
                          {}
                        ]
                      },
                      {
                        "matchPatterns": [
                          {},
                          {}
                        ]
                      },
                      {
                        "matchPatterns": [
                          {},
                          {}
                        ]
                      },
                      {
                        "matchPatterns": [
                          {},
                          {}
                        ]
                      },
                      {
                        "matchPatterns": [
                          {},
                          {}
                        ]
                      },
                      {
                        "matchPatterns": [
                          {}
                        ]
                      },
                      {
                        "matchPatterns": [
                          {}
                        ]
                      },
                      {
                        "matchPatterns": [
                          {}
                        ]
                      }
                    ]
                  },
                  "capabilities": [
                    {},
                    {},
                    {},
                    {},
                    {},
                    {},
                    {},
                    {},
                    {},
                    {},
                    {},
                    {},
                    {}
                  ],
                  "dateCreated": "2025-10-16T20:13:45.5159722Z",
                  "endpoint": "https://aifoundry7086.cognitiveservices.azure.com/",
                  "endpoints": {
                    "AI Foundry API": "https://aifoundry7086.services.ai.azure.com/",
                    "Azure AI Model Inference API": "https://aifoundry7086.services.ai.azure.com/",
                    "Cohere AI API": "https://aifoundry7086.services.ai.azure.com/",
                    "Computer Vision": "https://aifoundry7086.cognitiveservices.azure.com/",
                    "Container": "https://aifoundry7086.cognitiveservices.azure.com/",
                    "Content Safety": "https://aifoundry7086.cognitiveservices.azure.com/",
                    "Content Understanding": "https://aifoundry7086.services.ai.azure.com/",
                    "Conversational Language Understanding Authoring": "https://aifoundry7086.cognitiveservices.azure.com/",
                    "ConversationalLURuntime": "https://aifoundry7086.cognitiveservices.azure.com/",
                    "Custom Question Answering": "https://aifoundry7086.cognitiveservices.azure.com/",
                    "Custom Question Answering Authoring": "https://aifoundry7086.cognitiveservices.azure.com/",
                    "Custom Text Authoring": "https://aifoundry7086.cognitiveservices.azure.com/",
                    "CustomTranslator": "https://aifoundry7086.cognitiveservices.azure.com/",
                    "DocumentTranslation": "https://aifoundry7086.cognitiveservices.azure.com/",
                    "FormRecognizer": "https://aifoundry7086.cognitiveservices.azure.com/",
                    "LUIS": "https://aifoundry7086.cognitiveservices.azure.com/",
                    "Language": "https://aifoundry7086.cognitiveservices.azure.com/",
                    "Mistral AI API": "https://aifoundry7086.services.ai.azure.com/",
                    "OpenAI Dall-E API": "https://aifoundry7086.openai.azure.com/",
                    "OpenAI Language Model Instance API": "https://aifoundry7086.openai.azure.com/",
                    "OpenAI Model Scaleset API": "https://aifoundry7086.openai.azure.com/",
                    "OpenAI Moderations API": "https://aifoundry7086.openai.azure.com/",
                    "OpenAI Realtime API": "https://aifoundry7086.openai.azure.com/",
                    "OpenAI Sora API": "https://aifoundry7086.openai.azure.com/",
                    "OpenAI Whisper API": "https://aifoundry7086.openai.azure.com/",
                    "QnAMaker": "https://aifoundry7086.cognitiveservices.azure.com/",
                    "QuestionAnswering": "https://aifoundry7086.cognitiveservices.azure.com/",
                    "Speech Services Audio Content Creation": "https://aifoundry7086.cognitiveservices.azure.com/",
                    "Speech Services Batch Avatar": "https://aifoundry7086.cognitiveservices.azure.com/",
                    "Speech Services Batch Text to Speech": "https://aifoundry7086.cognitiveservices.azure.com/",
                    "Speech Services Custom Avatar": "https://aifoundry7086.cognitiveservices.azure.com/",
                    "Speech Services Custom Voice": "https://aifoundry7086.cognitiveservices.azure.com/",
                    "Speech Services Custom Voice Trial": "https://aifoundry7086.cognitiveservices.azure.com/",
                    "Speech Services Speaker Identification": "https://aifoundry7086.cognitiveservices.azure.com/",
                    "Speech Services Speaker Verification": "https://aifoundry7086.cognitiveservices.azure.com/",
                    "Speech Services Speech to Text": "https://aifoundry7086.cognitiveservices.azure.com/",
                    "Speech Services Speech to Text (Standard)": "https://westus.stt.speech.microsoft.com",
                    "Speech Services Speech to Text 2024-05-15-preview": "https://aifoundry7086.cognitiveservices.azure.com/",
                    "Speech Services Speech to Text 2024-11-15": "https://aifoundry7086.cognitiveservices.azure.com/",
                    "Speech Services Speech to Text v3.2": "https://aifoundry7086.cognitiveservices.azure.com/",
                    "Speech Services Speech to Text v3.2_internal.1": "https://aifoundry7086.cognitiveservices.azure.com/",
                    "Speech Services TTS Player": "https://aifoundry7086.cognitiveservices.azure.com/",
                    "Speech Services Text to Speech (Neural)": "https://westus.tts.speech.microsoft.com",
                    "Text Analytics": "https://aifoundry7086.cognitiveservices.azure.com/",
                    "TextTranslation": "https://aifoundry7086.cognitiveservices.azure.com/",
                    "TextTranslation-Global": "https://api.cognitive.microsofttranslator.com/",
                    "Token": "https://aifoundry7086.cognitiveservices.azure.com/",
                    "Token Service API": "https://aifoundry7086.openai.azure.com/",
                    "Turing": "https://aifoundry7086.cognitiveservices.azure.com/",
                    "Video Translation": "https://aifoundry7086.cognitiveservices.azure.com/",
                    "Voice Agent Realtime API": "https://aifoundry7086.cognitiveservices.azure.com/",
                    "Voice Live Realtime API": "https://aifoundry7086.cognitiveservices.azure.com/"
                  },
                  "internalId": "20eff746fc7c4c3198de952c73f7fd73",
                  "isMigrated": false,
                  "networkInjections": [
                    {}
                  ],
                  "provisioningState": "Succeeded"
                },
                "type": "Microsoft.CognitiveServices/accounts"
              },
              "type": [
                "object",
                {
                  "id": "string",
                  "identity": [
                    "object",
                    {
                      "principalId": "string",
                      "tenantId": "string"
                    }
                  ],
                  "properties": [
                    "object",
                    {
                      "callRateLimit": [
                        "object",
                        {
                          "rules": [
                            "tuple",
                            [
                              [
                                "object",
                                {
                                  "matchPatterns": [
                                    "tuple",
                                    [
                                      [
                                        "object",
                                        {}
                                      ]
                                    ]
                                  ]
                                }
                              ],
                              [
                                "object",
                                {
                                  "matchPatterns": [
                                    "tuple",
                                    [
                                      [
                                        "object",
                                        {}
                                      ]
                                    ]
                                  ]
                                }
                              ],
                              [
                                "object",
                                {
                                  "matchPatterns": [
                                    "tuple",
                                    [
                                      [
                                        "object",
                                        {}
                                      ]
                                    ]
                                  ]
                                }
                              ],
                              [
                                "object",
                                {
                                  "matchPatterns": [
                                    "tuple",
                                    [
                                      [
                                        "object",
                                        {}
                                      ]
                                    ]
                                  ]
                                }
                              ],
                              [
                                "object",
                                {
                                  "matchPatterns": [
                                    "tuple",
                                    [
                                      [
                                        "object",
                                        {}
                                      ]
                                    ]
                                  ]
                                }
                              ],
                              [
                                "object",
                                {
                                  "matchPatterns": [
                                    "tuple",
                                    [
                                      [
                                        "object",
                                        {}
                                      ]
                                    ]
                                  ]
                                }
                              ],
                              [
                                "object",
                                {
                                  "matchPatterns": [
                                    "tuple",
                                    [
                                      [
                                        "object",
                                        {}
                                      ]
                                    ]
                                  ]
                                }
                              ],
                              [
                                "object",
                                {
                                  "matchPatterns": [
                                    "tuple",
                                    [
                                      [
                                        "object",
                                        {}
                                      ]
                                    ]
                                  ]
                                }
                              ],
                              [
                                "object",
                                {
                                  "matchPatterns": [
                                    "tuple",
                                    [
                                      [
                                        "object",
                                        {}
                                      ]
                                    ]
                                  ]
                                }
                              ],
                              [
                                "object",
                                {
                                  "matchPatterns": [
                                    "tuple",
                                    [
                                      [
                                        "object",
                                        {}
                                      ]
                                    ]
                                  ]
                                }
                              ],
                              [
                                "object",
                                {
                                  "matchPatterns": [
                                    "tuple",
                                    [
                                      [
                                        "object",
                                        {}
                                      ]
                                    ]
                                  ]
                                }
                              ],
                              [
                                "object",
                                {
                                  "matchPatterns": [
                                    "tuple",
                                    [
                                      [
                                        "object",
                                        {}
                                      ]
                                    ]
                                  ]
                                }
                              ],
                              [
                                "object",
                                {
                                  "matchPatterns": [
                                    "tuple",
                                    [
                                      [
                                        "object",
                                        {}
                                      ]
                                    ]
                                  ]
                                }
                              ],
                              [
                                "object",
                                {
                                  "matchPatterns": [
                                    "tuple",
                                    [
                                      [
                                        "object",
                                        {}
                                      ]
                                    ]
                                  ]
                                }
                              ],
                              [
                                "object",
                                {
                                  "matchPatterns": [
                                    "tuple",
                                    [
                                      [
                                        "object",
                                        {}
                                      ]
                                    ]
                                  ]
                                }
                              ],
                              [
                                "object",
                                {
                                  "matchPatterns": [
                                    "tuple",
                                    [
                                      [
                                        "object",
                                        {}
                                      ]
                                    ]
                                  ]
                                }
                              ],
                              [
                                "object",
                                {
                                  "matchPatterns": [
                                    "tuple",
                                    [
                                      [
                                        "object",
                                        {}
                                      ]
                                    ]
                                  ]
                                }
                              ],
                              [
                                "object",
                                {
                                  "matchPatterns": [
                                    "tuple",
                                    [
                                      [
                                        "object",
                                        {}
                                      ]
                                    ]
                                  ]
                                }
                              ],
                              [
                                "object",
                                {
                                  "matchPatterns": [
                                    "tuple",
                                    [
                                      [
                                        "object",
                                        {}
                                      ]
                                    ]
                                  ]
                                }
                              ],
                              [
                                "object",
                                {
                                  "matchPatterns": [
                                    "tuple",
                                    [
                                      [
                                        "object",
                                        {}
                                      ]
                                    ]
                                  ]
                                }
                              ],
                              [
                                "object",
                                {
                                  "matchPatterns": [
                                    "tuple",
                                    [
                                      [
                                        "object",
                                        {}
                                      ]
                                    ]
                                  ]
                                }
                              ],
                              [
                                "object",
                                {
                                  "matchPatterns": [
                                    "tuple",
                                    [
                                      [
                                        "object",
                                        {}
                                      ]
                                    ]
                                  ]
                                }
                              ],
                              [
                                "object",
                                {
                                  "matchPatterns": [
                                    "tuple",
                                    [
                                      [
                                        "object",
                                        {}
                                      ]
                                    ]
                                  ]
                                }
                              ],
                              [
                                "object",
                                {
                                  "matchPatterns": [
                                    "tuple",
                                    [
                                      [
                                        "object",
                                        {}
                                      ]
                                    ]
                                  ]
                                }
                              ],
                              [
                                "object",
                                {
                                  "matchPatterns": [
                                    "tuple",
                                    [
                                      [
                                        "object",
                                        {}
                                      ]
                                    ]
                                  ]
                                }
                              ],
                              [
                                "object",
                                {
                                  "matchPatterns": [
                                    "tuple",
                                    [
                                      [
                                        "object",
                                        {}
                                      ]
                                    ]
                                  ]
                                }
                              ],
                              [
                                "object",
                                {
                                  "matchPatterns": [
                                    "tuple",
                                    [
                                      [
                                        "object",
                                        {}
                                      ]
                                    ]
                                  ]
                                }
                              ],
                              [
                                "object",
                                {
                                  "matchPatterns": [
                                    "tuple",
                                    [
                                      [
                                        "object",
                                        {}
                                      ]
                                    ]
                                  ]
                                }
                              ],
                              [
                                "object",
                                {
                                  "matchPatterns": [
                                    "tuple",
                                    [
                                      [
                                        "object",
                                        {}
                                      ]
                                    ]
                                  ]
                                }
                              ],
                              [
                                "object",
                                {
                                  "matchPatterns": [
                                    "tuple",
                                    [
                                      [
                                        "object",
                                        {}
                                      ]
                                    ]
                                  ]
                                }
                              ],
                              [
                                "object",
                                {
                                  "matchPatterns": [
                                    "tuple",
                                    [
                                      [
                                        "object",
                                        {}
                                      ],
                                      [
                                        "object",
                                        {}
                                      ],
                                      [
                                        "object",
                                        {}
                                      ]
                                    ]
                                  ]
                                }
                              ],
                              [
                                "object",
                                {
                                  "matchPatterns": [
                                    "tuple",
                                    [
                                      [
                                        "object",
                                        {}
                                      ],
                                      [
                                        "object",
                                        {}
                                      ],
                                      [
                                        "object",
                                        {}
                                      ]
                                    ]
                                  ]
                                }
                              ],
                              [
                                "object",
                                {
                                  "matchPatterns": [
                                    "tuple",
                                    [
                                      [
                                        "object",
                                        {}
                                      ]
                                    ]
                                  ]
                                }
                              ],
                              [
                                "object",
                                {
                                  "matchPatterns": [
                                    "tuple",
                                    [
                                      [
                                        "object",
                                        {}
                                      ]
                                    ]
                                  ]
                                }
                              ],
                              [
                                "object",
                                {
                                  "matchPatterns": [
                                    "tuple",
                                    [
                                      [
                                        "object",
                                        {}
                                      ]
                                    ]
                                  ]
                                }
                              ],
                              [
                                "object",
                                {
                                  "matchPatterns": [
                                    "tuple",
                                    [
                                      [
                                        "object",
                                        {}
                                      ]
                                    ]
                                  ]
                                }
                              ],
                              [
                                "object",
                                {
                                  "matchPatterns": [
                                    "tuple",
                                    [
                                      [
                                        "object",
                                        {}
                                      ]
                                    ]
                                  ]
                                }
                              ],
                              [
                                "object",
                                {
                                  "matchPatterns": [
                                    "tuple",
                                    [
                                      [
                                        "object",
                                        {}
                                      ]
                                    ]
                                  ]
                                }
                              ],
                              [
                                "object",
                                {
                                  "matchPatterns": [
                                    "tuple",
                                    [
                                      [
                                        "object",
                                        {}
                                      ]
                                    ]
                                  ]
                                }
                              ],
                              [
                                "object",
                                {
                                  "matchPatterns": [
                                    "tuple",
                                    [
                                      [
                                        "object",
                                        {}
                                      ]
                                    ]
                                  ]
                                }
                              ],
                              [
                                "object",
                                {
                                  "matchPatterns": [
                                    "tuple",
                                    [
                                      [
                                        "object",
                                        {}
                                      ]
                                    ]
                                  ]
                                }
                              ],
                              [
                                "object",
                                {
                                  "matchPatterns": [
                                    "tuple",
                                    [
                                      [
                                        "object",
                                        {}
                                      ]
                                    ]
                                  ]
                                }
                              ],
                              [
                                "object",
                                {
                                  "matchPatterns": [
                                    "tuple",
                                    [
                                      [
                                        "object",
                                        {}
                                      ]
                                    ]
                                  ]
                                }
                              ],
                              [
                                "object",
                                {
                                  "matchPatterns": [
                                    "tuple",
                                    [
                                      [
                                        "object",
                                        {}
                                      ]
                                    ]
                                  ]
                                }
                              ],
                              [
                                "object",
                                {
                                  "matchPatterns": [
                                    "tuple",
                                    [
                                      [
                                        "object",
                                        {}
                                      ]
                                    ]
                                  ]
                                }
                              ],
                              [
                                "object",
                                {
                                  "matchPatterns": [
                                    "tuple",
                                    [
                                      [
                                        "object",
                                        {}
                                      ]
                                    ]
                                  ]
                                }
                              ],
                              [
                                "object",
                                {
                                  "matchPatterns": [
                                    "tuple",
                                    [
                                      [
                                        "object",
                                        {}
                                      ]
                                    ]
                                  ]
                                }
                              ],
                              [
                                "object",
                                {
                                  "matchPatterns": [
                                    "tuple",
                                    [
                                      [
                                        "object",
                                        {}
                                      ]
                                    ]
                                  ]
                                }
                              ],
                              [
                                "object",
                                {
                                  "matchPatterns": [
                                    "tuple",
                                    [
                                      [
                                        "object",
                                        {}
                                      ]
                                    ]
                                  ]
                                }
                              ],
                              [
                                "object",
                                {
                                  "matchPatterns": [
                                    "tuple",
                                    [
                                      [
                                        "object",
                                        {}
                                      ],
                                      [
                                        "object",
                                        {}
                                      ],
                                      [
                                        "object",
                                        {}
                                      ]
                                    ]
                                  ]
                                }
                              ],
                              [
                                "object",
                                {
                                  "matchPatterns": [
                                    "tuple",
                                    [
                                      [
                                        "object",
                                        {}
                                      ]
                                    ]
                                  ]
                                }
                              ],
                              [
                                "object",
                                {
                                  "matchPatterns": [
                                    "tuple",
                                    [
                                      [
                                        "object",
                                        {}
                                      ]
                                    ]
                                  ]
                                }
                              ],
                              [
                                "object",
                                {
                                  "matchPatterns": [
                                    "tuple",
                                    [
                                      [
                                        "object",
                                        {}
                                      ]
                                    ]
                                  ]
                                }
                              ],
                              [
                                "object",
                                {
                                  "matchPatterns": [
                                    "tuple",
                                    [
                                      [
                                        "object",
                                        {}
                                      ]
                                    ]
                                  ]
                                }
                              ],
                              [
                                "object",
                                {
                                  "matchPatterns": [
                                    "tuple",
                                    [
                                      [
                                        "object",
                                        {}
                                      ],
                                      [
                                        "object",
                                        {}
                                      ]
                                    ]
                                  ]
                                }
                              ],
                              [
                                "object",
                                {
                                  "matchPatterns": [
                                    "tuple",
                                    [
                                      [
                                        "object",
                                        {}
                                      ]
                                    ]
                                  ]
                                }
                              ],
                              [
                                "object",
                                {
                                  "matchPatterns": [
                                    "tuple",
                                    [
                                      [
                                        "object",
                                        {}
                                      ],
                                      [
                                        "object",
                                        {}
                                      ],
                                      [
                                        "object",
                                        {}
                                      ],
                                      [
                                        "object",
                                        {}
                                      ],
                                      [
                                        "object",
                                        {}
                                      ],
                                      [
                                        "object",
                                        {}
                                      ],
                                      [
                                        "object",
                                        {}
                                      ],
                                      [
                                        "object",
                                        {}
                                      ],
                                      [
                                        "object",
                                        {}
                                      ],
                                      [
                                        "object",
                                        {}
                                      ],
                                      [
                                        "object",
                                        {}
                                      ],
                                      [
                                        "object",
                                        {}
                                      ],
                                      [
                                        "object",
                                        {}
                                      ],
                                      [
                                        "object",
                                        {}
                                      ],
                                      [
                                        "object",
                                        {}
                                      ],
                                      [
                                        "object",
                                        {}
                                      ]
                                    ]
                                  ]
                                }
                              ],
                              [
                                "object",
                                {
                                  "matchPatterns": [
                                    "tuple",
                                    [
                                      [
                                        "object",
                                        {}
                                      ],
                                      [
                                        "object",
                                        {}
                                      ],
                                      [
                                        "object",
                                        {}
                                      ],
                                      [
                                        "object",
                                        {}
                                      ],
                                      [
                                        "object",
                                        {}
                                      ],
                                      [
                                        "object",
                                        {}
                                      ],
                                      [
                                        "object",
                                        {}
                                      ],
                                      [
                                        "object",
                                        {}
                                      ],
                                      [
                                        "object",
                                        {}
                                      ],
                                      [
                                        "object",
                                        {}
                                      ],
                                      [
                                        "object",
                                        {}
                                      ],
                                      [
                                        "object",
                                        {}
                                      ],
                                      [
                                        "object",
                                        {}
                                      ],
                                      [
                                        "object",
                                        {}
                                      ],
                                      [
                                        "object",
                                        {}
                                      ],
                                      [
                                        "object",
                                        {}
                                      ],
                                      [
                                        "object",
                                        {}
                                      ],
                                      [
                                        "object",
                                        {}
                                      ],
                                      [
                                        "object",
                                        {}
                                      ],
                                      [
                                        "object",
                                        {}
                                      ],
                                      [
                                        "object",
                                        {}
                                      ],
                                      [
                                        "object",
                                        {}
                                      ],
                                      [
                                        "object",
                                        {}
                                      ],
                                      [
                                        "object",
                                        {}
                                      ],
                                      [
                                        "object",
                                        {}
                                      ]
                                    ]
                                  ]
                                }
                              ],
                              [
                                "object",
                                {
                                  "matchPatterns": [
                                    "tuple",
                                    [
                                      [
                                        "object",
                                        {}
                                      ],
                                      [
                                        "object",
                                        {}
                                      ],
                                      [
                                        "object",
                                        {}
                                      ],
                                      [
                                        "object",
                                        {}
                                      ],
                                      [
                                        "object",
                                        {}
                                      ],
                                      [
                                        "object",
                                        {}
                                      ],
                                      [
                                        "object",
                                        {}
                                      ],
                                      [
                                        "object",
                                        {}
                                      ],
                                      [
                                        "object",
                                        {}
                                      ],
                                      [
                                        "object",
                                        {}
                                      ]
                                    ]
                                  ]
                                }
                              ],
                              [
                                "object",
                                {
                                  "matchPatterns": [
                                    "tuple",
                                    [
                                      [
                                        "object",
                                        {}
                                      ],
                                      [
                                        "object",
                                        {}
                                      ],
                                      [
                                        "object",
                                        {}
                                      ],
                                      [
                                        "object",
                                        {}
                                      ],
                                      [
                                        "object",
                                        {}
                                      ],
                                      [
                                        "object",
                                        {}
                                      ],
                                      [
                                        "object",
                                        {}
                                      ],
                                      [
                                        "object",
                                        {}
                                      ],
                                      [
                                        "object",
                                        {}
                                      ],
                                      [
                                        "object",
                                        {}
                                      ],
                                      [
                                        "object",
                                        {}
                                      ],
                                      [
                                        "object",
                                        {}
                                      ],
                                      [
                                        "object",
                                        {}
                                      ],
                                      [
                                        "object",
                                        {}
                                      ],
                                      [
                                        "object",
                                        {}
                                      ],
                                      [
                                        "object",
                                        {}
                                      ],
                                      [
                                        "object",
                                        {}
                                      ],
                                      [
                                        "object",
                                        {}
                                      ],
                                      [
                                        "object",
                                        {}
                                      ],
                                      [
                                        "object",
                                        {}
                                      ],
                                      [
                                        "object",
                                        {}
                                      ],
                                      [
                                        "object",
                                        {}
                                      ],
                                      [
                                        "object",
                                        {}
                                      ],
                                      [
                                        "object",
                                        {}
                                      ],
                                      [
                                        "object",
                                        {}
                                      ]
                                    ]
                                  ]
                                }
                              ],
                              [
                                "object",
                                {
                                  "matchPatterns": [
                                    "tuple",
                                    [
                                      [
                                        "object",
                                        {}
                                      ]
                                    ]
                                  ]
                                }
                              ],
                              [
                                "object",
                                {
                                  "matchPatterns": [
                                    "tuple",
                                    [
                                      [
                                        "object",
                                        {}
                                      ]
                                    ]
                                  ]
                                }
                              ],
                              [
                                "object",
                                {
                                  "matchPatterns": [
                                    "tuple",
                                    [
                                      [
                                        "object",
                                        {}
                                      ],
                                      [
                                        "object",
                                        {}
                                      ],
                                      [
                                        "object",
                                        {}
                                      ],
                                      [
                                        "object",
                                        {}
                                      ]
                                    ]
                                  ]
                                }
                              ],
                              [
                                "object",
                                {
                                  "matchPatterns": [
                                    "tuple",
                                    [
                                      [
                                        "object",
                                        {}
                                      ],
                                      [
                                        "object",
                                        {}
                                      ],
                                      [
                                        "object",
                                        {}
                                      ]
                                    ]
                                  ]
                                }
                              ],
                              [
                                "object",
                                {
                                  "matchPatterns": [
                                    "tuple",
                                    [
                                      [
                                        "object",
                                        {}
                                      ]
                                    ]
                                  ]
                                }
                              ],
                              [
                                "object",
                                {
                                  "matchPatterns": [
                                    "tuple",
                                    [
                                      [
                                        "object",
                                        {}
                                      ]
                                    ]
                                  ]
                                }
                              ],
                              [
                                "object",
                                {
                                  "matchPatterns": [
                                    "tuple",
                                    [
                                      [
                                        "object",
                                        {}
                                      ]
                                    ]
                                  ]
                                }
                              ],
                              [
                                "object",
                                {
                                  "matchPatterns": [
                                    "tuple",
                                    [
                                      [
                                        "object",
                                        {}
                                      ]
                                    ]
                                  ]
                                }
                              ],
                              [
                                "object",
                                {
                                  "matchPatterns": [
                                    "tuple",
                                    [
                                      [
                                        "object",
                                        {}
                                      ]
                                    ]
                                  ]
                                }
                              ],
                              [
                                "object",
                                {
                                  "matchPatterns": [
                                    "tuple",
                                    [
                                      [
                                        "object",
                                        {}
                                      ]
                                    ]
                                  ]
                                }
                              ],
                              [
                                "object",
                                {
                                  "matchPatterns": [
                                    "tuple",
                                    [
                                      [
                                        "object",
                                        {}
                                      ]
                                    ]
                                  ]
                                }
                              ],
                              [
                                "object",
                                {
                                  "matchPatterns": [
                                    "tuple",
                                    [
                                      [
                                        "object",
                                        {}
                                      ]
                                    ]
                                  ]
                                }
                              ],
                              [
                                "object",
                                {
                                  "matchPatterns": [
                                    "tuple",
                                    [
                                      [
                                        "object",
                                        {}
                                      ]
                                    ]
                                  ]
                                }
                              ],
                              [
                                "object",
                                {
                                  "matchPatterns": [
                                    "tuple",
                                    [
                                      [
                                        "object",
                                        {}
                                      ]
                                    ]
                                  ]
                                }
                              ],
                              [
                                "object",
                                {
                                  "matchPatterns": [
                                    "tuple",
                                    [
                                      [
                                        "object",
                                        {}
                                      ]
                                    ]
                                  ]
                                }
                              ],
                              [
                                "object",
                                {
                                  "matchPatterns": [
                                    "tuple",
                                    [
                                      [
                                        "object",
                                        {}
                                      ]
                                    ]
                                  ]
                                }
                              ],
                              [
                                "object",
                                {
                                  "matchPatterns": [
                                    "tuple",
                                    [
                                      [
                                        "object",
                                        {}
                                      ]
                                    ]
                                  ]
                                }
                              ],
                              [
                                "object",
                                {
                                  "matchPatterns": [
                                    "tuple",
                                    [
                                      [
                                        "object",
                                        {}
                                      ]
                                    ]
                                  ]
                                }
                              ],
                              [
                                "object",
                                {
                                  "matchPatterns": [
                                    "tuple",
                                    [
                                      [
                                        "object",
                                        {}
                                      ]
                                    ]
                                  ]
                                }
                              ],
                              [
                                "object",
                                {
                                  "matchPatterns": [
                                    "tuple",
                                    [
                                      [
                                        "object",
                                        {}
                                      ]
                                    ]
                                  ]
                                }
                              ],
                              [
                                "object",
                                {
                                  "matchPatterns": [
                                    "tuple",
                                    [
                                      [
                                        "object",
                                        {}
                                      ]
                                    ]
                                  ]
                                }
                              ],
                              [
                                "object",
                                {
                                  "matchPatterns": [
                                    "tuple",
                                    [
                                      [
                                        "object",
                                        {}
                                      ]
                                    ]
                                  ]
                                }
                              ],
                              [
                                "object",
                                {
                                  "matchPatterns": [
                                    "tuple",
                                    [
                                      [
                                        "object",
                                        {}
                                      ]
                                    ]
                                  ]
                                }
                              ],
                              [
                                "object",
                                {
                                  "matchPatterns": [
                                    "tuple",
                                    [
                                      [
                                        "object",
                                        {}
                                      ]
                                    ]
                                  ]
                                }
                              ],
                              [
                                "object",
                                {
                                  "matchPatterns": [
                                    "tuple",
                                    [
                                      [
                                        "object",
                                        {}
                                      ]
                                    ]
                                  ]
                                }
                              ],
                              [
                                "object",
                                {
                                  "matchPatterns": [
                                    "tuple",
                                    [
                                      [
                                        "object",
                                        {}
                                      ]
                                    ]
                                  ]
                                }
                              ],
                              [
                                "object",
                                {
                                  "matchPatterns": [
                                    "tuple",
                                    [
                                      [
                                        "object",
                                        {}
                                      ]
                                    ]
                                  ]
                                }
                              ],
                              [
                                "object",
                                {
                                  "matchPatterns": [
                                    "tuple",
                                    [
                                      [
                                        "object",
                                        {}
                                      ]
                                    ]
                                  ]
                                }
                              ],
                              [
                                "object",
                                {
                                  "matchPatterns": [
                                    "tuple",
                                    [
                                      [
                                        "object",
                                        {}
                                      ]
                                    ]
                                  ]
                                }
                              ],
                              [
                                "object",
                                {
                                  "matchPatterns": [
                                    "tuple",
                                    [
                                      [
                                        "object",
                                        {}
                                      ]
                                    ]
                                  ]
                                }
                              ],
                              [
                                "object",
                                {
                                  "matchPatterns": [
                                    "tuple",
                                    [
                                      [
                                        "object",
                                        {}
                                      ]
                                    ]
                                  ]
                                }
                              ],
                              [
                                "object",
                                {
                                  "matchPatterns": [
                                    "tuple",
                                    [
                                      [
                                        "object",
                                        {}
                                      ]
                                    ]
                                  ]
                                }
                              ],
                              [
                                "object",
                                {
                                  "matchPatterns": [
                                    "tuple",
                                    [
                                      [
                                        "object",
                                        {}
                                      ],
                                      [
                                        "object",
                                        {}
                                      ],
                                      [
                                        "object",
                                        {}
                                      ]
                                    ]
                                  ]
                                }
                              ],
                              [
                                "object",
                                {
                                  "matchPatterns": [
                                    "tuple",
                                    [
                                      [
                                        "object",
                                        {}
                                      ],
                                      [
                                        "object",
                                        {}
                                      ],
                                      [
                                        "object",
                                        {}
                                      ],
                                      [
                                        "object",
                                        {}
                                      ],
                                      [
                                        "object",
                                        {}
                                      ],
                                      [
                                        "object",
                                        {}
                                      ],
                                      [
                                        "object",
                                        {}
                                      ]
                                    ]
                                  ]
                                }
                              ],
                              [
                                "object",
                                {
                                  "matchPatterns": [
                                    "tuple",
                                    [
                                      [
                                        "object",
                                        {}
                                      ],
                                      [
                                        "object",
                                        {}
                                      ]
                                    ]
                                  ]
                                }
                              ],
                              [
                                "object",
                                {
                                  "matchPatterns": [
                                    "tuple",
                                    [
                                      [
                                        "object",
                                        {}
                                      ],
                                      [
                                        "object",
                                        {}
                                      ],
                                      [
                                        "object",
                                        {}
                                      ],
                                      [
                                        "object",
                                        {}
                                      ],
                                      [
                                        "object",
                                        {}
                                      ],
                                      [
                                        "object",
                                        {}
                                      ],
                                      [
                                        "object",
                                        {}
                                      ],
                                      [
                                        "object",
                                        {}
                                      ]
                                    ]
                                  ]
                                }
                              ],
                              [
                                "object",
                                {
                                  "matchPatterns": [
                                    "tuple",
                                    [
                                      [
                                        "object",
                                        {}
                                      ],
                                      [
                                        "object",
                                        {}
                                      ],
                                      [
                                        "object",
                                        {}
                                      ],
                                      [
                                        "object",
                                        {}
                                      ]
                                    ]
                                  ]
                                }
                              ],
                              [
                                "object",
                                {
                                  "matchPatterns": [
                                    "tuple",
                                    [
                                      [
                                        "object",
                                        {}
                                      ],
                                      [
                                        "object",
                                        {}
                                      ],
                                      [
                                        "object",
                                        {}
                                      ],
                                      [
                                        "object",
                                        {}
                                      ],
                                      [
                                        "object",
                                        {}
                                      ],
                                      [
                                        "object",
                                        {}
                                      ],
                                      [
                                        "object",
                                        {}
                                      ],
                                      [
                                        "object",
                                        {}
                                      ],
                                      [
                                        "object",
                                        {}
                                      ],
                                      [
                                        "object",
                                        {}
                                      ],
                                      [
                                        "object",
                                        {}
                                      ]
                                    ]
                                  ]
                                }
                              ],
                              [
                                "object",
                                {
                                  "matchPatterns": [
                                    "tuple",
                                    [
                                      [
                                        "object",
                                        {}
                                      ]
                                    ]
                                  ]
                                }
                              ],
                              [
                                "object",
                                {
                                  "matchPatterns": [
                                    "tuple",
                                    [
                                      [
                                        "object",
                                        {}
                                      ],
                                      [
                                        "object",
                                        {}
                                      ]
                                    ]
                                  ]
                                }
                              ],
                              [
                                "object",
                                {
                                  "matchPatterns": [
                                    "tuple",
                                    [
                                      [
                                        "object",
                                        {}
                                      ],
                                      [
                                        "object",
                                        {}
                                      ]
                                    ]
                                  ]
                                }
                              ],
                              [
                                "object",
                                {
                                  "matchPatterns": [
                                    "tuple",
                                    [
                                      [
                                        "object",
                                        {}
                                      ]
                                    ]
                                  ]
                                }
                              ],
                              [
                                "object",
                                {
                                  "matchPatterns": [
                                    "tuple",
                                    [
                                      [
                                        "object",
                                        {}
                                      ]
                                    ]
                                  ]
                                }
                              ],
                              [
                                "object",
                                {
                                  "matchPatterns": [
                                    "tuple",
                                    [
                                      [
                                        "object",
                                        {}
                                      ]
                                    ]
                                  ]
                                }
                              ],
                              [
                                "object",
                                {
                                  "matchPatterns": [
                                    "tuple",
                                    [
                                      [
                                        "object",
                                        {}
                                      ],
                                      [
                                        "object",
                                        {}
                                      ]
                                    ]
                                  ]
                                }
                              ],
                              [
                                "object",
                                {
                                  "matchPatterns": [
                                    "tuple",
                                    [
                                      [
                                        "object",
                                        {}
                                      ],
                                      [
                                        "object",
                                        {}
                                      ],
                                      [
                                        "object",
                                        {}
                                      ],
                                      [
                                        "object",
                                        {}
                                      ],
                                      [
                                        "object",
                                        {}
                                      ],
                                      [
                                        "object",
                                        {}
                                      ]
                                    ]
                                  ]
                                }
                              ],
                              [
                                "object",
                                {
                                  "matchPatterns": [
                                    "tuple",
                                    [
                                      [
                                        "object",
                                        {}
                                      ],
                                      [
                                        "object",
                                        {}
                                      ]
                                    ]
                                  ]
                                }
                              ],
                              [
                                "object",
                                {
                                  "matchPatterns": [
                                    "tuple",
                                    [
                                      [
                                        "object",
                                        {}
                                      ],
                                      [
                                        "object",
                                        {}
                                      ]
                                    ]
                                  ]
                                }
                              ],
                              [
                                "object",
                                {
                                  "matchPatterns": [
                                    "tuple",
                                    [
                                      [
                                        "object",
                                        {}
                                      ],
                                      [
                                        "object",
                                        {}
                                      ]
                                    ]
                                  ]
                                }
                              ],
                              [
                                "object",
                                {
                                  "matchPatterns": [
                                    "tuple",
                                    [
                                      [
                                        "object",
                                        {}
                                      ],
                                      [
                                        "object",
                                        {}
                                      ]
                                    ]
                                  ]
                                }
                              ],
                              [
                                "object",
                                {
                                  "matchPatterns": [
                                    "tuple",
                                    [
                                      [
                                        "object",
                                        {}
                                      ]
                                    ]
                                  ]
                                }
                              ],
                              [
                                "object",
                                {
                                  "matchPatterns": [
                                    "tuple",
                                    [
                                      [
                                        "object",
                                        {}
                                      ]
                                    ]
                                  ]
                                }
                              ],
                              [
                                "object",
                                {
                                  "matchPatterns": [
                                    "tuple",
                                    [
                                      [
                                        "object",
                                        {}
                                      ]
                                    ]
                                  ]
                                }
                              ]
                            ]
                          ]
                        }
                      ],
                      "capabilities": [
                        "tuple",
                        [
                          [
                            "object",
                            {}
                          ],
                          [
                            "object",
                            {}
                          ],
                          [
                            "object",
                            {}
                          ],
                          [
                            "object",
                            {}
                          ],
                          [
                            "object",
                            {}
                          ],
                          [
                            "object",
                            {}
                          ],
                          [
                            "object",
                            {}
                          ],
                          [
                            "object",
                            {}
                          ],
                          [
                            "object",
                            {}
                          ],
                          [
                            "object",
                            {}
                          ],
                          [
                            "object",
                            {}
                          ],
                          [
                            "object",
                            {}
                          ],
                          [
                            "object",
                            {}
                          ]
                        ]
                      ],
                      "dateCreated": "string",
                      "endpoint": "string",
                      "endpoints": [
                        "object",
                        {
                          "AI Foundry API": "string",
                          "Azure AI Model Inference API": "string",
                          "Cohere AI API": "string",
                          "Computer Vision": "string",
                          "Container": "string",
                          "Content Safety": "string",
                          "Content Understanding": "string",
                          "Conversational Language Understanding Authoring": "string",
                          "ConversationalLURuntime": "string",
                          "Custom Question Answering": "string",
                          "Custom Question Answering Authoring": "string",
                          "Custom Text Authoring": "string",
                          "CustomTranslator": "string",
                          "DocumentTranslation": "string",
                          "FormRecognizer": "string",
                          "LUIS": "string",
                          "Language": "string",
                          "Mistral AI API": "string",
                          "OpenAI Dall-E API": "string",
                          "OpenAI Language Model Instance API": "string",
                          "OpenAI Model Scaleset API": "string",
                          "OpenAI Moderations API": "string",
                          "OpenAI Realtime API": "string",
                          "OpenAI Sora API": "string",
                          "OpenAI Whisper API": "string",
                          "QnAMaker": "string",
                          "QuestionAnswering": "string",
                          "Speech Services Audio Content Creation": "string",
                          "Speech Services Batch Avatar": "string",
                          "Speech Services Batch Text to Speech": "string",
                          "Speech Services Custom Avatar": "string",
                          "Speech Services Custom Voice": "string",
                          "Speech Services Custom Voice Trial": "string",
                          "Speech Services Speaker Identification": "string",
                          "Speech Services Speaker Verification": "string",
                          "Speech Services Speech to Text": "string",
                          "Speech Services Speech to Text (Standard)": "string",
                          "Speech Services Speech to Text 2024-05-15-preview": "string",
                          "Speech Services Speech to Text 2024-11-15": "string",
                          "Speech Services Speech to Text v3.2": "string",
                          "Speech Services Speech to Text v3.2_internal.1": "string",
                          "Speech Services TTS Player": "string",
                          "Speech Services Text to Speech (Neural)": "string",
                          "Text Analytics": "string",
                          "TextTranslation": "string",
                          "TextTranslation-Global": "string",
                          "Token": "string",
                          "Token Service API": "string",
                          "Turing": "string",
                          "Video Translation": "string",
                          "Voice Agent Realtime API": "string",
                          "Voice Live Realtime API": "string"
                        }
                      ],
                      "internalId": "string",
                      "isMigrated": "bool",
                      "networkInjections": [
                        "tuple",
                        [
                          [
                            "object",
                            {}
                          ]
                        ]
                      ],
                      "provisioningState": "string"
                    }
                  ],
                  "type": "string"
                }
              ]
            },
            "parent_id": "/subscriptions/0ec6c427-01d3-4462-ae56-fd9656157157/resourceGroups/rg-m365-agents",
            "read_headers": null,
            "read_query_parameters": null,
            "replace_triggers_external_values": null,
            "replace_triggers_refs": null,
            "response_export_values": null,
            "retry": null,
            "schema_validation_enabled": false,
            "sensitive_body": null,
            "sensitive_body_version": null,
            "tags": null,
            "timeouts": null,
            "type": "Microsoft.CognitiveServices/accounts@2025-06-01",
            "update_headers": null,
            "update_query_parameters": null
          },
          "sensitive_attributes": [],
          "identity_schema_version": 0,
          "private": "eyJzZW5zaXRpdmVfYm9keSI6ImV5Sm9ZWE5vSWpvaVpFTk9UMjFMTDI1VFdTc3hNblpJZW1GelRGaHBjM2Q2YkVkVU5WVklRVGRxUVVkWmEzWnRRM1ZSY3owaWZRPT0ifQ==",
          "dependencies": [
            "random_string.unique"
          ]
        }
      ]
    },
    {
      "mode": "managed",
      "type": "azapi_resource",
      "name": "ai_search",
      "provider": "provider[\"registry.terraform.io/azure/azapi\"].workload_subscription",
      "instances": [
        {
          "schema_version": 2,
          "attributes": {
            "body": {
              "value": {
                "identity": {
                  "type": "SystemAssigned"
                },
                "properties": {
                  "authOptions": {
                    "aadOrApiKey": {
                      "aadAuthFailureMode": "http401WithBearerChallenge"
                    }
                  },
                  "disableLocalAuth": false,
                  "hostingMode": "default",
                  "networkRuleSet": {
                    "bypass": "None"
                  },
                  "partitionCount": 1,
                  "publicNetworkAccess": "Disabled",
                  "replicaCount": 1,
                  "semanticSearch": "disabled"
                },
                "sku": {
                  "name": "standard"
                }
              },
              "type": [
                "object",
                {
                  "identity": [
                    "object",
                    {
                      "type": "string"
                    }
                  ],
                  "properties": [
                    "object",
                    {
                      "authOptions": [
                        "object",
                        {
                          "aadOrApiKey": [
                            "object",
                            {
                              "aadAuthFailureMode": "string"
                            }
                          ]
                        }
                      ],
                      "disableLocalAuth": "bool",
                      "hostingMode": "string",
                      "networkRuleSet": [
                        "object",
                        {
                          "bypass": "string"
                        }
                      ],
                      "partitionCount": "number",
                      "publicNetworkAccess": "string",
                      "replicaCount": "number",
                      "semanticSearch": "string"
                    }
                  ],
                  "sku": [
                    "object",
                    {
                      "name": "string"
                    }
                  ]
                }
              ]
            },
            "create_headers": null,
            "create_query_parameters": null,
            "delete_headers": null,
            "delete_query_parameters": null,
            "id": "/subscriptions/0ec6c427-01d3-4462-ae56-fd9656157157/resourceGroups/rg-m365-agents/providers/Microsoft.Search/searchServices/aifoundry7086search",
            "identity": [],
            "ignore_casing": false,
            "ignore_missing_property": true,
            "ignore_null_property": false,
            "location": "westus",
            "locks": null,
            "name": "aifoundry7086search",
            "output": {
              "value": {
                "id": "/subscriptions/0ec6c427-01d3-4462-ae56-fd9656157157/resourceGroups/rg-m365-agents/providers/Microsoft.Search/searchServices/aifoundry7086search",
                "identity": {
                  "principalId": "d0ec7b3d-0ea0-4172-b303-f95f898c5ab2",
                  "tenantId": "66beb9f0-9df6-4ded-8e48-126b39813500"
                },
                "properties": {
                  "encryptionWithCmk": {
                    "encryptionComplianceStatus": "Compliant"
                  },
                  "provisioningState": "succeeded",
                  "status": "running",
                  "statusDetails": ""
                },
                "type": "Microsoft.Search/searchServices"
              },
              "type": [
                "object",
                {
                  "id": "string",
                  "identity": [
                    "object",
                    {
                      "principalId": "string",
                      "tenantId": "string"
                    }
                  ],
                  "properties": [
                    "object",
                    {
                      "encryptionWithCmk": [
                        "object",
                        {
                          "encryptionComplianceStatus": "string"
                        }
                      ],
                      "provisioningState": "string",
                      "status": "string",
                      "statusDetails": "string"
                    }
                  ],
                  "type": "string"
                }
              ]
            },
            "parent_id": "/subscriptions/0ec6c427-01d3-4462-ae56-fd9656157157/resourceGroups/rg-m365-agents",
            "read_headers": null,
            "read_query_parameters": null,
            "replace_triggers_external_values": null,
            "replace_triggers_refs": null,
            "response_export_values": null,
            "retry": null,
            "schema_validation_enabled": true,
            "sensitive_body": null,
            "sensitive_body_version": null,
            "tags": null,
            "timeouts": null,
            "type": "Microsoft.Search/searchServices@2025-05-01",
            "update_headers": null,
            "update_query_parameters": null
          },
          "sensitive_attributes": [],
          "identity_schema_version": 0,
          "private": "eyJzZW5zaXRpdmVfYm9keSI6ImV5Sm9ZWE5vSWpvaVpFTk9UMjFMTDI1VFdTc3hNblpJZW1GelRGaHBjM2Q2YkVkVU5WVklRVGRxUVVkWmEzWnRRM1ZSY3owaWZRPT0ifQ==",
          "dependencies": [
            "random_string.unique"
          ]
        }
      ]
    },
    {
      "mode": "managed",
      "type": "azurerm_cognitive_deployment",
      "name": "aifoundry_deployment_gpt_4o",
      "provider": "provider[\"registry.terraform.io/hashicorp/azurerm\"].workload_subscription",
      "instances": [
        {
          "schema_version": 0,
          "attributes": {
            "cognitive_account_id": "/subscriptions/0ec6c427-01d3-4462-ae56-fd9656157157/resourceGroups/rg-m365-agents/providers/Microsoft.CognitiveServices/accounts/aifoundry7086",
            "dynamic_throttling_enabled": false,
            "id": "/subscriptions/0ec6c427-01d3-4462-ae56-fd9656157157/resourceGroups/rg-m365-agents/providers/Microsoft.CognitiveServices/accounts/aifoundry7086/deployments/gpt-4o",
            "model": [
              {
                "format": "OpenAI",
                "name": "gpt-4o",
                "version": "2024-11-20"
              }
            ],
            "name": "gpt-4o",
            "rai_policy_name": "",
            "sku": [
              {
                "capacity": 1,
                "family": "",
                "name": "GlobalStandard",
                "size": "",
                "tier": ""
              }
            ],
            "timeouts": null,
            "version_upgrade_option": "OnceNewDefaultVersionAvailable"
          },
          "sensitive_attributes": [],
          "identity_schema_version": 0,
          "private": "eyJlMmJmYjczMC1lY2FhLTExZTYtOGY4OC0zNDM2M2JjN2M0YzAiOnsiY3JlYXRlIjoxODAwMDAwMDAwMDAwLCJkZWxldGUiOjE4MDAwMDAwMDAwMDAsInJlYWQiOjMwMDAwMDAwMDAwMCwidXBkYXRlIjoxODAwMDAwMDAwMDAwfX0=",
          "dependencies": [
            "azapi_resource.ai_foundry",
            "random_string.unique"
          ]
        }
      ]
    },
    {
      "mode": "managed",
      "type": "azurerm_cosmosdb_account",
      "name": "cosmosdb",
      "provider": "provider[\"registry.terraform.io/hashicorp/azurerm\"].workload_subscription",
      "instances": [
        {
          "schema_version": 1,
          "attributes": {
            "access_key_metadata_writes_enabled": true,
            "analytical_storage": [
              {
                "schema_type": "WellDefined"
              }
            ],
            "analytical_storage_enabled": false,
            "automatic_failover_enabled": false,
            "backup": [
              {
                "interval_in_minutes": 240,
                "retention_in_hours": 8,
                "storage_redundancy": "Geo",
                "tier": "",
                "type": "Periodic"
              }
            ],
            "burst_capacity_enabled": false,
            "capabilities": [],
            "capacity": [],
            "consistency_policy": [
              {
                "consistency_level": "Session",
                "max_interval_in_seconds": 5,
                "max_staleness_prefix": 100
              }
            ],
            "cors_rule": [],
            "create_mode": "",
            "default_identity_type": "FirstPartyIdentity",
            "endpoint": "https://aifoundry7086cosmosdb.documents.azure.com:443/",
            "free_tier_enabled": false,
            "geo_location": [
              {
                "failover_priority": 0,
                "id": "aifoundry7086cosmosdb-westus",
                "location": "westus",
                "zone_redundant": false
              }
            ],
            "id": "/subscriptions/0ec6c427-01d3-4462-ae56-fd9656157157/resourceGroups/rg-m365-agents/providers/Microsoft.DocumentDB/databaseAccounts/aifoundry7086cosmosdb",
            "identity": [],
            "ip_range_filter": null,
            "is_virtual_network_filter_enabled": false,
            "key_vault_key_id": null,
            "kind": "GlobalDocumentDB",
            "local_authentication_disabled": true,
            "location": "westus",
            "managed_hsm_key_id": null,
            "minimal_tls_version": "Tls12",
            "mongo_server_version": null,
            "multiple_write_locations_enabled": false,
            "name": "aifoundry7086cosmosdb",
            "network_acl_bypass_for_azure_services": false,
            "network_acl_bypass_ids": null,
            "offer_type": "Standard",
            "partition_merge_enabled": false,
            "primary_key": "ibH12f7bYMs0idzFS84o6LSUDXw0Jln4flEFspvRYQh0AotnItvzbFITdnPhSiYTf5CurqfZ9uL6ACDbs2mCbw==",
            "primary_mongodb_connection_string": null,
            "primary_readonly_key": "vM1mhNg2O5vYzIXhmbjMaRZtQBMzv0Gl9GpoQerleYe8eMVPHJeSvXmQWc0jq38ZswcWCZcJsWE5ACDb6ijefQ==",
            "primary_readonly_mongodb_connection_string": null,
            "primary_readonly_sql_connection_string": "AccountEndpoint=https://aifoundry7086cosmosdb.documents.azure.com:443/;AccountKey=vM1mhNg2O5vYzIXhmbjMaRZtQBMzv0Gl9GpoQerleYe8eMVPHJeSvXmQWc0jq38ZswcWCZcJsWE5ACDb6ijefQ==;",
            "primary_sql_connection_string": "AccountEndpoint=https://aifoundry7086cosmosdb.documents.azure.com:443/;AccountKey=ibH12f7bYMs0idzFS84o6LSUDXw0Jln4flEFspvRYQh0AotnItvzbFITdnPhSiYTf5CurqfZ9uL6ACDbs2mCbw==;",
            "public_network_access_enabled": false,
            "read_endpoints": [
              "https://aifoundry7086cosmosdb-westus.documents.azure.com:443/"
            ],
            "resource_group_name": "rg-m365-agents",
            "restore": [],
            "secondary_key": "9Xztwm2s8quBXV5EAxu6K8UvqDeUhjW2QaQlz8YXeTR5RG6Jx3okyxbzRiXbMWGFopuqd6lnAY58ACDbv6F6qg==",
            "secondary_mongodb_connection_string": null,
            "secondary_readonly_key": "A0dh7gpwwnVNjpZCw7fU759zyRfXzhh6Vw2TTdZtDKPJCyjEpT8XVGMzuN7ZrtM60lc7E6pkJLqVACDbugwZ6A==",
            "secondary_readonly_mongodb_connection_string": null,
            "secondary_readonly_sql_connection_string": "AccountEndpoint=https://aifoundry7086cosmosdb.documents.azure.com:443/;AccountKey=A0dh7gpwwnVNjpZCw7fU759zyRfXzhh6Vw2TTdZtDKPJCyjEpT8XVGMzuN7ZrtM60lc7E6pkJLqVACDbugwZ6A==;",
            "secondary_sql_connection_string": "AccountEndpoint=https://aifoundry7086cosmosdb.documents.azure.com:443/;AccountKey=9Xztwm2s8quBXV5EAxu6K8UvqDeUhjW2QaQlz8YXeTR5RG6Jx3okyxbzRiXbMWGFopuqd6lnAY58ACDbv6F6qg==;",
            "tags": null,
            "timeouts": null,
            "virtual_network_rule": [],
            "write_endpoints": [
              "https://aifoundry7086cosmosdb-westus.documents.azure.com:443/"
            ]
          },
          "sensitive_attributes": [
            [
              {
                "type": "get_attr",
                "value": "primary_key"
              }
            ],
            [
              {
                "type": "get_attr",
                "value": "primary_mongodb_connection_string"
              }
            ],
            [
              {
                "type": "get_attr",
                "value": "primary_readonly_key"
              }
            ],
            [
              {
                "type": "get_attr",
                "value": "primary_readonly_mongodb_connection_string"
              }
            ],
            [
              {
                "type": "get_attr",
                "value": "primary_readonly_sql_connection_string"
              }
            ],
            [
              {
                "type": "get_attr",
                "value": "primary_sql_connection_string"
              }
            ],
            [
              {
                "type": "get_attr",
                "value": "secondary_key"
              }
            ],
            [
              {
                "type": "get_attr",
                "value": "secondary_mongodb_connection_string"
              }
            ],
            [
              {
                "type": "get_attr",
                "value": "secondary_readonly_key"
              }
            ],
            [
              {
                "type": "get_attr",
                "value": "secondary_readonly_mongodb_connection_string"
              }
            ],
            [
              {
                "type": "get_attr",
                "value": "secondary_readonly_sql_connection_string"
              }
            ],
            [
              {
                "type": "get_attr",
                "value": "secondary_sql_connection_string"
              }
            ]
          ],
          "identity_schema_version": 0,
          "private": "eyJlMmJmYjczMC1lY2FhLTExZTYtOGY4OC0zNDM2M2JjN2M0YzAiOnsiY3JlYXRlIjoxMDgwMDAwMDAwMDAwMCwiZGVsZXRlIjoxMDgwMDAwMDAwMDAwMCwicmVhZCI6MzAwMDAwMDAwMDAwLCJ1cGRhdGUiOjEwODAwMDAwMDAwMDAwfSwic2NoZW1hX3ZlcnNpb24iOiIxIn0=",
          "dependencies": [
            "random_string.unique"
          ]
        }
      ]
    },
    {
      "mode": "managed",
      "type": "random_string",
      "name": "unique",
      "provider": "provider[\"registry.terraform.io/hashicorp/random\"]",
      "instances": [
        {
          "schema_version": 2,
          "attributes": {
            "id": "7086",
            "keepers": null,
            "length": 4,
            "lower": true,
            "min_lower": 0,
            "min_numeric": 4,
            "min_special": 0,
            "min_upper": 0,
            "number": true,
            "numeric": true,
            "override_special": null,
            "result": "7086",
            "special": false,
            "upper": false
          },
          "sensitive_attributes": [],
          "identity_schema_version": 0
        }
      ]
    }
  ],
  "check_results": null
}
