{
  "version": 4,
  "terraform_version": "1.13.3",
  "serial": 28,
  "lineage": "8a5d18d0-9e17-02c7-2b1e-9a4eebefb9ba",
  "outputs": {},
  "resources": [
    {
      "mode": "managed",
      "type": "azapi_resource",
      "name": "ai_foundry",
      "provider": "provider[\"registry.terraform.io/azure/azapi\"].workload_subscription",
      "instances": [
        {
          "schema_version": 2,
          "attributes": {
            "body": {
              "value": {
                "identity": {
                  "type": "SystemAssigned"
                },
                "kind": "AIServices",
                "properties": {
                  "allowProjectManagement": true,
                  "customSubDomainName": "aifoundry7086",
                  "disableLocalAuth": false,
                  "networkAcls": {
                    "defaultAction": "Allow"
                  },
                  "networkInjections": [
                    {
                      "scenario": "agent",
                      "subnetArmId": "/subscriptions/0ec6c427-01d3-4462-ae56-fd9656157157/resourceGroups/rg-m365-agents/providers/Microsoft.Network/virtualNetworks/vnet-m365-agents/subnets/ai-foundry",
                      "useMicrosoftManagedNetwork": false
                    }
                  ],
                  "publicNetworkAccess": "Disabled"
                },
                "sku": {
                  "name": "S0"
                }
              },
              "type": [
                "object",
                {
                  "identity": [
                    "object",
                    {
                      "type": "string"
                    }
                  ],
                  "kind": "string",
                  "properties": [
                    "object",
                    {
                      "allowProjectManagement": "bool",
                      "customSubDomainName": "string",
                      "disableLocalAuth": "bool",
                      "networkAcls": [
                        "object",
                        {
                          "defaultAction": "string"
                        }
                      ],
                      "networkInjections": [
                        "tuple",
                        [
                          [
                            "object",
                            {
                              "scenario": "string",
                              "subnetArmId": "string",
                              "useMicrosoftManagedNetwork": "bool"
                            }
                          ]
                        ]
                      ],
                      "publicNetworkAccess": "string"
                    }
                  ],
                  "sku": [
                    "object",
                    {
                      "name": "string"
                    }
                  ]
                }
              ]
            },
            "create_headers": null,
            "create_query_parameters": null,
            "delete_headers": null,
            "delete_query_parameters": null,
            "id": "/subscriptions/0ec6c427-01d3-4462-ae56-fd9656157157/resourceGroups/rg-m365-agents/providers/Microsoft.CognitiveServices/accounts/aifoundry7086",
            "identity": [],
            "ignore_casing": false,
            "ignore_missing_property": true,
            "ignore_null_property": false,
            "location": "westus",
            "locks": null,
            "name": "aifoundry7086",
            "output": {
              "value": {
                "id": "/subscriptions/0ec6c427-01d3-4462-ae56-fd9656157157/resourceGroups/rg-m365-agents/providers/Microsoft.CognitiveServices/accounts/aifoundry7086",
                "identity": {
                  "principalId": "adafc63a-5a90-4e66-80f6-dc13ae957278",
                  "tenantId": "66beb9f0-9df6-4ded-8e48-126b39813500"
                },
                "properties": {
                  "callRateLimit": {
                    "rules": [
                      {
                        "matchPatterns": [
                          {}
                        ]
                      },
                      {
                        "matchPatterns": [
                          {}
                        ]
                      },
                      {
                        "matchPatterns": [
                          {}
                        ]
                      },
                      {
                        "matchPatterns": [
                          {}
                        ]
                      },
                      {
                        "matchPatterns": [
                          {}
                        ]
                      },
                      {
                        "matchPatterns": [
                          {}
                        ]
                      },
                      {
                        "matchPatterns": [
                          {}
                        ]
                      },
                      {
                        "matchPatterns": [
                          {}
                        ]
                      },
                      {
                        "matchPatterns": [
                          {}
                        ]
                      },
                      {
                        "matchPatterns": [
                          {}
                        ]
                      },
                      {
                        "matchPatterns": [
                          {}
                        ]
                      },
                      {
                        "matchPatterns": [
                          {}
                        ]
                      },
                      {
                        "matchPatterns": [
                          {}
                        ]
                      },
                      {
                        "matchPatterns": [
                          {}
                        ]
                      },
                      {
                        "matchPatterns": [
                          {}
                        ]
                      },
                      {
                        "matchPatterns": [
                          {}
                        ]
                      },
                      {
                        "matchPatterns": [
                          {}
                        ]
                      },
                      {
                        "matchPatterns": [
                          {}
                        ]
                      },
                      {
                        "matchPatterns": [
                          {}
                        ]
                      },
                      {
                        "matchPatterns": [
                          {}
                        ]
                      },
                      {
                        "matchPatterns": [
                          {}
                        ]
                      },
                      {
                        "matchPatterns": [
                          {}
                        ]
                      },
                      {
                        "matchPatterns": [
                          {}
                        ]
                      },
                      {
                        "matchPatterns": [
                          {}
                        ]
                      },
                      {
                        "matchPatterns": [
                          {}
                        ]
                      },
                      {
                        "matchPatterns": [
                          {}
                        ]
                      },
                      {
                        "matchPatterns": [
                          {}
                        ]
                      },
                      {
                        "matchPatterns": [
                          {}
                        ]
                      },
                      {
                        "matchPatterns": [
                          {}
                        ]
                      },
                      {
                        "matchPatterns": [
                          {}
                        ]
                      },
                      {
                        "matchPatterns": [
                          {},
                          {},
                          {}
                        ]
                      },
                      {
                        "matchPatterns": [
                          {},
                          {},
                          {}
                        ]
                      },
                      {
                        "matchPatterns": [
                          {}
                        ]
                      },
                      {
                        "matchPatterns": [
                          {}
                        ]
                      },
                      {
                        "matchPatterns": [
                          {}
                        ]
                      },
                      {
                        "matchPatterns": [
                          {}
                        ]
                      },
                      {
                        "matchPatterns": [
                          {}
                        ]
                      },
                      {
                        "matchPatterns": [
                          {}
                        ]
                      },
                      {
                        "matchPatterns": [
                          {}
                        ]
                      },
                      {
                        "matchPatterns": [
                          {}
                        ]
                      },
                      {
                        "matchPatterns": [
                          {}
                        ]
                      },
                      {
                        "matchPatterns": [
                          {}
                        ]
                      },
                      {
                        "matchPatterns": [
                          {}
                        ]
                      },
                      {
                        "matchPatterns": [
                          {}
                        ]
                      },
                      {
                        "matchPatterns": [
                          {}
                        ]
                      },
                      {
                        "matchPatterns": [
                          {}
                        ]
                      },
                      {
                        "matchPatterns": [
                          {}
                        ]
                      },
                      {
                        "matchPatterns": [
                          {}
                        ]
                      },
                      {
                        "matchPatterns": [
                          {}
                        ]
                      },
                      {
                        "matchPatterns": [
                          {},
                          {},
                          {}
                        ]
                      },
                      {
                        "matchPatterns": [
                          {}
                        ]
                      },
                      {
                        "matchPatterns": [
                          {}
                        ]
                      },
                      {
                        "matchPatterns": [
                          {}
                        ]
                      },
                      {
                        "matchPatterns": [
                          {}
                        ]
                      },
                      {
                        "matchPatterns": [
                          {},
                          {}
                        ]
                      },
                      {
                        "matchPatterns": [
                          {}
                        ]
                      },
                      {
                        "matchPatterns": [
                          {},
                          {},
                          {},
                          {},
                          {},
                          {},
                          {},
                          {},
                          {},
                          {},
                          {},
                          {},
                          {},
                          {},
                          {},
                          {}
                        ]
                      },
                      {
                        "matchPatterns": [
                          {},
                          {},
                          {},
                          {},
                          {},
                          {},
                          {},
                          {},
                          {},
                          {},
                          {},
                          {},
                          {},
                          {},
                          {},
                          {},
                          {},
                          {},
                          {},
                          {},
                          {},
                          {},
                          {},
                          {},
                          {}
                        ]
                      },
                      {
                        "matchPatterns": [
                          {},
                          {},
                          {},
                          {},
                          {},
                          {},
                          {},
                          {},
                          {},
                          {}
                        ]
                      },
                      {
                        "matchPatterns": [
                          {},
                          {},
                          {},
                          {},
                          {},
                          {},
                          {},
                          {},
                          {},
                          {},
                          {},
                          {},
                          {},
                          {},
                          {},
                          {},
                          {},
                          {},
                          {},
                          {},
                          {},
                          {},
                          {},
                          {},
                          {}
                        ]
                      },
                      {
                        "matchPatterns": [
                          {}
                        ]
                      },
                      {
                        "matchPatterns": [
                          {}
                        ]
                      },
                      {
                        "matchPatterns": [
                          {},
                          {},
                          {},
                          {}
                        ]
                      },
                      {
                        "matchPatterns": [
                          {},
                          {},
                          {}
                        ]
                      },
                      {
                        "matchPatterns": [
                          {}
                        ]
                      },
                      {
                        "matchPatterns": [
                          {}
                        ]
                      },
                      {
                        "matchPatterns": [
                          {}
                        ]
                      },
                      {
                        "matchPatterns": [
                          {}
                        ]
                      },
                      {
                        "matchPatterns": [
                          {}
                        ]
                      },
                      {
                        "matchPatterns": [
                          {}
                        ]
                      },
                      {
                        "matchPatterns": [
                          {}
                        ]
                      },
                      {
                        "matchPatterns": [
                          {}
                        ]
                      },
                      {
                        "matchPatterns": [
                          {}
                        ]
                      },
                      {
                        "matchPatterns": [
                          {}
                        ]
                      },
                      {
                        "matchPatterns": [
                          {}
                        ]
                      },
                      {
                        "matchPatterns": [
                          {}
                        ]
                      },
                      {
                        "matchPatterns": [
                          {}
                        ]
                      },
                      {
                        "matchPatterns": [
                          {}
                        ]
                      },
                      {
                        "matchPatterns": [
                          {}
                        ]
                      },
                      {
                        "matchPatterns": [
                          {}
                        ]
                      },
                      {
                        "matchPatterns": [
                          {}
                        ]
                      },
                      {
                        "matchPatterns": [
                          {}
                        ]
                      },
                      {
                        "matchPatterns": [
                          {}
                        ]
                      },
                      {
                        "matchPatterns": [
                          {}
                        ]
                      },
                      {
                        "matchPatterns": [
                          {}
                        ]
                      },
                      {
                        "matchPatterns": [
                          {}
                        ]
                      },
                      {
                        "matchPatterns": [
                          {}
                        ]
                      },
                      {
                        "matchPatterns": [
                          {}
                        ]
                      },
                      {
                        "matchPatterns": [
                          {}
                        ]
                      },
                      {
                        "matchPatterns": [
                          {}
                        ]
                      },
                      {
                        "matchPatterns": [
                          {}
                        ]
                      },
                      {
                        "matchPatterns": [
                          {}
                        ]
                      },
                      {
                        "matchPatterns": [
                          {},
                          {},
                          {}
                        ]
                      },
                      {
                        "matchPatterns": [
                          {},
                          {},
                          {},
                          {},
                          {},
                          {},
                          {}
                        ]
                      },
                      {
                        "matchPatterns": [
                          {},
                          {}
                        ]
                      },
                      {
                        "matchPatterns": [
                          {},
                          {},
                          {},
                          {},
                          {},
                          {},
                          {},
                          {}
                        ]
                      },
                      {
                        "matchPatterns": [
                          {},
                          {},
                          {},
                          {}
                        ]
                      },
                      {
                        "matchPatterns": [
                          {},
                          {},
                          {},
                          {},
                          {},
                          {},
                          {},
                          {},
                          {},
                          {},
                          {}
                        ]
                      },
                      {
                        "matchPatterns": [
                          {}
                        ]
                      },
                      {
                        "matchPatterns": [
                          {},
                          {}
                        ]
                      },
                      {
                        "matchPatterns": [
                          {},
                          {}
                        ]
                      },
                      {
                        "matchPatterns": [
                          {}
                        ]
                      },
                      {
                        "matchPatterns": [
                          {}
                        ]
                      },
                      {
                        "matchPatterns": [
                          {}
                        ]
                      },
                      {
                        "matchPatterns": [
                          {},
                          {}
                        ]
                      },
                      {
                        "matchPatterns": [
                          {},
                          {},
                          {},
                          {},
                          {},
                          {}
                        ]
                      },
                      {
                        "matchPatterns": [
                          {},
                          {}
                        ]
                      },
                      {
                        "matchPatterns": [
                          {},
                          {}
                        ]
                      },
                      {
                        "matchPatterns": [
                          {},
                          {}
                        ]
                      },
                      {
                        "matchPatterns": [
                          {},
                          {}
                        ]
                      },
                      {
                        "matchPatterns": [
                          {}
                        ]
                      },
                      {
                        "matchPatterns": [
                          {}
                        ]
                      },
                      {
                        "matchPatterns": [
                          {}
                        ]
                      }
                    ]
                  },
                  "capabilities": [
                    {},
                    {},
                    {},
                    {},
                    {},
                    {},
                    {},
                    {},
                    {},
                    {},
                    {},
                    {},
                    {}
                  ],
                  "dateCreated": "2025-10-16T20:13:45.5159722Z",
                  "endpoint": "https://aifoundry7086.cognitiveservices.azure.com/",
                  "endpoints": {
                    "AI Foundry API": "https://aifoundry7086.services.ai.azure.com/",
                    "Azure AI Model Inference API": "https://aifoundry7086.services.ai.azure.com/",
                    "Cohere AI API": "https://aifoundry7086.services.ai.azure.com/",
                    "Computer Vision": "https://aifoundry7086.cognitiveservices.azure.com/",
                    "Container": "https://aifoundry7086.cognitiveservices.azure.com/",
                    "Content Safety": "https://aifoundry7086.cognitiveservices.azure.com/",
                    "Content Understanding": "https://aifoundry7086.services.ai.azure.com/",
                    "Conversational Language Understanding Authoring": "https://aifoundry7086.cognitiveservices.azure.com/",
                    "ConversationalLURuntime": "https://aifoundry7086.cognitiveservices.azure.com/",
                    "Custom Question Answering": "https://aifoundry7086.cognitiveservices.azure.com/",
                    "Custom Question Answering Authoring": "https://aifoundry7086.cognitiveservices.azure.com/",
                    "Custom Text Authoring": "https://aifoundry7086.cognitiveservices.azure.com/",
                    "CustomTranslator": "https://aifoundry7086.cognitiveservices.azure.com/",
                    "DocumentTranslation": "https://aifoundry7086.cognitiveservices.azure.com/",
                    "FormRecognizer": "https://aifoundry7086.cognitiveservices.azure.com/",
                    "LUIS": "https://aifoundry7086.cognitiveservices.azure.com/",
                    "Language": "https://aifoundry7086.cognitiveservices.azure.com/",
                    "Mistral AI API": "https://aifoundry7086.services.ai.azure.com/",
                    "OpenAI Dall-E API": "https://aifoundry7086.openai.azure.com/",
                    "OpenAI Language Model Instance API": "https://aifoundry7086.openai.azure.com/",
                    "OpenAI Model Scaleset API": "https://aifoundry7086.openai.azure.com/",
                    "OpenAI Moderations API": "https://aifoundry7086.openai.azure.com/",
                    "OpenAI Realtime API": "https://aifoundry7086.openai.azure.com/",
                    "OpenAI Sora API": "https://aifoundry7086.openai.azure.com/",
                    "OpenAI Whisper API": "https://aifoundry7086.openai.azure.com/",
                    "QnAMaker": "https://aifoundry7086.cognitiveservices.azure.com/",
                    "QuestionAnswering": "https://aifoundry7086.cognitiveservices.azure.com/",
                    "Speech Services Audio Content Creation": "https://aifoundry7086.cognitiveservices.azure.com/",
                    "Speech Services Batch Avatar": "https://aifoundry7086.cognitiveservices.azure.com/",
                    "Speech Services Batch Text to Speech": "https://aifoundry7086.cognitiveservices.azure.com/",
                    "Speech Services Custom Avatar": "https://aifoundry7086.cognitiveservices.azure.com/",
                    "Speech Services Custom Voice": "https://aifoundry7086.cognitiveservices.azure.com/",
                    "Speech Services Custom Voice Trial": "https://aifoundry7086.cognitiveservices.azure.com/",
                    "Speech Services Speaker Identification": "https://aifoundry7086.cognitiveservices.azure.com/",
                    "Speech Services Speaker Verification": "https://aifoundry7086.cognitiveservices.azure.com/",
                    "Speech Services Speech to Text": "https://aifoundry7086.cognitiveservices.azure.com/",
                    "Speech Services Speech to Text (Standard)": "https://westus.stt.speech.microsoft.com",
                    "Speech Services Speech to Text 2024-05-15-preview": "https://aifoundry7086.cognitiveservices.azure.com/",
                    "Speech Services Speech to Text 2024-11-15": "https://aifoundry7086.cognitiveservices.azure.com/",
                    "Speech Services Speech to Text v3.2": "https://aifoundry7086.cognitiveservices.azure.com/",
                    "Speech Services Speech to Text v3.2_internal.1": "https://aifoundry7086.cognitiveservices.azure.com/",
                    "Speech Services TTS Player": "https://aifoundry7086.cognitiveservices.azure.com/",
                    "Speech Services Text to Speech (Neural)": "https://westus.tts.speech.microsoft.com",
                    "Text Analytics": "https://aifoundry7086.cognitiveservices.azure.com/",
                    "TextTranslation": "https://aifoundry7086.cognitiveservices.azure.com/",
                    "TextTranslation-Global": "https://api.cognitive.microsofttranslator.com/",
                    "Token": "https://aifoundry7086.cognitiveservices.azure.com/",
                    "Token Service API": "https://aifoundry7086.openai.azure.com/",
                    "Turing": "https://aifoundry7086.cognitiveservices.azure.com/",
                    "Video Translation": "https://aifoundry7086.cognitiveservices.azure.com/",
                    "Voice Agent Realtime API": "https://aifoundry7086.cognitiveservices.azure.com/",
                    "Voice Live Realtime API": "https://aifoundry7086.cognitiveservices.azure.com/"
                  },
                  "internalId": "20eff746fc7c4c3198de952c73f7fd73",
                  "isMigrated": false,
                  "networkInjections": [
                    {}
                  ],
                  "provisioningState": "Succeeded"
                },
                "type": "Microsoft.CognitiveServices/accounts"
              },
              "type": [
                "object",
                {
                  "id": "string",
                  "identity": [
                    "object",
                    {
                      "principalId": "string",
                      "tenantId": "string"
                    }
                  ],
                  "properties": [
                    "object",
                    {
                      "callRateLimit": [
                        "object",
                        {
                          "rules": [
                            "tuple",
                            [
                              [
                                "object",
                                {
                                  "matchPatterns": [
                                    "tuple",
                                    [
                                      [
                                        "object",
                                        {}
                                      ]
                                    ]
                                  ]
                                }
                              ],
                              [
                                "object",
                                {
                                  "matchPatterns": [
                                    "tuple",
                                    [
                                      [
                                        "object",
                                        {}
                                      ]
                                    ]
                                  ]
                                }
                              ],
                              [
                                "object",
                                {
                                  "matchPatterns": [
                                    "tuple",
                                    [
                                      [
                                        "object",
                                        {}
                                      ]
                                    ]
                                  ]
                                }
                              ],
                              [
                                "object",
                                {
                                  "matchPatterns": [
                                    "tuple",
                                    [
                                      [
                                        "object",
                                        {}
                                      ]
                                    ]
                                  ]
                                }
                              ],
                              [
                                "object",
                                {
                                  "matchPatterns": [
                                    "tuple",
                                    [
                                      [
                                        "object",
                                        {}
                                      ]
                                    ]
                                  ]
                                }
                              ],
                              [
                                "object",
                                {
                                  "matchPatterns": [
                                    "tuple",
                                    [
                                      [
                                        "object",
                                        {}
                                      ]
                                    ]
                                  ]
                                }
                              ],
                              [
                                "object",
                                {
                                  "matchPatterns": [
                                    "tuple",
                                    [
                                      [
                                        "object",
                                        {}
                                      ]
                                    ]
                                  ]
                                }
                              ],
                              [
                                "object",
                                {
                                  "matchPatterns": [
                                    "tuple",
                                    [
                                      [
                                        "object",
                                        {}
                                      ]
                                    ]
                                  ]
                                }
                              ],
                              [
                                "object",
                                {
                                  "matchPatterns": [
                                    "tuple",
                                    [
                                      [
                                        "object",
                                        {}
                                      ]
                                    ]
                                  ]
                                }
                              ],
                              [
                                "object",
                                {
                                  "matchPatterns": [
                                    "tuple",
                                    [
                                      [
                                        "object",
                                        {}
                                      ]
                                    ]
                                  ]
                                }
                              ],
                              [
                                "object",
                                {
                                  "matchPatterns": [
                                    "tuple",
                                    [
                                      [
                                        "object",
                                        {}
                                      ]
                                    ]
                                  ]
                                }
                              ],
                              [
                                "object",
                                {
                                  "matchPatterns": [
                                    "tuple",
                                    [
                                      [
                                        "object",
                                        {}
                                      ]
                                    ]
                                  ]
                                }
                              ],
                              [
                                "object",
                                {
                                  "matchPatterns": [
                                    "tuple",
                                    [
                                      [
                                        "object",
                                        {}
                                      ]
                                    ]
                                  ]
                                }
                              ],
                              [
                                "object",
                                {
                                  "matchPatterns": [
                                    "tuple",
                                    [
                                      [
                                        "object",
                                        {}
                                      ]
                                    ]
                                  ]
                                }
                              ],
                              [
                                "object",
                                {
                                  "matchPatterns": [
                                    "tuple",
                                    [
                                      [
                                        "object",
                                        {}
                                      ]
                                    ]
                                  ]
                                }
                              ],
                              [
                                "object",
                                {
                                  "matchPatterns": [
                                    "tuple",
                                    [
                                      [
                                        "object",
                                        {}
                                      ]
                                    ]
                                  ]
                                }
                              ],
                              [
                                "object",
                                {
                                  "matchPatterns": [
                                    "tuple",
                                    [
                                      [
                                        "object",
                                        {}
                                      ]
                                    ]
                                  ]
                                }
                              ],
                              [
                                "object",
                                {
                                  "matchPatterns": [
                                    "tuple",
                                    [
                                      [
                                        "object",
                                        {}
                                      ]
                                    ]
                                  ]
                                }
                              ],
                              [
                                "object",
                                {
                                  "matchPatterns": [
                                    "tuple",
                                    [
                                      [
                                        "object",
                                        {}
                                      ]
                                    ]
                                  ]
                                }
                              ],
                              [
                                "object",
                                {
                                  "matchPatterns": [
                                    "tuple",
                                    [
                                      [
                                        "object",
                                        {}
                                      ]
                                    ]
                                  ]
                                }
                              ],
                              [
                                "object",
                                {
                                  "matchPatterns": [
                                    "tuple",
                                    [
                                      [
                                        "object",
                                        {}
                                      ]
                                    ]
                                  ]
                                }
                              ],
                              [
                                "object",
                                {
                                  "matchPatterns": [
                                    "tuple",
                                    [
                                      [
                                        "object",
                                        {}
                                      ]
                                    ]
                                  ]
                                }
                              ],
                              [
                                "object",
                                {
                                  "matchPatterns": [
                                    "tuple",
                                    [
                                      [
                                        "object",
                                        {}
                                      ]
                                    ]
                                  ]
                                }
                              ],
                              [
                                "object",
                                {
                                  "matchPatterns": [
                                    "tuple",
                                    [
                                      [
                                        "object",
                                        {}
                                      ]
                                    ]
                                  ]
                                }
                              ],
                              [
                                "object",
                                {
                                  "matchPatterns": [
                                    "tuple",
                                    [
                                      [
                                        "object",
                                        {}
                                      ]
                                    ]
                                  ]
                                }
                              ],
                              [
                                "object",
                                {
                                  "matchPatterns": [
                                    "tuple",
                                    [
                                      [
                                        "object",
                                        {}
                                      ]
                                    ]
                                  ]
                                }
                              ],
                              [
                                "object",
                                {
                                  "matchPatterns": [
                                    "tuple",
                                    [
                                      [
                                        "object",
                                        {}
                                      ]
                                    ]
                                  ]
                                }
                              ],
                              [
                                "object",
                                {
                                  "matchPatterns": [
                                    "tuple",
                                    [
                                      [
                                        "object",
                                        {}
                                      ]
                                    ]
                                  ]
                                }
                              ],
                              [
                                "object",
                                {
                                  "matchPatterns": [
                                    "tuple",
                                    [
                                      [
                                        "object",
                                        {}
                                      ]
                                    ]
                                  ]
                                }
                              ],
                              [
                                "object",
                                {
                                  "matchPatterns": [
                                    "tuple",
                                    [
                                      [
                                        "object",
                                        {}
                                      ]
                                    ]
                                  ]
                                }
                              ],
                              [
                                "object",
                                {
                                  "matchPatterns": [
                                    "tuple",
                                    [
                                      [
                                        "object",
                                        {}
                                      ],
                                      [
                                        "object",
                                        {}
                                      ],
                                      [
                                        "object",
                                        {}
                                      ]
                                    ]
                                  ]
                                }
                              ],
                              [
                                "object",
                                {
                                  "matchPatterns": [
                                    "tuple",
                                    [
                                      [
                                        "object",
                                        {}
                                      ],
                                      [
                                        "object",
                                        {}
                                      ],
                                      [
                                        "object",
                                        {}
                                      ]
                                    ]
                                  ]
                                }
                              ],
                              [
                                "object",
                                {
                                  "matchPatterns": [
                                    "tuple",
                                    [
                                      [
                                        "object",
                                        {}
                                      ]
                                    ]
                                  ]
                                }
                              ],
                              [
                                "object",
                                {
                                  "matchPatterns": [
                                    "tuple",
                                    [
                                      [
                                        "object",
                                        {}
                                      ]
                                    ]
                                  ]
                                }
                              ],
                              [
                                "object",
                                {
                                  "matchPatterns": [
                                    "tuple",
                                    [
                                      [
                                        "object",
                                        {}
                                      ]
                                    ]
                                  ]
                                }
                              ],
                              [
                                "object",
                                {
                                  "matchPatterns": [
                                    "tuple",
                                    [
                                      [
                                        "object",
                                        {}
                                      ]
                                    ]
                                  ]
                                }
                              ],
                              [
                                "object",
                                {
                                  "matchPatterns": [
                                    "tuple",
                                    [
                                      [
                                        "object",
                                        {}
                                      ]
                                    ]
                                  ]
                                }
                              ],
                              [
                                "object",
                                {
                                  "matchPatterns": [
                                    "tuple",
                                    [
                                      [
                                        "object",
                                        {}
                                      ]
                                    ]
                                  ]
                                }
                              ],
                              [
                                "object",
                                {
                                  "matchPatterns": [
                                    "tuple",
                                    [
                                      [
                                        "object",
                                        {}
                                      ]
                                    ]
                                  ]
                                }
                              ],
                              [
                                "object",
                                {
                                  "matchPatterns": [
                                    "tuple",
                                    [
                                      [
                                        "object",
                                        {}
                                      ]
                                    ]
                                  ]
                                }
                              ],
                              [
                                "object",
                                {
                                  "matchPatterns": [
                                    "tuple",
                                    [
                                      [
                                        "object",
                                        {}
                                      ]
                                    ]
                                  ]
                                }
                              ],
                              [
                                "object",
                                {
                                  "matchPatterns": [
                                    "tuple",
                                    [
                                      [
                                        "object",
                                        {}
                                      ]
                                    ]
                                  ]
                                }
                              ],
                              [
                                "object",
                                {
                                  "matchPatterns": [
                                    "tuple",
                                    [
                                      [
                                        "object",
                                        {}
                                      ]
                                    ]
                                  ]
                                }
                              ],
                              [
                                "object",
                                {
                                  "matchPatterns": [
                                    "tuple",
                                    [
                                      [
                                        "object",
                                        {}
                                      ]
                                    ]
                                  ]
                                }
                              ],
                              [
                                "object",
                                {
                                  "matchPatterns": [
                                    "tuple",
                                    [
                                      [
                                        "object",
                                        {}
                                      ]
                                    ]
                                  ]
                                }
                              ],
                              [
                                "object",
                                {
                                  "matchPatterns": [
                                    "tuple",
                                    [
                                      [
                                        "object",
                                        {}
                                      ]
                                    ]
                                  ]
                                }
                              ],
                              [
                                "object",
                                {
                                  "matchPatterns": [
                                    "tuple",
                                    [
                                      [
                                        "object",
                                        {}
                                      ]
                                    ]
                                  ]
                                }
                              ],
                              [
                                "object",
                                {
                                  "matchPatterns": [
                                    "tuple",
                                    [
                                      [
                                        "object",
                                        {}
                                      ]
                                    ]
                                  ]
                                }
                              ],
                              [
                                "object",
                                {
                                  "matchPatterns": [
                                    "tuple",
                                    [
                                      [
                                        "object",
                                        {}
                                      ]
                                    ]
                                  ]
                                }
                              ],
                              [
                                "object",
                                {
                                  "matchPatterns": [
                                    "tuple",
                                    [
                                      [
                                        "object",
                                        {}
                                      ],
                                      [
                                        "object",
                                        {}
                                      ],
                                      [
                                        "object",
                                        {}
                                      ]
                                    ]
                                  ]
                                }
                              ],
                              [
                                "object",
                                {
                                  "matchPatterns": [
                                    "tuple",
                                    [
                                      [
                                        "object",
                                        {}
                                      ]
                                    ]
                                  ]
                                }
                              ],
                              [
                                "object",
                                {
                                  "matchPatterns": [
                                    "tuple",
                                    [
                                      [
                                        "object",
                                        {}
                                      ]
                                    ]
                                  ]
                                }
                              ],
                              [
                                "object",
                                {
                                  "matchPatterns": [
                                    "tuple",
                                    [
                                      [
                                        "object",
                                        {}
                                      ]
                                    ]
                                  ]
                                }
                              ],
                              [
                                "object",
                                {
                                  "matchPatterns": [
                                    "tuple",
                                    [
                                      [
                                        "object",
                                        {}
                                      ]
                                    ]
                                  ]
                                }
                              ],
                              [
                                "object",
                                {
                                  "matchPatterns": [
                                    "tuple",
                                    [
                                      [
                                        "object",
                                        {}
                                      ],
                                      [
                                        "object",
                                        {}
                                      ]
                                    ]
                                  ]
                                }
                              ],
                              [
                                "object",
                                {
                                  "matchPatterns": [
                                    "tuple",
                                    [
                                      [
                                        "object",
                                        {}
                                      ]
                                    ]
                                  ]
                                }
                              ],
                              [
                                "object",
                                {
                                  "matchPatterns": [
                                    "tuple",
                                    [
                                      [
                                        "object",
                                        {}
                                      ],
                                      [
                                        "object",
                                        {}
                                      ],
                                      [
                                        "object",
                                        {}
                                      ],
                                      [
                                        "object",
                                        {}
                                      ],
                                      [
                                        "object",
                                        {}
                                      ],
                                      [
                                        "object",
                                        {}
                                      ],
                                      [
                                        "object",
                                        {}
                                      ],
                                      [
                                        "object",
                                        {}
                                      ],
                                      [
                                        "object",
                                        {}
                                      ],
                                      [
                                        "object",
                                        {}
                                      ],
                                      [
                                        "object",
                                        {}
                                      ],
                                      [
                                        "object",
                                        {}
                                      ],
                                      [
                                        "object",
                                        {}
                                      ],
                                      [
                                        "object",
                                        {}
                                      ],
                                      [
                                        "object",
                                        {}
                                      ],
                                      [
                                        "object",
                                        {}
                                      ]
                                    ]
                                  ]
                                }
                              ],
                              [
                                "object",
                                {
                                  "matchPatterns": [
                                    "tuple",
                                    [
                                      [
                                        "object",
                                        {}
                                      ],
                                      [
                                        "object",
                                        {}
                                      ],
                                      [
                                        "object",
                                        {}
                                      ],
                                      [
                                        "object",
                                        {}
                                      ],
                                      [
                                        "object",
                                        {}
                                      ],
                                      [
                                        "object",
                                        {}
                                      ],
                                      [
                                        "object",
                                        {}
                                      ],
                                      [
                                        "object",
                                        {}
                                      ],
                                      [
                                        "object",
                                        {}
                                      ],
                                      [
                                        "object",
                                        {}
                                      ],
                                      [
                                        "object",
                                        {}
                                      ],
                                      [
                                        "object",
                                        {}
                                      ],
                                      [
                                        "object",
                                        {}
                                      ],
                                      [
                                        "object",
                                        {}
                                      ],
                                      [
                                        "object",
                                        {}
                                      ],
                                      [
                                        "object",
                                        {}
                                      ],
                                      [
                                        "object",
                                        {}
                                      ],
                                      [
                                        "object",
                                        {}
                                      ],
                                      [
                                        "object",
                                        {}
                                      ],
                                      [
                                        "object",
                                        {}
                                      ],
                                      [
                                        "object",
                                        {}
                                      ],
                                      [
                                        "object",
                                        {}
                                      ],
                                      [
                                        "object",
                                        {}
                                      ],
                                      [
                                        "object",
                                        {}
                                      ],
                                      [
                                        "object",
                                        {}
                                      ]
                                    ]
                                  ]
                                }
                              ],
                              [
                                "object",
                                {
                                  "matchPatterns": [
                                    "tuple",
                                    [
                                      [
                                        "object",
                                        {}
                                      ],
                                      [
                                        "object",
                                        {}
                                      ],
                                      [
                                        "object",
                                        {}
                                      ],
                                      [
                                        "object",
                                        {}
                                      ],
                                      [
                                        "object",
                                        {}
                                      ],
                                      [
                                        "object",
                                        {}
                                      ],
                                      [
                                        "object",
                                        {}
                                      ],
                                      [
                                        "object",
                                        {}
                                      ],
                                      [
                                        "object",
                                        {}
                                      ],
                                      [
                                        "object",
                                        {}
                                      ]
                                    ]
                                  ]
                                }
                              ],
                              [
                                "object",
                                {
                                  "matchPatterns": [
                                    "tuple",
                                    [
                                      [
                                        "object",
                                        {}
                                      ],
                                      [
                                        "object",
                                        {}
                                      ],
                                      [
                                        "object",
                                        {}
                                      ],
                                      [
                                        "object",
                                        {}
                                      ],
                                      [
                                        "object",
                                        {}
                                      ],
                                      [
                                        "object",
                                        {}
                                      ],
                                      [
                                        "object",
                                        {}
                                      ],
                                      [
                                        "object",
                                        {}
                                      ],
                                      [
                                        "object",
                                        {}
                                      ],
                                      [
                                        "object",
                                        {}
                                      ],
                                      [
                                        "object",
                                        {}
                                      ],
                                      [
                                        "object",
                                        {}
                                      ],
                                      [
                                        "object",
                                        {}
                                      ],
                                      [
                                        "object",
                                        {}
                                      ],
                                      [
                                        "object",
                                        {}
                                      ],
                                      [
                                        "object",
                                        {}
                                      ],
                                      [
                                        "object",
                                        {}
                                      ],
                                      [
                                        "object",
                                        {}
                                      ],
                                      [
                                        "object",
                                        {}
                                      ],
                                      [
                                        "object",
                                        {}
                                      ],
                                      [
                                        "object",
                                        {}
                                      ],
                                      [
                                        "object",
                                        {}
                                      ],
                                      [
                                        "object",
                                        {}
                                      ],
                                      [
                                        "object",
                                        {}
                                      ],
                                      [
                                        "object",
                                        {}
                                      ]
                                    ]
                                  ]
                                }
                              ],
                              [
                                "object",
                                {
                                  "matchPatterns": [
                                    "tuple",
                                    [
                                      [
                                        "object",
                                        {}
                                      ]
                                    ]
                                  ]
                                }
                              ],
                              [
                                "object",
                                {
                                  "matchPatterns": [
                                    "tuple",
                                    [
                                      [
                                        "object",
                                        {}
                                      ]
                                    ]
                                  ]
                                }
                              ],
                              [
                                "object",
                                {
                                  "matchPatterns": [
                                    "tuple",
                                    [
                                      [
                                        "object",
                                        {}
                                      ],
                                      [
                                        "object",
                                        {}
                                      ],
                                      [
                                        "object",
                                        {}
                                      ],
                                      [
                                        "object",
                                        {}
                                      ]
                                    ]
                                  ]
                                }
                              ],
                              [
                                "object",
                                {
                                  "matchPatterns": [
                                    "tuple",
                                    [
                                      [
                                        "object",
                                        {}
                                      ],
                                      [
                                        "object",
                                        {}
                                      ],
                                      [
                                        "object",
                                        {}
                                      ]
                                    ]
                                  ]
                                }
                              ],
                              [
                                "object",
                                {
                                  "matchPatterns": [
                                    "tuple",
                                    [
                                      [
                                        "object",
                                        {}
                                      ]
                                    ]
                                  ]
                                }
                              ],
                              [
                                "object",
                                {
                                  "matchPatterns": [
                                    "tuple",
                                    [
                                      [
                                        "object",
                                        {}
                                      ]
                                    ]
                                  ]
                                }
                              ],
                              [
                                "object",
                                {
                                  "matchPatterns": [
                                    "tuple",
                                    [
                                      [
                                        "object",
                                        {}
                                      ]
                                    ]
                                  ]
                                }
                              ],
                              [
                                "object",
                                {
                                  "matchPatterns": [
                                    "tuple",
                                    [
                                      [
                                        "object",
                                        {}
                                      ]
                                    ]
                                  ]
                                }
                              ],
                              [
                                "object",
                                {
                                  "matchPatterns": [
                                    "tuple",
                                    [
                                      [
                                        "object",
                                        {}
                                      ]
                                    ]
                                  ]
                                }
                              ],
                              [
                                "object",
                                {
                                  "matchPatterns": [
                                    "tuple",
                                    [
                                      [
                                        "object",
                                        {}
                                      ]
                                    ]
                                  ]
                                }
                              ],
                              [
                                "object",
                                {
                                  "matchPatterns": [
                                    "tuple",
                                    [
                                      [
                                        "object",
                                        {}
                                      ]
                                    ]
                                  ]
                                }
                              ],
                              [
                                "object",
                                {
                                  "matchPatterns": [
                                    "tuple",
                                    [
                                      [
                                        "object",
                                        {}
                                      ]
                                    ]
                                  ]
                                }
                              ],
                              [
                                "object",
                                {
                                  "matchPatterns": [
                                    "tuple",
                                    [
                                      [
                                        "object",
                                        {}
                                      ]
                                    ]
                                  ]
                                }
                              ],
                              [
                                "object",
                                {
                                  "matchPatterns": [
                                    "tuple",
                                    [
                                      [
                                        "object",
                                        {}
                                      ]
                                    ]
                                  ]
                                }
                              ],
                              [
                                "object",
                                {
                                  "matchPatterns": [
                                    "tuple",
                                    [
                                      [
                                        "object",
                                        {}
                                      ]
                                    ]
                                  ]
                                }
                              ],
                              [
                                "object",
                                {
                                  "matchPatterns": [
                                    "tuple",
                                    [
                                      [
                                        "object",
                                        {}
                                      ]
                                    ]
                                  ]
                                }
                              ],
                              [
                                "object",
                                {
                                  "matchPatterns": [
                                    "tuple",
                                    [
                                      [
                                        "object",
                                        {}
                                      ]
                                    ]
                                  ]
                                }
                              ],
                              [
                                "object",
                                {
                                  "matchPatterns": [
                                    "tuple",
                                    [
                                      [
                                        "object",
                                        {}
                                      ]
                                    ]
                                  ]
                                }
                              ],
                              [
                                "object",
                                {
                                  "matchPatterns": [
                                    "tuple",
                                    [
                                      [
                                        "object",
                                        {}
                                      ]
                                    ]
                                  ]
                                }
                              ],
                              [
                                "object",
                                {
                                  "matchPatterns": [
                                    "tuple",
                                    [
                                      [
                                        "object",
                                        {}
                                      ]
                                    ]
                                  ]
                                }
                              ],
                              [
                                "object",
                                {
                                  "matchPatterns": [
                                    "tuple",
                                    [
                                      [
                                        "object",
                                        {}
                                      ]
                                    ]
                                  ]
                                }
                              ],
                              [
                                "object",
                                {
                                  "matchPatterns": [
                                    "tuple",
                                    [
                                      [
                                        "object",
                                        {}
                                      ]
                                    ]
                                  ]
                                }
                              ],
                              [
                                "object",
                                {
                                  "matchPatterns": [
                                    "tuple",
                                    [
                                      [
                                        "object",
                                        {}
                                      ]
                                    ]
                                  ]
                                }
                              ],
                              [
                                "object",
                                {
                                  "matchPatterns": [
                                    "tuple",
                                    [
                                      [
                                        "object",
                                        {}
                                      ]
                                    ]
                                  ]
                                }
                              ],
                              [
                                "object",
                                {
                                  "matchPatterns": [
                                    "tuple",
                                    [
                                      [
                                        "object",
                                        {}
                                      ]
                                    ]
                                  ]
                                }
                              ],
                              [
                                "object",
                                {
                                  "matchPatterns": [
                                    "tuple",
                                    [
                                      [
                                        "object",
                                        {}
                                      ]
                                    ]
                                  ]
                                }
                              ],
                              [
                                "object",
                                {
                                  "matchPatterns": [
                                    "tuple",
                                    [
                                      [
                                        "object",
                                        {}
                                      ]
                                    ]
                                  ]
                                }
                              ],
                              [
                                "object",
                                {
                                  "matchPatterns": [
                                    "tuple",
                                    [
                                      [
                                        "object",
                                        {}
                                      ]
                                    ]
                                  ]
                                }
                              ],
                              [
                                "object",
                                {
                                  "matchPatterns": [
                                    "tuple",
                                    [
                                      [
                                        "object",
                                        {}
                                      ]
                                    ]
                                  ]
                                }
                              ],
                              [
                                "object",
                                {
                                  "matchPatterns": [
                                    "tuple",
                                    [
                                      [
                                        "object",
                                        {}
                                      ]
                                    ]
                                  ]
                                }
                              ],
                              [
                                "object",
                                {
                                  "matchPatterns": [
                                    "tuple",
                                    [
                                      [
                                        "object",
                                        {}
                                      ]
                                    ]
                                  ]
                                }
                              ],
                              [
                                "object",
                                {
                                  "matchPatterns": [
                                    "tuple",
                                    [
                                      [
                                        "object",
                                        {}
                                      ]
                                    ]
                                  ]
                                }
                              ],
                              [
                                "object",
                                {
                                  "matchPatterns": [
                                    "tuple",
                                    [
                                      [
                                        "object",
                                        {}
                                      ],
                                      [
                                        "object",
                                        {}
                                      ],
                                      [
                                        "object",
                                        {}
                                      ]
                                    ]
                                  ]
                                }
                              ],
                              [
                                "object",
                                {
                                  "matchPatterns": [
                                    "tuple",
                                    [
                                      [
                                        "object",
                                        {}
                                      ],
                                      [
                                        "object",
                                        {}
                                      ],
                                      [
                                        "object",
                                        {}
                                      ],
                                      [
                                        "object",
                                        {}
                                      ],
                                      [
                                        "object",
                                        {}
                                      ],
                                      [
                                        "object",
                                        {}
                                      ],
                                      [
                                        "object",
                                        {}
                                      ]
                                    ]
                                  ]
                                }
                              ],
                              [
                                "object",
                                {
                                  "matchPatterns": [
                                    "tuple",
                                    [
                                      [
                                        "object",
                                        {}
                                      ],
                                      [
                                        "object",
                                        {}
                                      ]
                                    ]
                                  ]
                                }
                              ],
                              [
                                "object",
                                {
                                  "matchPatterns": [
                                    "tuple",
                                    [
                                      [
                                        "object",
                                        {}
                                      ],
                                      [
                                        "object",
                                        {}
                                      ],
                                      [
                                        "object",
                                        {}
                                      ],
                                      [
                                        "object",
                                        {}
                                      ],
                                      [
                                        "object",
                                        {}
                                      ],
                                      [
                                        "object",
                                        {}
                                      ],
                                      [
                                        "object",
                                        {}
                                      ],
                                      [
                                        "object",
                                        {}
                                      ]
                                    ]
                                  ]
                                }
                              ],
                              [
                                "object",
                                {
                                  "matchPatterns": [
                                    "tuple",
                                    [
                                      [
                                        "object",
                                        {}
                                      ],
                                      [
                                        "object",
                                        {}
                                      ],
                                      [
                                        "object",
                                        {}
                                      ],
                                      [
                                        "object",
                                        {}
                                      ]
                                    ]
                                  ]
                                }
                              ],
                              [
                                "object",
                                {
                                  "matchPatterns": [
                                    "tuple",
                                    [
                                      [
                                        "object",
                                        {}
                                      ],
                                      [
                                        "object",
                                        {}
                                      ],
                                      [
                                        "object",
                                        {}
                                      ],
                                      [
                                        "object",
                                        {}
                                      ],
                                      [
                                        "object",
                                        {}
                                      ],
                                      [
                                        "object",
                                        {}
                                      ],
                                      [
                                        "object",
                                        {}
                                      ],
                                      [
                                        "object",
                                        {}
                                      ],
                                      [
                                        "object",
                                        {}
                                      ],
                                      [
                                        "object",
                                        {}
                                      ],
                                      [
                                        "object",
                                        {}
                                      ]
                                    ]
                                  ]
                                }
                              ],
                              [
                                "object",
                                {
                                  "matchPatterns": [
                                    "tuple",
                                    [
                                      [
                                        "object",
                                        {}
                                      ]
                                    ]
                                  ]
                                }
                              ],
                              [
                                "object",
                                {
                                  "matchPatterns": [
                                    "tuple",
                                    [
                                      [
                                        "object",
                                        {}
                                      ],
                                      [
                                        "object",
                                        {}
                                      ]
                                    ]
                                  ]
                                }
                              ],
                              [
                                "object",
                                {
                                  "matchPatterns": [
                                    "tuple",
                                    [
                                      [
                                        "object",
                                        {}
                                      ],
                                      [
                                        "object",
                                        {}
                                      ]
                                    ]
                                  ]
                                }
                              ],
                              [
                                "object",
                                {
                                  "matchPatterns": [
                                    "tuple",
                                    [
                                      [
                                        "object",
                                        {}
                                      ]
                                    ]
                                  ]
                                }
                              ],
                              [
                                "object",
                                {
                                  "matchPatterns": [
                                    "tuple",
                                    [
                                      [
                                        "object",
                                        {}
                                      ]
                                    ]
                                  ]
                                }
                              ],
                              [
                                "object",
                                {
                                  "matchPatterns": [
                                    "tuple",
                                    [
                                      [
                                        "object",
                                        {}
                                      ]
                                    ]
                                  ]
                                }
                              ],
                              [
                                "object",
                                {
                                  "matchPatterns": [
                                    "tuple",
                                    [
                                      [
                                        "object",
                                        {}
                                      ],
                                      [
                                        "object",
                                        {}
                                      ]
                                    ]
                                  ]
                                }
                              ],
                              [
                                "object",
                                {
                                  "matchPatterns": [
                                    "tuple",
                                    [
                                      [
                                        "object",
                                        {}
                                      ],
                                      [
                                        "object",
                                        {}
                                      ],
                                      [
                                        "object",
                                        {}
                                      ],
                                      [
                                        "object",
                                        {}
                                      ],
                                      [
                                        "object",
                                        {}
                                      ],
                                      [
                                        "object",
                                        {}
                                      ]
                                    ]
                                  ]
                                }
                              ],
                              [
                                "object",
                                {
                                  "matchPatterns": [
                                    "tuple",
                                    [
                                      [
                                        "object",
                                        {}
                                      ],
                                      [
                                        "object",
                                        {}
                                      ]
                                    ]
                                  ]
                                }
                              ],
                              [
                                "object",
                                {
                                  "matchPatterns": [
                                    "tuple",
                                    [
                                      [
                                        "object",
                                        {}
                                      ],
                                      [
                                        "object",
                                        {}
                                      ]
                                    ]
                                  ]
                                }
                              ],
                              [
                                "object",
                                {
                                  "matchPatterns": [
                                    "tuple",
                                    [
                                      [
                                        "object",
                                        {}
                                      ],
                                      [
                                        "object",
                                        {}
                                      ]
                                    ]
                                  ]
                                }
                              ],
                              [
                                "object",
                                {
                                  "matchPatterns": [
                                    "tuple",
                                    [
                                      [
                                        "object",
                                        {}
                                      ],
                                      [
                                        "object",
                                        {}
                                      ]
                                    ]
                                  ]
                                }
                              ],
                              [
                                "object",
                                {
                                  "matchPatterns": [
                                    "tuple",
                                    [
                                      [
                                        "object",
                                        {}
                                      ]
                                    ]
                                  ]
                                }
                              ],
                              [
                                "object",
                                {
                                  "matchPatterns": [
                                    "tuple",
                                    [
                                      [
                                        "object",
                                        {}
                                      ]
                                    ]
                                  ]
                                }
                              ],
                              [
                                "object",
                                {
                                  "matchPatterns": [
                                    "tuple",
                                    [
                                      [
                                        "object",
                                        {}
                                      ]
                                    ]
                                  ]
                                }
                              ]
                            ]
                          ]
                        }
                      ],
                      "capabilities": [
                        "tuple",
                        [
                          [
                            "object",
                            {}
                          ],
                          [
                            "object",
                            {}
                          ],
                          [
                            "object",
                            {}
                          ],
                          [
                            "object",
                            {}
                          ],
                          [
                            "object",
                            {}
                          ],
                          [
                            "object",
                            {}
                          ],
                          [
                            "object",
                            {}
                          ],
                          [
                            "object",
                            {}
                          ],
                          [
                            "object",
                            {}
                          ],
                          [
                            "object",
                            {}
                          ],
                          [
                            "object",
                            {}
                          ],
                          [
                            "object",
                            {}
                          ],
                          [
                            "object",
                            {}
                          ]
                        ]
                      ],
                      "dateCreated": "string",
                      "endpoint": "string",
                      "endpoints": [
                        "object",
                        {
                          "AI Foundry API": "string",
                          "Azure AI Model Inference API": "string",
                          "Cohere AI API": "string",
                          "Computer Vision": "string",
                          "Container": "string",
                          "Content Safety": "string",
                          "Content Understanding": "string",
                          "Conversational Language Understanding Authoring": "string",
                          "ConversationalLURuntime": "string",
                          "Custom Question Answering": "string",
                          "Custom Question Answering Authoring": "string",
                          "Custom Text Authoring": "string",
                          "CustomTranslator": "string",
                          "DocumentTranslation": "string",
                          "FormRecognizer": "string",
                          "LUIS": "string",
                          "Language": "string",
                          "Mistral AI API": "string",
                          "OpenAI Dall-E API": "string",
                          "OpenAI Language Model Instance API": "string",
                          "OpenAI Model Scaleset API": "string",
                          "OpenAI Moderations API": "string",
                          "OpenAI Realtime API": "string",
                          "OpenAI Sora API": "string",
                          "OpenAI Whisper API": "string",
                          "QnAMaker": "string",
                          "QuestionAnswering": "string",
                          "Speech Services Audio Content Creation": "string",
                          "Speech Services Batch Avatar": "string",
                          "Speech Services Batch Text to Speech": "string",
                          "Speech Services Custom Avatar": "string",
                          "Speech Services Custom Voice": "string",
                          "Speech Services Custom Voice Trial": "string",
                          "Speech Services Speaker Identification": "string",
                          "Speech Services Speaker Verification": "string",
                          "Speech Services Speech to Text": "string",
                          "Speech Services Speech to Text (Standard)": "string",
                          "Speech Services Speech to Text 2024-05-15-preview": "string",
                          "Speech Services Speech to Text 2024-11-15": "string",
                          "Speech Services Speech to Text v3.2": "string",
                          "Speech Services Speech to Text v3.2_internal.1": "string",
                          "Speech Services TTS Player": "string",
                          "Speech Services Text to Speech (Neural)": "string",
                          "Text Analytics": "string",
                          "TextTranslation": "string",
                          "TextTranslation-Global": "string",
                          "Token": "string",
                          "Token Service API": "string",
                          "Turing": "string",
                          "Video Translation": "string",
                          "Voice Agent Realtime API": "string",
                          "Voice Live Realtime API": "string"
                        }
                      ],
                      "internalId": "string",
                      "isMigrated": "bool",
                      "networkInjections": [
                        "tuple",
                        [
                          [
                            "object",
                            {}
                          ]
                        ]
                      ],
                      "provisioningState": "string"
                    }
                  ],
                  "type": "string"
                }
              ]
            },
            "parent_id": "/subscriptions/0ec6c427-01d3-4462-ae56-fd9656157157/resourceGroups/rg-m365-agents",
            "read_headers": null,
            "read_query_parameters": null,
            "replace_triggers_external_values": null,
            "replace_triggers_refs": null,
            "response_export_values": null,
            "retry": null,
            "schema_validation_enabled": false,
            "sensitive_body": null,
            "sensitive_body_version": null,
            "tags": null,
            "timeouts": null,
            "type": "Microsoft.CognitiveServices/accounts@2025-06-01",
            "update_headers": null,
            "update_query_parameters": null
          },
          "sensitive_attributes": [],
          "identity_schema_version": 0,
          "private": "eyJzZW5zaXRpdmVfYm9keSI6ImV5Sm9ZWE5vSWpvaVpFTk9UMjFMTDI1VFdTc3hNblpJZW1GelRGaHBjM2Q2YkVkVU5WVklRVGRxUVVkWmEzWnRRM1ZSY3owaWZRPT0ifQ==",
          "dependencies": [
            "random_string.unique"
          ]
        }
      ]
    },
    {
      "mode": "managed",
      "type": "azapi_resource",
      "name": "ai_foundry_project",
      "provider": "provider[\"registry.terraform.io/azure/azapi\"].workload_subscription",
      "instances": [
        {
          "schema_version": 2,
          "attributes": {
            "body": {
              "value": {
                "identity": {
                  "type": "SystemAssigned"
                },
                "properties": {
                  "description": "A project for the AI Foundry account with network secured deployed Agent",
                  "displayName": "project"
                },
                "sku": {
                  "name": "S0"
                }
              },
              "type": [
                "object",
                {
                  "identity": [
                    "object",
                    {
                      "type": "string"
                    }
                  ],
                  "properties": [
                    "object",
                    {
                      "description": "string",
                      "displayName": "string"
                    }
                  ],
                  "sku": [
                    "object",
                    {
                      "name": "string"
                    }
                  ]
                }
              ]
            },
            "create_headers": null,
            "create_query_parameters": null,
            "delete_headers": null,
            "delete_query_parameters": null,
            "id": "/subscriptions/0ec6c427-01d3-4462-ae56-fd9656157157/resourceGroups/rg-m365-agents/providers/Microsoft.CognitiveServices/accounts/aifoundry7086/projects/project7086",
            "identity": [],
            "ignore_casing": false,
            "ignore_missing_property": true,
            "ignore_null_property": false,
            "location": "westus",
            "locks": null,
            "name": "project7086",
            "output": {
              "value": {
                "identity": {
                  "principalId": "8708cffd-df44-48cb-b1c4-28e8a997fc51"
                },
                "properties": {
                  "internalId": "1fdcc1560f5e47e6b2f1c49746c2697f"
                }
              },
              "type": [
                "object",
                {
                  "identity": [
                    "object",
                    {
                      "principalId": "string"
                    }
                  ],
                  "properties": [
                    "object",
                    {
                      "internalId": "string"
                    }
                  ]
                }
              ]
            },
            "parent_id": "/subscriptions/0ec6c427-01d3-4462-ae56-fd9656157157/resourceGroups/rg-m365-agents/providers/Microsoft.CognitiveServices/accounts/aifoundry7086",
            "read_headers": null,
            "read_query_parameters": null,
            "replace_triggers_external_values": null,
            "replace_triggers_refs": null,
            "response_export_values": {
              "value": [
                "identity.principalId",
                "properties.internalId"
              ],
              "type": [
                "tuple",
                [
                  "string",
                  "string"
                ]
              ]
            },
            "retry": null,
            "schema_validation_enabled": false,
            "sensitive_body": null,
            "sensitive_body_version": null,
            "tags": null,
            "timeouts": null,
            "type": "Microsoft.CognitiveServices/accounts/projects@2025-06-01",
            "update_headers": null,
            "update_query_parameters": null
          },
          "sensitive_attributes": [],
          "identity_schema_version": 0,
          "private": "eyJzZW5zaXRpdmVfYm9keSI6ImV5Sm9ZWE5vSWpvaVpFTk9UMjFMTDI1VFdTc3hNblpJZW1GelRGaHBjM2Q2YkVkVU5WVklRVGRxUVVkWmEzWnRRM1ZSY3owaWZRPT0ifQ==",
          "dependencies": [
            "azapi_resource.ai_foundry",
            "azapi_resource.ai_search",
            "azurerm_cosmosdb_account.cosmosdb",
            "azurerm_private_endpoint.pe_aifoundry",
            "azurerm_private_endpoint.pe_aisearch",
            "azurerm_private_endpoint.pe_cosmosdb",
            "azurerm_private_endpoint.pe_storage",
            "azurerm_storage_account.storage_account",
            "random_string.unique"
          ]
        }
      ]
    },
    {
      "mode": "managed",
      "type": "azapi_resource",
      "name": "ai_foundry_project_capability_host",
      "provider": "provider[\"registry.terraform.io/azure/azapi\"].workload_subscription",
      "instances": [
        {
          "schema_version": 2,
          "attributes": {
            "body": {
              "value": {
                "properties": {
                  "capabilityHostKind": "Agents",
                  "storageConnections": [
                    "aifoundry7086storage"
                  ],
                  "threadStorageConnections": [
                    "aifoundry7086cosmosdb"
                  ],
                  "vectorStoreConnections": [
                    "aifoundry7086search"
                  ]
                }
              },
              "type": [
                "object",
                {
                  "properties": [
                    "object",
                    {
                      "capabilityHostKind": "string",
                      "storageConnections": [
                        "tuple",
                        [
                          "string"
                        ]
                      ],
                      "threadStorageConnections": [
                        "tuple",
                        [
                          "string"
                        ]
                      ],
                      "vectorStoreConnections": [
                        "tuple",
                        [
                          "string"
                        ]
                      ]
                    }
                  ]
                }
              ]
            },
            "create_headers": null,
            "create_query_parameters": null,
            "delete_headers": null,
            "delete_query_parameters": null,
            "id": "/subscriptions/0ec6c427-01d3-4462-ae56-fd9656157157/resourceGroups/rg-m365-agents/providers/Microsoft.CognitiveServices/accounts/aifoundry7086/projects/project7086/capabilityHosts/caphostproj",
            "identity": [],
            "ignore_casing": false,
            "ignore_missing_property": true,
            "ignore_null_property": false,
            "location": null,
            "locks": null,
            "name": "caphostproj",
            "output": {
              "value": {
                "id": "/subscriptions/0ec6c427-01d3-4462-ae56-fd9656157157/resourceGroups/rg-m365-agents/providers/Microsoft.CognitiveServices/accounts/aifoundry7086/projects/project7086/capabilityHosts/caphostproj",
                "properties": {
                  "provisioningState": "Succeeded",
                  "storageConnections": [
                    "aifoundry7086storage"
                  ],
                  "threadStorageConnections": [
                    "aifoundry7086cosmosdb"
                  ],
                  "vectorStoreConnections": [
                    "aifoundry7086search"
                  ]
                },
                "type": "Microsoft.CognitiveServices/accounts/projects/capabilityHosts"
              },
              "type": [
                "object",
                {
                  "id": "string",
                  "properties": [
                    "object",
                    {
                      "provisioningState": "string",
                      "storageConnections": [
                        "tuple",
                        [
                          "string"
                        ]
                      ],
                      "threadStorageConnections": [
                        "tuple",
                        [
                          "string"
                        ]
                      ],
                      "vectorStoreConnections": [
                        "tuple",
                        [
                          "string"
                        ]
                      ]
                    }
                  ],
                  "type": "string"
                }
              ]
            },
            "parent_id": "/subscriptions/0ec6c427-01d3-4462-ae56-fd9656157157/resourceGroups/rg-m365-agents/providers/Microsoft.CognitiveServices/accounts/aifoundry7086/projects/project7086",
            "read_headers": null,
            "read_query_parameters": null,
            "replace_triggers_external_values": null,
            "replace_triggers_refs": null,
            "response_export_values": null,
            "retry": null,
            "schema_validation_enabled": false,
            "sensitive_body": null,
            "sensitive_body_version": null,
            "tags": null,
            "timeouts": null,
            "type": "Microsoft.CognitiveServices/accounts/projects/capabilityHosts@2025-04-01-preview",
            "update_headers": null,
            "update_query_parameters": null
          },
          "sensitive_attributes": [],
          "identity_schema_version": 0,
          "private": "eyJzZW5zaXRpdmVfYm9keSI6ImV5Sm9ZWE5vSWpvaVpFTk9UMjFMTDI1VFdTc3hNblpJZW1GelRGaHBjM2Q2YkVkVU5WVklRVGRxUVVkWmEzWnRRM1ZSY3owaWZRPT0ifQ==",
          "dependencies": [
            "azapi_resource.ai_foundry",
            "azapi_resource.ai_foundry_project",
            "azapi_resource.ai_search",
            "azapi_resource.conn_aisearch",
            "azapi_resource.conn_cosmosdb",
            "azapi_resource.conn_storage",
            "azurerm_cosmosdb_account.cosmosdb",
            "azurerm_private_endpoint.pe_aifoundry",
            "azurerm_private_endpoint.pe_aisearch",
            "azurerm_private_endpoint.pe_cosmosdb",
            "azurerm_private_endpoint.pe_storage",
            "azurerm_role_assignment.cosmosdb_operator_ai_foundry_project",
            "azurerm_role_assignment.search_index_data_contributor_ai_foundry_project",
            "azurerm_role_assignment.search_service_contributor_ai_foundry_project",
            "azurerm_role_assignment.storage_blob_data_contributor_ai_foundry_project",
            "azurerm_storage_account.storage_account",
            "random_string.unique",
            "time_sleep.wait_project_identities",
            "time_sleep.wait_rbac"
          ]
        }
      ]
    },
    {
      "mode": "managed",
      "type": "azapi_resource",
      "name": "ai_search",
      "provider": "provider[\"registry.terraform.io/azure/azapi\"].workload_subscription",
      "instances": [
        {
          "schema_version": 2,
          "attributes": {
            "body": {
              "value": {
                "identity": {
                  "type": "SystemAssigned"
                },
                "properties": {
                  "authOptions": {
                    "aadOrApiKey": {
                      "aadAuthFailureMode": "http401WithBearerChallenge"
                    }
                  },
                  "disableLocalAuth": false,
                  "hostingMode": "default",
                  "networkRuleSet": {
                    "bypass": "None"
                  },
                  "partitionCount": 1,
                  "publicNetworkAccess": "Disabled",
                  "replicaCount": 1,
                  "semanticSearch": "disabled"
                },
                "sku": {
                  "name": "standard"
                }
              },
              "type": [
                "object",
                {
                  "identity": [
                    "object",
                    {
                      "type": "string"
                    }
                  ],
                  "properties": [
                    "object",
                    {
                      "authOptions": [
                        "object",
                        {
                          "aadOrApiKey": [
                            "object",
                            {
                              "aadAuthFailureMode": "string"
                            }
                          ]
                        }
                      ],
                      "disableLocalAuth": "bool",
                      "hostingMode": "string",
                      "networkRuleSet": [
                        "object",
                        {
                          "bypass": "string"
                        }
                      ],
                      "partitionCount": "number",
                      "publicNetworkAccess": "string",
                      "replicaCount": "number",
                      "semanticSearch": "string"
                    }
                  ],
                  "sku": [
                    "object",
                    {
                      "name": "string"
                    }
                  ]
                }
              ]
            },
            "create_headers": null,
            "create_query_parameters": null,
            "delete_headers": null,
            "delete_query_parameters": null,
            "id": "/subscriptions/0ec6c427-01d3-4462-ae56-fd9656157157/resourceGroups/rg-m365-agents/providers/Microsoft.Search/searchServices/aifoundry7086search",
            "identity": [],
            "ignore_casing": false,
            "ignore_missing_property": true,
            "ignore_null_property": false,
            "location": "westus",
            "locks": null,
            "name": "aifoundry7086search",
            "output": {
              "value": {
                "id": "/subscriptions/0ec6c427-01d3-4462-ae56-fd9656157157/resourceGroups/rg-m365-agents/providers/Microsoft.Search/searchServices/aifoundry7086search",
                "identity": {
                  "principalId": "d0ec7b3d-0ea0-4172-b303-f95f898c5ab2",
                  "tenantId": "66beb9f0-9df6-4ded-8e48-126b39813500"
                },
                "properties": {
                  "encryptionWithCmk": {
                    "encryptionComplianceStatus": "Compliant"
                  },
                  "provisioningState": "succeeded",
                  "status": "running",
                  "statusDetails": ""
                },
                "type": "Microsoft.Search/searchServices"
              },
              "type": [
                "object",
                {
                  "id": "string",
                  "identity": [
                    "object",
                    {
                      "principalId": "string",
                      "tenantId": "string"
                    }
                  ],
                  "properties": [
                    "object",
                    {
                      "encryptionWithCmk": [
                        "object",
                        {
                          "encryptionComplianceStatus": "string"
                        }
                      ],
                      "provisioningState": "string",
                      "status": "string",
                      "statusDetails": "string"
                    }
                  ],
                  "type": "string"
                }
              ]
            },
            "parent_id": "/subscriptions/0ec6c427-01d3-4462-ae56-fd9656157157/resourceGroups/rg-m365-agents",
            "read_headers": null,
            "read_query_parameters": null,
            "replace_triggers_external_values": null,
            "replace_triggers_refs": null,
            "response_export_values": null,
            "retry": null,
            "schema_validation_enabled": true,
            "sensitive_body": null,
            "sensitive_body_version": null,
            "tags": null,
            "timeouts": null,
            "type": "Microsoft.Search/searchServices@2025-05-01",
            "update_headers": null,
            "update_query_parameters": null
          },
          "sensitive_attributes": [],
          "identity_schema_version": 0,
          "private": "eyJzZW5zaXRpdmVfYm9keSI6ImV5Sm9ZWE5vSWpvaVpFTk9UMjFMTDI1VFdTc3hNblpJZW1GelRGaHBjM2Q2YkVkVU5WVklRVGRxUVVkWmEzWnRRM1ZSY3owaWZRPT0ifQ==",
          "dependencies": [
            "random_string.unique"
          ]
        }
      ]
    },
    {
      "mode": "managed",
      "type": "azapi_resource",
      "name": "conn_aisearch",
      "provider": "provider[\"registry.terraform.io/azure/azapi\"].workload_subscription",
      "instances": [
        {
          "schema_version": 2,
          "attributes": {
            "body": {
              "value": {
                "name": "aifoundry7086search",
                "properties": {
                  "authType": "AAD",
                  "category": "CognitiveSearch",
                  "metadata": {
                    "ApiType": "Azure",
                    "ApiVersion": "2025-05-01-preview",
                    "ResourceId": "/subscriptions/0ec6c427-01d3-4462-ae56-fd9656157157/resourceGroups/rg-m365-agents/providers/Microsoft.Search/searchServices/aifoundry7086search",
                    "location": "westus"
                  },
                  "target": "https://aifoundry7086search.search.windows.net"
                }
              },
              "type": [
                "object",
                {
                  "name": "string",
                  "properties": [
                    "object",
                    {
                      "authType": "string",
                      "category": "string",
                      "metadata": [
                        "object",
                        {
                          "ApiType": "string",
                          "ApiVersion": "string",
                          "ResourceId": "string",
                          "location": "string"
                        }
                      ],
                      "target": "string"
                    }
                  ]
                }
              ]
            },
            "create_headers": null,
            "create_query_parameters": null,
            "delete_headers": null,
            "delete_query_parameters": null,
            "id": "/subscriptions/0ec6c427-01d3-4462-ae56-fd9656157157/resourceGroups/rg-m365-agents/providers/Microsoft.CognitiveServices/accounts/aifoundry7086/projects/project7086/connections/aifoundry7086search",
            "identity": [],
            "ignore_casing": false,
            "ignore_missing_property": true,
            "ignore_null_property": false,
            "location": null,
            "locks": null,
            "name": "aifoundry7086search",
            "output": {
              "value": {},
              "type": [
                "object",
                {}
              ]
            },
            "parent_id": "/subscriptions/0ec6c427-01d3-4462-ae56-fd9656157157/resourceGroups/rg-m365-agents/providers/Microsoft.CognitiveServices/accounts/aifoundry7086/projects/project7086",
            "read_headers": null,
            "read_query_parameters": null,
            "replace_triggers_external_values": null,
            "replace_triggers_refs": null,
            "response_export_values": {
              "value": [
                "identity.principalId"
              ],
              "type": [
                "tuple",
                [
                  "string"
                ]
              ]
            },
            "retry": null,
            "schema_validation_enabled": false,
            "sensitive_body": null,
            "sensitive_body_version": null,
            "tags": null,
            "timeouts": null,
            "type": "Microsoft.CognitiveServices/accounts/projects/connections@2025-06-01",
            "update_headers": null,
            "update_query_parameters": null
          },
          "sensitive_attributes": [],
          "identity_schema_version": 0,
          "private": "eyJzZW5zaXRpdmVfYm9keSI6ImV5Sm9ZWE5vSWpvaVpFTk9UMjFMTDI1VFdTc3hNblpJZW1GelRGaHBjM2Q2YkVkVU5WVklRVGRxUVVkWmEzWnRRM1ZSY3owaWZRPT0ifQ==",
          "dependencies": [
            "azapi_resource.ai_foundry",
            "azapi_resource.ai_foundry_project",
            "azapi_resource.ai_search",
            "azurerm_cosmosdb_account.cosmosdb",
            "azurerm_private_endpoint.pe_aifoundry",
            "azurerm_private_endpoint.pe_aisearch",
            "azurerm_private_endpoint.pe_cosmosdb",
            "azurerm_private_endpoint.pe_storage",
            "azurerm_storage_account.storage_account",
            "random_string.unique"
          ]
        }
      ]
    },
    {
      "mode": "managed",
      "type": "azapi_resource",
      "name": "conn_cosmosdb",
      "provider": "provider[\"registry.terraform.io/azure/azapi\"].workload_subscription",
      "instances": [
        {
          "schema_version": 2,
          "attributes": {
            "body": {
              "value": {
                "name": "aifoundry7086cosmosdb",
                "properties": {
                  "authType": "AAD",
                  "category": "CosmosDb",
                  "metadata": {
                    "ApiType": "Azure",
                    "ResourceId": "/subscriptions/0ec6c427-01d3-4462-ae56-fd9656157157/resourceGroups/rg-m365-agents/providers/Microsoft.DocumentDB/databaseAccounts/aifoundry7086cosmosdb",
                    "location": "westus"
                  },
                  "target": "https://aifoundry7086cosmosdb.documents.azure.com:443/"
                }
              },
              "type": [
                "object",
                {
                  "name": "string",
                  "properties": [
                    "object",
                    {
                      "authType": "string",
                      "category": "string",
                      "metadata": [
                        "object",
                        {
                          "ApiType": "string",
                          "ResourceId": "string",
                          "location": "string"
                        }
                      ],
                      "target": "string"
                    }
                  ]
                }
              ]
            },
            "create_headers": null,
            "create_query_parameters": null,
            "delete_headers": null,
            "delete_query_parameters": null,
            "id": "/subscriptions/0ec6c427-01d3-4462-ae56-fd9656157157/resourceGroups/rg-m365-agents/providers/Microsoft.CognitiveServices/accounts/aifoundry7086/projects/project7086/connections/aifoundry7086cosmosdb",
            "identity": [],
            "ignore_casing": false,
            "ignore_missing_property": true,
            "ignore_null_property": false,
            "location": null,
            "locks": null,
            "name": "aifoundry7086cosmosdb",
            "output": {
              "value": {
                "id": "/subscriptions/0ec6c427-01d3-4462-ae56-fd9656157157/resourceGroups/rg-m365-agents/providers/Microsoft.CognitiveServices/accounts/aifoundry7086/projects/project7086/connections/aifoundry7086cosmosdb",
                "properties": {
                  "category": "CosmosDb",
                  "error": null,
                  "expiryTime": null,
                  "group": "Azure",
                  "isSharedToAll": false,
                  "metadata": {
                    "ApiType": "Azure",
                    "ResourceId": "/subscriptions/0ec6c427-01d3-4462-ae56-fd9656157157/resourceGroups/rg-m365-agents/providers/Microsoft.DocumentDB/databaseAccounts/aifoundry7086cosmosdb",
                    "location": "westus"
                  },
                  "peRequirement": "NotRequired",
                  "peStatus": "NotApplicable",
                  "sharedUserList": [],
                  "target": "https://aifoundry7086cosmosdb.documents.azure.com:443/",
                  "useWorkspaceManagedIdentity": false
                },
                "type": "Microsoft.CognitiveServices/accounts/projects/connections"
              },
              "type": [
                "object",
                {
                  "id": "string",
                  "properties": [
                    "object",
                    {
                      "category": "string",
                      "error": "dynamic",
                      "expiryTime": "dynamic",
                      "group": "string",
                      "isSharedToAll": "bool",
                      "metadata": [
                        "object",
                        {
                          "ApiType": "string",
                          "ResourceId": "string",
                          "location": "string"
                        }
                      ],
                      "peRequirement": "string",
                      "peStatus": "string",
                      "sharedUserList": [
                        "tuple",
                        []
                      ],
                      "target": "string",
                      "useWorkspaceManagedIdentity": "bool"
                    }
                  ],
                  "type": "string"
                }
              ]
            },
            "parent_id": "/subscriptions/0ec6c427-01d3-4462-ae56-fd9656157157/resourceGroups/rg-m365-agents/providers/Microsoft.CognitiveServices/accounts/aifoundry7086/projects/project7086",
            "read_headers": null,
            "read_query_parameters": null,
            "replace_triggers_external_values": null,
            "replace_triggers_refs": null,
            "response_export_values": null,
            "retry": null,
            "schema_validation_enabled": false,
            "sensitive_body": null,
            "sensitive_body_version": null,
            "tags": null,
            "timeouts": null,
            "type": "Microsoft.CognitiveServices/accounts/projects/connections@2025-06-01",
            "update_headers": null,
            "update_query_parameters": null
          },
          "sensitive_attributes": [],
          "identity_schema_version": 0,
          "private": "eyJzZW5zaXRpdmVfYm9keSI6ImV5Sm9ZWE5vSWpvaVpFTk9UMjFMTDI1VFdTc3hNblpJZW1GelRGaHBjM2Q2YkVkVU5WVklRVGRxUVVkWmEzWnRRM1ZSY3owaWZRPT0ifQ==",
          "dependencies": [
            "azapi_resource.ai_foundry",
            "azapi_resource.ai_foundry_project",
            "azapi_resource.ai_search",
            "azurerm_cosmosdb_account.cosmosdb",
            "azurerm_private_endpoint.pe_aifoundry",
            "azurerm_private_endpoint.pe_aisearch",
            "azurerm_private_endpoint.pe_cosmosdb",
            "azurerm_private_endpoint.pe_storage",
            "azurerm_storage_account.storage_account",
            "random_string.unique"
          ]
        }
      ]
    },
    {
      "mode": "managed",
      "type": "azapi_resource",
      "name": "conn_storage",
      "provider": "provider[\"registry.terraform.io/azure/azapi\"].workload_subscription",
      "instances": [
        {
          "schema_version": 2,
          "attributes": {
            "body": {
              "value": {
                "name": "aifoundry7086storage",
                "properties": {
                  "authType": "AAD",
                  "category": "AzureStorageAccount",
                  "metadata": {
                    "ApiType": "Azure",
                    "ResourceId": "/subscriptions/0ec6c427-01d3-4462-ae56-fd9656157157/resourceGroups/rg-m365-agents/providers/Microsoft.Storage/storageAccounts/aifoundry7086storage",
                    "location": "westus"
                  },
                  "target": "https://aifoundry7086storage.blob.core.windows.net/"
                }
              },
              "type": [
                "object",
                {
                  "name": "string",
                  "properties": [
                    "object",
                    {
                      "authType": "string",
                      "category": "string",
                      "metadata": [
                        "object",
                        {
                          "ApiType": "string",
                          "ResourceId": "string",
                          "location": "string"
                        }
                      ],
                      "target": "string"
                    }
                  ]
                }
              ]
            },
            "create_headers": null,
            "create_query_parameters": null,
            "delete_headers": null,
            "delete_query_parameters": null,
            "id": "/subscriptions/0ec6c427-01d3-4462-ae56-fd9656157157/resourceGroups/rg-m365-agents/providers/Microsoft.CognitiveServices/accounts/aifoundry7086/projects/project7086/connections/aifoundry7086storage",
            "identity": [],
            "ignore_casing": false,
            "ignore_missing_property": true,
            "ignore_null_property": false,
            "location": null,
            "locks": null,
            "name": "aifoundry7086storage",
            "output": {
              "value": {},
              "type": [
                "object",
                {}
              ]
            },
            "parent_id": "/subscriptions/0ec6c427-01d3-4462-ae56-fd9656157157/resourceGroups/rg-m365-agents/providers/Microsoft.CognitiveServices/accounts/aifoundry7086/projects/project7086",
            "read_headers": null,
            "read_query_parameters": null,
            "replace_triggers_external_values": null,
            "replace_triggers_refs": null,
            "response_export_values": {
              "value": [
                "identity.principalId"
              ],
              "type": [
                "tuple",
                [
                  "string"
                ]
              ]
            },
            "retry": null,
            "schema_validation_enabled": false,
            "sensitive_body": null,
            "sensitive_body_version": null,
            "tags": null,
            "timeouts": null,
            "type": "Microsoft.CognitiveServices/accounts/projects/connections@2025-06-01",
            "update_headers": null,
            "update_query_parameters": null
          },
          "sensitive_attributes": [],
          "identity_schema_version": 0,
          "private": "eyJzZW5zaXRpdmVfYm9keSI6ImV5Sm9ZWE5vSWpvaVpFTk9UMjFMTDI1VFdTc3hNblpJZW1GelRGaHBjM2Q2YkVkVU5WVklRVGRxUVVkWmEzWnRRM1ZSY3owaWZRPT0ifQ==",
          "dependencies": [
            "azapi_resource.ai_foundry",
            "azapi_resource.ai_foundry_project",
            "azapi_resource.ai_search",
            "azurerm_cosmosdb_account.cosmosdb",
            "azurerm_private_endpoint.pe_aifoundry",
            "azurerm_private_endpoint.pe_aisearch",
            "azurerm_private_endpoint.pe_cosmosdb",
            "azurerm_private_endpoint.pe_storage",
            "azurerm_storage_account.storage_account",
            "random_string.unique"
          ]
        }
      ]
    },
    {
      "mode": "managed",
      "type": "azurerm_cognitive_deployment",
      "name": "aifoundry_deployment_gpt_4o",
      "provider": "provider[\"registry.terraform.io/hashicorp/azurerm\"].workload_subscription",
      "instances": [
        {
          "schema_version": 0,
          "attributes": {
            "cognitive_account_id": "/subscriptions/0ec6c427-01d3-4462-ae56-fd9656157157/resourceGroups/rg-m365-agents/providers/Microsoft.CognitiveServices/accounts/aifoundry7086",
            "dynamic_throttling_enabled": false,
            "id": "/subscriptions/0ec6c427-01d3-4462-ae56-fd9656157157/resourceGroups/rg-m365-agents/providers/Microsoft.CognitiveServices/accounts/aifoundry7086/deployments/gpt-4o",
            "model": [
              {
                "format": "OpenAI",
                "name": "gpt-4o",
                "version": "2024-11-20"
              }
            ],
            "name": "gpt-4o",
            "rai_policy_name": "",
            "sku": [
              {
                "capacity": 1,
                "family": "",
                "name": "GlobalStandard",
                "size": "",
                "tier": ""
              }
            ],
            "timeouts": null,
            "version_upgrade_option": "OnceNewDefaultVersionAvailable"
          },
          "sensitive_attributes": [],
          "identity_schema_version": 0,
          "private": "eyJlMmJmYjczMC1lY2FhLTExZTYtOGY4OC0zNDM2M2JjN2M0YzAiOnsiY3JlYXRlIjoxODAwMDAwMDAwMDAwLCJkZWxldGUiOjE4MDAwMDAwMDAwMDAsInJlYWQiOjMwMDAwMDAwMDAwMCwidXBkYXRlIjoxODAwMDAwMDAwMDAwfX0=",
          "dependencies": [
            "azapi_resource.ai_foundry",
            "random_string.unique"
          ]
        }
      ]
    },
    {
      "mode": "managed",
      "type": "azurerm_cosmosdb_account",
      "name": "cosmosdb",
      "provider": "provider[\"registry.terraform.io/hashicorp/azurerm\"].workload_subscription",
      "instances": [
        {
          "schema_version": 1,
          "attributes": {
            "access_key_metadata_writes_enabled": true,
            "analytical_storage": [
              {
                "schema_type": "WellDefined"
              }
            ],
            "analytical_storage_enabled": false,
            "automatic_failover_enabled": false,
            "backup": [
              {
                "interval_in_minutes": 240,
                "retention_in_hours": 8,
                "storage_redundancy": "Geo",
                "tier": "",
                "type": "Periodic"
              }
            ],
            "burst_capacity_enabled": false,
            "capabilities": [],
            "capacity": [],
            "consistency_policy": [
              {
                "consistency_level": "Session",
                "max_interval_in_seconds": 5,
                "max_staleness_prefix": 100
              }
            ],
            "cors_rule": [],
            "create_mode": "",
            "default_identity_type": "FirstPartyIdentity",
            "endpoint": "https://aifoundry7086cosmosdb.documents.azure.com:443/",
            "free_tier_enabled": false,
            "geo_location": [
              {
                "failover_priority": 0,
                "id": "aifoundry7086cosmosdb-westus",
                "location": "westus",
                "zone_redundant": false
              }
            ],
            "id": "/subscriptions/0ec6c427-01d3-4462-ae56-fd9656157157/resourceGroups/rg-m365-agents/providers/Microsoft.DocumentDB/databaseAccounts/aifoundry7086cosmosdb",
            "identity": [],
            "ip_range_filter": [],
            "is_virtual_network_filter_enabled": false,
            "key_vault_key_id": null,
            "kind": "GlobalDocumentDB",
            "local_authentication_disabled": true,
            "location": "westus",
            "managed_hsm_key_id": null,
            "minimal_tls_version": "Tls12",
            "mongo_server_version": null,
            "multiple_write_locations_enabled": false,
            "name": "aifoundry7086cosmosdb",
            "network_acl_bypass_for_azure_services": false,
            "network_acl_bypass_ids": [],
            "offer_type": "Standard",
            "partition_merge_enabled": false,
            "primary_key": "ibH12f7bYMs0idzFS84o6LSUDXw0Jln4flEFspvRYQh0AotnItvzbFITdnPhSiYTf5CurqfZ9uL6ACDbs2mCbw==",
            "primary_mongodb_connection_string": null,
            "primary_readonly_key": "vM1mhNg2O5vYzIXhmbjMaRZtQBMzv0Gl9GpoQerleYe8eMVPHJeSvXmQWc0jq38ZswcWCZcJsWE5ACDb6ijefQ==",
            "primary_readonly_mongodb_connection_string": null,
            "primary_readonly_sql_connection_string": "AccountEndpoint=https://aifoundry7086cosmosdb.documents.azure.com:443/;AccountKey=vM1mhNg2O5vYzIXhmbjMaRZtQBMzv0Gl9GpoQerleYe8eMVPHJeSvXmQWc0jq38ZswcWCZcJsWE5ACDb6ijefQ==;",
            "primary_sql_connection_string": "AccountEndpoint=https://aifoundry7086cosmosdb.documents.azure.com:443/;AccountKey=ibH12f7bYMs0idzFS84o6LSUDXw0Jln4flEFspvRYQh0AotnItvzbFITdnPhSiYTf5CurqfZ9uL6ACDbs2mCbw==;",
            "public_network_access_enabled": false,
            "read_endpoints": [
              "https://aifoundry7086cosmosdb-westus.documents.azure.com:443/"
            ],
            "resource_group_name": "rg-m365-agents",
            "restore": [],
            "secondary_key": "9Xztwm2s8quBXV5EAxu6K8UvqDeUhjW2QaQlz8YXeTR5RG6Jx3okyxbzRiXbMWGFopuqd6lnAY58ACDbv6F6qg==",
            "secondary_mongodb_connection_string": null,
            "secondary_readonly_key": "A0dh7gpwwnVNjpZCw7fU759zyRfXzhh6Vw2TTdZtDKPJCyjEpT8XVGMzuN7ZrtM60lc7E6pkJLqVACDbugwZ6A==",
            "secondary_readonly_mongodb_connection_string": null,
            "secondary_readonly_sql_connection_string": "AccountEndpoint=https://aifoundry7086cosmosdb.documents.azure.com:443/;AccountKey=A0dh7gpwwnVNjpZCw7fU759zyRfXzhh6Vw2TTdZtDKPJCyjEpT8XVGMzuN7ZrtM60lc7E6pkJLqVACDbugwZ6A==;",
            "secondary_sql_connection_string": "AccountEndpoint=https://aifoundry7086cosmosdb.documents.azure.com:443/;AccountKey=9Xztwm2s8quBXV5EAxu6K8UvqDeUhjW2QaQlz8YXeTR5RG6Jx3okyxbzRiXbMWGFopuqd6lnAY58ACDbv6F6qg==;",
            "tags": {},
            "timeouts": null,
            "virtual_network_rule": [],
            "write_endpoints": [
              "https://aifoundry7086cosmosdb-westus.documents.azure.com:443/"
            ]
          },
          "sensitive_attributes": [
            [
              {
                "type": "get_attr",
                "value": "primary_key"
              }
            ],
            [
              {
                "type": "get_attr",
                "value": "primary_mongodb_connection_string"
              }
            ],
            [
              {
                "type": "get_attr",
                "value": "primary_readonly_key"
              }
            ],
            [
              {
                "type": "get_attr",
                "value": "primary_readonly_mongodb_connection_string"
              }
            ],
            [
              {
                "type": "get_attr",
                "value": "primary_readonly_sql_connection_string"
              }
            ],
            [
              {
                "type": "get_attr",
                "value": "primary_sql_connection_string"
              }
            ],
            [
              {
                "type": "get_attr",
                "value": "secondary_key"
              }
            ],
            [
              {
                "type": "get_attr",
                "value": "secondary_mongodb_connection_string"
              }
            ],
            [
              {
                "type": "get_attr",
                "value": "secondary_readonly_key"
              }
            ],
            [
              {
                "type": "get_attr",
                "value": "secondary_readonly_mongodb_connection_string"
              }
            ],
            [
              {
                "type": "get_attr",
                "value": "secondary_readonly_sql_connection_string"
              }
            ],
            [
              {
                "type": "get_attr",
                "value": "secondary_sql_connection_string"
              }
            ]
          ],
          "identity_schema_version": 0,
          "private": "eyJlMmJmYjczMC1lY2FhLTExZTYtOGY4OC0zNDM2M2JjN2M0YzAiOnsiY3JlYXRlIjoxMDgwMDAwMDAwMDAwMCwiZGVsZXRlIjoxMDgwMDAwMDAwMDAwMCwicmVhZCI6MzAwMDAwMDAwMDAwLCJ1cGRhdGUiOjEwODAwMDAwMDAwMDAwfSwic2NoZW1hX3ZlcnNpb24iOiIxIn0=",
          "dependencies": [
            "random_string.unique"
          ]
        }
      ]
    },
    {
      "mode": "managed",
      "type": "azurerm_cosmosdb_sql_role_assignment",
      "name": "cosmosdb_db_sql_role_aifp_entity_store_name",
      "provider": "provider[\"registry.terraform.io/hashicorp/azurerm\"].workload_subscription",
      "instances": [
        {
          "schema_version": 0,
          "attributes": {
            "account_name": "aifoundry7086cosmosdb",
            "id": "/subscriptions/0ec6c427-01d3-4462-ae56-fd9656157157/resourceGroups/rg-m365-agents/providers/Microsoft.DocumentDB/databaseAccounts/aifoundry7086cosmosdb/sqlRoleAssignments/e0a42995-7398-539d-aad8-802aa8f0ebf6",
            "name": "e0a42995-7398-539d-aad8-802aa8f0ebf6",
            "principal_id": "8708cffd-df44-48cb-b1c4-28e8a997fc51",
            "resource_group_name": "rg-m365-agents",
            "role_definition_id": "/subscriptions/0ec6c427-01d3-4462-ae56-fd9656157157/resourceGroups/rg-m365-agents/providers/Microsoft.DocumentDB/databaseAccounts/aifoundry7086cosmosdb/sqlRoleDefinitions/00000000-0000-0000-0000-000000000002",
            "scope": "/subscriptions/0ec6c427-01d3-4462-ae56-fd9656157157/resourceGroups/rg-m365-agents/providers/Microsoft.DocumentDB/databaseAccounts/aifoundry7086cosmosdb/dbs/enterprise_memory/colls/1fdcc156-0f5e-47e6-b2f1-c49746c2697f-agent-entity-store",
            "timeouts": null
          },
          "sensitive_attributes": [],
          "identity_schema_version": 0,
          "private": "eyJlMmJmYjczMC1lY2FhLTExZTYtOGY4OC0zNDM2M2JjN2M0YzAiOnsiY3JlYXRlIjoxODAwMDAwMDAwMDAwLCJkZWxldGUiOjE4MDAwMDAwMDAwMDAsInJlYWQiOjMwMDAwMDAwMDAwMCwidXBkYXRlIjoxODAwMDAwMDAwMDAwfX0=",
          "dependencies": [
            "azapi_resource.ai_foundry",
            "azapi_resource.ai_foundry_project",
            "azapi_resource.ai_foundry_project_capability_host",
            "azapi_resource.ai_search",
            "azapi_resource.conn_aisearch",
            "azapi_resource.conn_cosmosdb",
            "azapi_resource.conn_storage",
            "azurerm_cosmosdb_account.cosmosdb",
            "azurerm_cosmosdb_sql_role_assignment.cosmosdb_db_sql_role_aifp_system_thread_name",
            "azurerm_cosmosdb_sql_role_assignment.cosmosdb_db_sql_role_aifp_user_thread_message_store",
            "azurerm_private_endpoint.pe_aifoundry",
            "azurerm_private_endpoint.pe_aisearch",
            "azurerm_private_endpoint.pe_cosmosdb",
            "azurerm_private_endpoint.pe_storage",
            "azurerm_role_assignment.cosmosdb_operator_ai_foundry_project",
            "azurerm_role_assignment.search_index_data_contributor_ai_foundry_project",
            "azurerm_role_assignment.search_service_contributor_ai_foundry_project",
            "azurerm_role_assignment.storage_blob_data_contributor_ai_foundry_project",
            "azurerm_storage_account.storage_account",
            "random_string.unique",
            "time_sleep.wait_project_identities",
            "time_sleep.wait_rbac"
          ]
        }
      ]
    },
    {
      "mode": "managed",
      "type": "azurerm_cosmosdb_sql_role_assignment",
      "name": "cosmosdb_db_sql_role_aifp_system_thread_name",
      "provider": "provider[\"registry.terraform.io/hashicorp/azurerm\"].workload_subscription",
      "instances": [
        {
          "schema_version": 0,
          "attributes": {
            "account_name": "aifoundry7086cosmosdb",
            "id": "/subscriptions/0ec6c427-01d3-4462-ae56-fd9656157157/resourceGroups/rg-m365-agents/providers/Microsoft.DocumentDB/databaseAccounts/aifoundry7086cosmosdb/sqlRoleAssignments/4d2d1b15-e483-5841-ac2a-727d930f476a",
            "name": "4d2d1b15-e483-5841-ac2a-727d930f476a",
            "principal_id": "8708cffd-df44-48cb-b1c4-28e8a997fc51",
            "resource_group_name": "rg-m365-agents",
            "role_definition_id": "/subscriptions/0ec6c427-01d3-4462-ae56-fd9656157157/resourceGroups/rg-m365-agents/providers/Microsoft.DocumentDB/databaseAccounts/aifoundry7086cosmosdb/sqlRoleDefinitions/00000000-0000-0000-0000-000000000002",
            "scope": "/subscriptions/0ec6c427-01d3-4462-ae56-fd9656157157/resourceGroups/rg-m365-agents/providers/Microsoft.DocumentDB/databaseAccounts/aifoundry7086cosmosdb/dbs/enterprise_memory/colls/1fdcc156-0f5e-47e6-b2f1-c49746c2697f-system-thread-message-store",
            "timeouts": null
          },
          "sensitive_attributes": [],
          "identity_schema_version": 0,
          "private": "eyJlMmJmYjczMC1lY2FhLTExZTYtOGY4OC0zNDM2M2JjN2M0YzAiOnsiY3JlYXRlIjoxODAwMDAwMDAwMDAwLCJkZWxldGUiOjE4MDAwMDAwMDAwMDAsInJlYWQiOjMwMDAwMDAwMDAwMCwidXBkYXRlIjoxODAwMDAwMDAwMDAwfX0=",
          "dependencies": [
            "azapi_resource.ai_foundry",
            "azapi_resource.ai_foundry_project",
            "azapi_resource.ai_foundry_project_capability_host",
            "azapi_resource.ai_search",
            "azapi_resource.conn_aisearch",
            "azapi_resource.conn_cosmosdb",
            "azapi_resource.conn_storage",
            "azurerm_cosmosdb_account.cosmosdb",
            "azurerm_cosmosdb_sql_role_assignment.cosmosdb_db_sql_role_aifp_user_thread_message_store",
            "azurerm_private_endpoint.pe_aifoundry",
            "azurerm_private_endpoint.pe_aisearch",
            "azurerm_private_endpoint.pe_cosmosdb",
            "azurerm_private_endpoint.pe_storage",
            "azurerm_role_assignment.cosmosdb_operator_ai_foundry_project",
            "azurerm_role_assignment.search_index_data_contributor_ai_foundry_project",
            "azurerm_role_assignment.search_service_contributor_ai_foundry_project",
            "azurerm_role_assignment.storage_blob_data_contributor_ai_foundry_project",
            "azurerm_storage_account.storage_account",
            "random_string.unique",
            "time_sleep.wait_project_identities",
            "time_sleep.wait_rbac"
          ]
        }
      ]
    },
    {
      "mode": "managed",
      "type": "azurerm_cosmosdb_sql_role_assignment",
      "name": "cosmosdb_db_sql_role_aifp_user_thread_message_store",
      "provider": "provider[\"registry.terraform.io/hashicorp/azurerm\"].workload_subscription",
      "instances": [
        {
          "schema_version": 0,
          "attributes": {
            "account_name": "aifoundry7086cosmosdb",
            "id": "/subscriptions/0ec6c427-01d3-4462-ae56-fd9656157157/resourceGroups/rg-m365-agents/providers/Microsoft.DocumentDB/databaseAccounts/aifoundry7086cosmosdb/sqlRoleAssignments/f93e7292-7e23-50c5-a9e6-2d7301c6c485",
            "name": "f93e7292-7e23-50c5-a9e6-2d7301c6c485",
            "principal_id": "8708cffd-df44-48cb-b1c4-28e8a997fc51",
            "resource_group_name": "rg-m365-agents",
            "role_definition_id": "/subscriptions/0ec6c427-01d3-4462-ae56-fd9656157157/resourceGroups/rg-m365-agents/providers/Microsoft.DocumentDB/databaseAccounts/aifoundry7086cosmosdb/sqlRoleDefinitions/00000000-0000-0000-0000-000000000002",
            "scope": "/subscriptions/0ec6c427-01d3-4462-ae56-fd9656157157/resourceGroups/rg-m365-agents/providers/Microsoft.DocumentDB/databaseAccounts/aifoundry7086cosmosdb/dbs/enterprise_memory/colls/1fdcc156-0f5e-47e6-b2f1-c49746c2697f-thread-message-store",
            "timeouts": null
          },
          "sensitive_attributes": [],
          "identity_schema_version": 0,
          "private": "eyJlMmJmYjczMC1lY2FhLTExZTYtOGY4OC0zNDM2M2JjN2M0YzAiOnsiY3JlYXRlIjoxODAwMDAwMDAwMDAwLCJkZWxldGUiOjE4MDAwMDAwMDAwMDAsInJlYWQiOjMwMDAwMDAwMDAwMCwidXBkYXRlIjoxODAwMDAwMDAwMDAwfX0=",
          "dependencies": [
            "azapi_resource.ai_foundry",
            "azapi_resource.ai_foundry_project",
            "azapi_resource.ai_foundry_project_capability_host",
            "azapi_resource.ai_search",
            "azapi_resource.conn_aisearch",
            "azapi_resource.conn_cosmosdb",
            "azapi_resource.conn_storage",
            "azurerm_cosmosdb_account.cosmosdb",
            "azurerm_private_endpoint.pe_aifoundry",
            "azurerm_private_endpoint.pe_aisearch",
            "azurerm_private_endpoint.pe_cosmosdb",
            "azurerm_private_endpoint.pe_storage",
            "azurerm_role_assignment.cosmosdb_operator_ai_foundry_project",
            "azurerm_role_assignment.search_index_data_contributor_ai_foundry_project",
            "azurerm_role_assignment.search_service_contributor_ai_foundry_project",
            "azurerm_role_assignment.storage_blob_data_contributor_ai_foundry_project",
            "azurerm_storage_account.storage_account",
            "random_string.unique",
            "time_sleep.wait_project_identities",
            "time_sleep.wait_rbac"
          ]
        }
      ]
    },
    {
      "mode": "managed",
      "type": "azurerm_private_endpoint",
      "name": "pe_aifoundry",
      "provider": "provider[\"registry.terraform.io/hashicorp/azurerm\"].workload_subscription",
      "instances": [
        {
          "schema_version": 0,
          "attributes": {
            "custom_dns_configs": [
              {
                "fqdn": "aifoundry7086.cognitiveservices.azure.com",
                "ip_addresses": [
                  "10.5.0.104"
                ]
              },
              {
                "fqdn": "aifoundry7086.openai.azure.com",
                "ip_addresses": [
                  "10.5.0.105"
                ]
              },
              {
                "fqdn": "aifoundry7086.services.ai.azure.com",
                "ip_addresses": [
                  "10.5.0.106"
                ]
              }
            ],
            "custom_network_interface_name": "",
            "id": "/subscriptions/0ec6c427-01d3-4462-ae56-fd9656157157/resourceGroups/rg-m365-agents/providers/Microsoft.Network/privateEndpoints/aifoundry7086-private-endpoint",
            "ip_configuration": [],
            "location": "westus",
            "name": "aifoundry7086-private-endpoint",
            "network_interface": [
              {
                "id": "/subscriptions/0ec6c427-01d3-4462-ae56-fd9656157157/resourceGroups/rg-m365-agents/providers/Microsoft.Network/networkInterfaces/aifoundry7086-private-endpoint.nic.1198ff17-9765-4a9f-a865-6b5c825352c5",
                "name": "aifoundry7086-private-endpoint.nic.1198ff17-9765-4a9f-a865-6b5c825352c5"
              }
            ],
            "private_dns_zone_configs": [],
            "private_dns_zone_group": [],
            "private_service_connection": [
              {
                "is_manual_connection": false,
                "name": "aifoundry7086-private-link-service-connection",
                "private_connection_resource_alias": "",
                "private_connection_resource_id": "/subscriptions/0ec6c427-01d3-4462-ae56-fd9656157157/resourceGroups/rg-m365-agents/providers/Microsoft.CognitiveServices/accounts/aifoundry7086",
                "private_ip_address": "10.5.0.104",
                "request_message": "",
                "subresource_names": [
                  "account"
                ]
              }
            ],
            "resource_group_name": "rg-m365-agents",
            "subnet_id": "/subscriptions/0ec6c427-01d3-4462-ae56-fd9656157157/resourceGroups/rg-m365-agents/providers/Microsoft.Network/virtualNetworks/vnet-m365-agents/subnets/private-endpoints",
            "tags": null,
            "timeouts": null
          },
          "sensitive_attributes": [],
          "identity_schema_version": 0,
          "identity": {
            "name": "aifoundry7086-private-endpoint",
            "resource_group_name": "rg-m365-agents",
            "subscription_id": "0ec6c427-01d3-4462-ae56-fd9656157157"
          },
          "private": "eyJlMmJmYjczMC1lY2FhLTExZTYtOGY4OC0zNDM2M2JjN2M0YzAiOnsiY3JlYXRlIjozNjAwMDAwMDAwMDAwLCJkZWxldGUiOjM2MDAwMDAwMDAwMDAsInJlYWQiOjMwMDAwMDAwMDAwMCwidXBkYXRlIjozNjAwMDAwMDAwMDAwfX0=",
          "dependencies": [
            "azapi_resource.ai_foundry",
            "azapi_resource.ai_search",
            "azurerm_cosmosdb_account.cosmosdb",
            "azurerm_private_endpoint.pe_aisearch",
            "azurerm_private_endpoint.pe_cosmosdb",
            "azurerm_private_endpoint.pe_storage",
            "azurerm_storage_account.storage_account",
            "random_string.unique"
          ]
        }
      ]
    },
    {
      "mode": "managed",
      "type": "azurerm_private_endpoint",
      "name": "pe_aisearch",
      "provider": "provider[\"registry.terraform.io/hashicorp/azurerm\"].workload_subscription",
      "instances": [
        {
          "schema_version": 0,
          "attributes": {
            "custom_dns_configs": [
              {
                "fqdn": "aifoundry7086search.search.windows.net",
                "ip_addresses": [
                  "10.5.0.103"
                ]
              }
            ],
            "custom_network_interface_name": "",
            "id": "/subscriptions/0ec6c427-01d3-4462-ae56-fd9656157157/resourceGroups/rg-m365-agents/providers/Microsoft.Network/privateEndpoints/aifoundry7086search-private-endpoint",
            "ip_configuration": [],
            "location": "westus",
            "name": "aifoundry7086search-private-endpoint",
            "network_interface": [
              {
                "id": "/subscriptions/0ec6c427-01d3-4462-ae56-fd9656157157/resourceGroups/rg-m365-agents/providers/Microsoft.Network/networkInterfaces/aifoundry7086search-private-endpoint.nic.8424ee44-abc2-447a-894b-735caaf726ec",
                "name": "aifoundry7086search-private-endpoint.nic.8424ee44-abc2-447a-894b-735caaf726ec"
              }
            ],
            "private_dns_zone_configs": [],
            "private_dns_zone_group": [],
            "private_service_connection": [
              {
                "is_manual_connection": false,
                "name": "aifoundry7086search-private-link-service-connection",
                "private_connection_resource_alias": "",
                "private_connection_resource_id": "/subscriptions/0ec6c427-01d3-4462-ae56-fd9656157157/resourceGroups/rg-m365-agents/providers/Microsoft.Search/searchServices/aifoundry7086search",
                "private_ip_address": "10.5.0.103",
                "request_message": "",
                "subresource_names": [
                  "searchService"
                ]
              }
            ],
            "resource_group_name": "rg-m365-agents",
            "subnet_id": "/subscriptions/0ec6c427-01d3-4462-ae56-fd9656157157/resourceGroups/rg-m365-agents/providers/Microsoft.Network/virtualNetworks/vnet-m365-agents/subnets/private-endpoints",
            "tags": null,
            "timeouts": null
          },
          "sensitive_attributes": [],
          "identity_schema_version": 0,
          "identity": {
            "name": "aifoundry7086search-private-endpoint",
            "resource_group_name": "rg-m365-agents",
            "subscription_id": "0ec6c427-01d3-4462-ae56-fd9656157157"
          },
          "private": "eyJlMmJmYjczMC1lY2FhLTExZTYtOGY4OC0zNDM2M2JjN2M0YzAiOnsiY3JlYXRlIjozNjAwMDAwMDAwMDAwLCJkZWxldGUiOjM2MDAwMDAwMDAwMDAsInJlYWQiOjMwMDAwMDAwMDAwMCwidXBkYXRlIjozNjAwMDAwMDAwMDAwfX0=",
          "dependencies": [
            "azapi_resource.ai_search",
            "azurerm_cosmosdb_account.cosmosdb",
            "azurerm_private_endpoint.pe_cosmosdb",
            "azurerm_private_endpoint.pe_storage",
            "azurerm_storage_account.storage_account",
            "random_string.unique"
          ]
        }
      ]
    },
    {
      "mode": "managed",
      "type": "azurerm_private_endpoint",
      "name": "pe_cosmosdb",
      "provider": "provider[\"registry.terraform.io/hashicorp/azurerm\"].workload_subscription",
      "instances": [
        {
          "schema_version": 0,
          "attributes": {
            "custom_dns_configs": [],
            "custom_network_interface_name": "",
            "id": "/subscriptions/0ec6c427-01d3-4462-ae56-fd9656157157/resourceGroups/rg-m365-agents/providers/Microsoft.Network/privateEndpoints/aifoundry7086cosmosdb-private-endpoint",
            "ip_configuration": [],
            "location": "westus",
            "name": "aifoundry7086cosmosdb-private-endpoint",
            "network_interface": [
              {
                "id": "/subscriptions/0ec6c427-01d3-4462-ae56-fd9656157157/resourceGroups/rg-m365-agents/providers/Microsoft.Network/networkInterfaces/aifoundry7086cosmosdb-private-endpoint.nic.818048dd-b11b-477f-b85b-0976e42c27d9",
                "name": "aifoundry7086cosmosdb-private-endpoint.nic.818048dd-b11b-477f-b85b-0976e42c27d9"
              }
            ],
            "private_dns_zone_configs": [
              {
                "id": "/subscriptions/0ec6c427-01d3-4462-ae56-fd9656157157/resourceGroups/rg-m365-agents/providers/Microsoft.Network/privateEndpoints/aifoundry7086cosmosdb-private-endpoint/privateDnsZoneGroups/deployedByPolicy/privateDnsZoneConfigs/privatelink.documents.azure.com-aifoundry7086cosmosdb-private-endpoint",
                "name": "privatelink.documents.azure.com-aifoundry7086cosmosdb-private-endpoint",
                "private_dns_zone_id": "/subscriptions/0ec6c427-01d3-4462-ae56-fd9656157157/resourceGroups/rg-central-eastus2-yv4qkefibmvuq/providers/Microsoft.Network/privateDnsZones/privatelink.documents.azure.com",
                "record_sets": [
                  {
                    "fqdn": "aifoundry7086cosmosdb.privatelink.documents.azure.com",
                    "ip_addresses": [
                      "10.5.0.101"
                    ],
                    "name": "aifoundry7086cosmosdb",
                    "ttl": 10,
                    "type": "A"
                  },
                  {
                    "fqdn": "aifoundry7086cosmosdb-westus.privatelink.documents.azure.com",
                    "ip_addresses": [
                      "10.5.0.102"
                    ],
                    "name": "aifoundry7086cosmosdb-westus",
                    "ttl": 10,
                    "type": "A"
                  }
                ]
              }
            ],
            "private_dns_zone_group": [
              {
                "id": "/subscriptions/0ec6c427-01d3-4462-ae56-fd9656157157/resourceGroups/rg-m365-agents/providers/Microsoft.Network/privateEndpoints/aifoundry7086cosmosdb-private-endpoint/privateDnsZoneGroups/deployedByPolicy",
                "name": "deployedByPolicy",
                "private_dns_zone_ids": [
                  "/subscriptions/0ec6c427-01d3-4462-ae56-fd9656157157/resourceGroups/rg-central-eastus2-yv4qkefibmvuq/providers/Microsoft.Network/privateDnsZones/privatelink.documents.azure.com"
                ]
              }
            ],
            "private_service_connection": [
              {
                "is_manual_connection": false,
                "name": "aifoundry7086cosmosdb-private-link-service-connection",
                "private_connection_resource_alias": "",
                "private_connection_resource_id": "/subscriptions/0ec6c427-01d3-4462-ae56-fd9656157157/resourceGroups/rg-m365-agents/providers/Microsoft.DocumentDB/databaseAccounts/aifoundry7086cosmosdb",
                "private_ip_address": "10.5.0.101",
                "request_message": "",
                "subresource_names": [
                  "Sql"
                ]
              }
            ],
            "resource_group_name": "rg-m365-agents",
            "subnet_id": "/subscriptions/0ec6c427-01d3-4462-ae56-fd9656157157/resourceGroups/rg-m365-agents/providers/Microsoft.Network/virtualNetworks/vnet-m365-agents/subnets/private-endpoints",
            "tags": null,
            "timeouts": null
          },
          "sensitive_attributes": [],
          "identity_schema_version": 0,
          "identity": {
            "name": "aifoundry7086cosmosdb-private-endpoint",
            "resource_group_name": "rg-m365-agents",
            "subscription_id": "0ec6c427-01d3-4462-ae56-fd9656157157"
          },
          "private": "eyJlMmJmYjczMC1lY2FhLTExZTYtOGY4OC0zNDM2M2JjN2M0YzAiOnsiY3JlYXRlIjozNjAwMDAwMDAwMDAwLCJkZWxldGUiOjM2MDAwMDAwMDAwMDAsInJlYWQiOjMwMDAwMDAwMDAwMCwidXBkYXRlIjozNjAwMDAwMDAwMDAwfX0=",
          "dependencies": [
            "azurerm_cosmosdb_account.cosmosdb",
            "azurerm_private_endpoint.pe_storage",
            "azurerm_storage_account.storage_account",
            "random_string.unique"
          ]
        }
      ]
    },
    {
      "mode": "managed",
      "type": "azurerm_private_endpoint",
      "name": "pe_storage",
      "provider": "provider[\"registry.terraform.io/hashicorp/azurerm\"].workload_subscription",
      "instances": [
        {
          "schema_version": 0,
          "attributes": {
            "custom_dns_configs": [
              {
                "fqdn": "aifoundry7086storage.blob.core.windows.net",
                "ip_addresses": [
                  "10.5.0.100"
                ]
              }
            ],
            "custom_network_interface_name": "",
            "id": "/subscriptions/0ec6c427-01d3-4462-ae56-fd9656157157/resourceGroups/rg-m365-agents/providers/Microsoft.Network/privateEndpoints/aifoundry7086storage-private-endpoint",
            "ip_configuration": [],
            "location": "westus",
            "name": "aifoundry7086storage-private-endpoint",
            "network_interface": [
              {
                "id": "/subscriptions/0ec6c427-01d3-4462-ae56-fd9656157157/resourceGroups/rg-m365-agents/providers/Microsoft.Network/networkInterfaces/aifoundry7086storage-private-endpoint.nic.c6e552ff-73cd-4d28-8a8e-3bd0862c09a0",
                "name": "aifoundry7086storage-private-endpoint.nic.c6e552ff-73cd-4d28-8a8e-3bd0862c09a0"
              }
            ],
            "private_dns_zone_configs": [],
            "private_dns_zone_group": [],
            "private_service_connection": [
              {
                "is_manual_connection": false,
                "name": "aifoundry7086storage-private-link-service-connection",
                "private_connection_resource_alias": "",
                "private_connection_resource_id": "/subscriptions/0ec6c427-01d3-4462-ae56-fd9656157157/resourceGroups/rg-m365-agents/providers/Microsoft.Storage/storageAccounts/aifoundry7086storage",
                "private_ip_address": "10.5.0.100",
                "request_message": "",
                "subresource_names": [
                  "blob"
                ]
              }
            ],
            "resource_group_name": "rg-m365-agents",
            "subnet_id": "/subscriptions/0ec6c427-01d3-4462-ae56-fd9656157157/resourceGroups/rg-m365-agents/providers/Microsoft.Network/virtualNetworks/vnet-m365-agents/subnets/private-endpoints",
            "tags": null,
            "timeouts": null
          },
          "sensitive_attributes": [],
          "identity_schema_version": 0,
          "identity": {
            "name": "aifoundry7086storage-private-endpoint",
            "resource_group_name": "rg-m365-agents",
            "subscription_id": "0ec6c427-01d3-4462-ae56-fd9656157157"
          },
          "private": "eyJlMmJmYjczMC1lY2FhLTExZTYtOGY4OC0zNDM2M2JjN2M0YzAiOnsiY3JlYXRlIjozNjAwMDAwMDAwMDAwLCJkZWxldGUiOjM2MDAwMDAwMDAwMDAsInJlYWQiOjMwMDAwMDAwMDAwMCwidXBkYXRlIjozNjAwMDAwMDAwMDAwfX0=",
          "dependencies": [
            "azurerm_storage_account.storage_account",
            "random_string.unique"
          ]
        }
      ]
    },
    {
      "mode": "managed",
      "type": "azurerm_role_assignment",
      "name": "cosmosdb_operator_ai_foundry_project",
      "provider": "provider[\"registry.terraform.io/hashicorp/azurerm\"].workload_subscription",
      "instances": [
        {
          "schema_version": 0,
          "attributes": {
            "condition": "",
            "condition_version": "",
            "delegated_managed_identity_resource_id": "",
            "description": "",
            "id": "/subscriptions/0ec6c427-01d3-4462-ae56-fd9656157157/resourceGroups/rg-m365-agents/providers/Microsoft.DocumentDB/databaseAccounts/aifoundry7086cosmosdb/providers/Microsoft.Authorization/roleAssignments/4544dd5e-6e63-5b20-a161-8d5640d7a14b",
            "name": "4544dd5e-6e63-5b20-a161-8d5640d7a14b",
            "principal_id": "8708cffd-df44-48cb-b1c4-28e8a997fc51",
            "principal_type": "ServicePrincipal",
            "role_definition_id": "/subscriptions/0ec6c427-01d3-4462-ae56-fd9656157157/providers/Microsoft.Authorization/roleDefinitions/230815da-be43-4aae-9cb4-875f7bd000aa",
            "role_definition_name": "Cosmos DB Operator",
            "scope": "/subscriptions/0ec6c427-01d3-4462-ae56-fd9656157157/resourceGroups/rg-m365-agents/providers/Microsoft.DocumentDB/databaseAccounts/aifoundry7086cosmosdb",
            "skip_service_principal_aad_check": null,
            "timeouts": null
          },
          "sensitive_attributes": [],
          "identity_schema_version": 0,
          "private": "eyJlMmJmYjczMC1lY2FhLTExZTYtOGY4OC0zNDM2M2JjN2M0YzAiOnsiY3JlYXRlIjoxODAwMDAwMDAwMDAwLCJkZWxldGUiOjE4MDAwMDAwMDAwMDAsInJlYWQiOjMwMDAwMDAwMDAwMH19",
          "dependencies": [
            "azapi_resource.ai_foundry",
            "azapi_resource.ai_foundry_project",
            "azapi_resource.ai_search",
            "azurerm_cosmosdb_account.cosmosdb",
            "azurerm_private_endpoint.pe_aifoundry",
            "azurerm_private_endpoint.pe_aisearch",
            "azurerm_private_endpoint.pe_cosmosdb",
            "azurerm_private_endpoint.pe_storage",
            "azurerm_storage_account.storage_account",
            "random_string.unique",
            "time_sleep.wait_project_identities"
          ]
        }
      ]
    },
    {
      "mode": "managed",
      "type": "azurerm_role_assignment",
      "name": "search_index_data_contributor_ai_foundry_project",
      "provider": "provider[\"registry.terraform.io/hashicorp/azurerm\"].workload_subscription",
      "instances": [
        {
          "schema_version": 0,
          "attributes": {
            "condition": "",
            "condition_version": "",
            "delegated_managed_identity_resource_id": "",
            "description": "",
            "id": "/subscriptions/0ec6c427-01d3-4462-ae56-fd9656157157/resourceGroups/rg-m365-agents/providers/Microsoft.Search/searchServices/aifoundry7086search/providers/Microsoft.Authorization/roleAssignments/735504c8-94e2-5dfd-9500-29c99fc8743b",
            "name": "735504c8-94e2-5dfd-9500-29c99fc8743b",
            "principal_id": "8708cffd-df44-48cb-b1c4-28e8a997fc51",
            "principal_type": "ServicePrincipal",
            "role_definition_id": "/subscriptions/0ec6c427-01d3-4462-ae56-fd9656157157/providers/Microsoft.Authorization/roleDefinitions/8ebe5a00-799e-43f5-93ac-243d3dce84a7",
            "role_definition_name": "Search Index Data Contributor",
            "scope": "/subscriptions/0ec6c427-01d3-4462-ae56-fd9656157157/resourceGroups/rg-m365-agents/providers/Microsoft.Search/searchServices/aifoundry7086search",
            "skip_service_principal_aad_check": null,
            "timeouts": null
          },
          "sensitive_attributes": [],
          "identity_schema_version": 0,
          "private": "eyJlMmJmYjczMC1lY2FhLTExZTYtOGY4OC0zNDM2M2JjN2M0YzAiOnsiY3JlYXRlIjoxODAwMDAwMDAwMDAwLCJkZWxldGUiOjE4MDAwMDAwMDAwMDAsInJlYWQiOjMwMDAwMDAwMDAwMH19",
          "dependencies": [
            "azapi_resource.ai_foundry",
            "azapi_resource.ai_foundry_project",
            "azapi_resource.ai_search",
            "azurerm_cosmosdb_account.cosmosdb",
            "azurerm_private_endpoint.pe_aifoundry",
            "azurerm_private_endpoint.pe_aisearch",
            "azurerm_private_endpoint.pe_cosmosdb",
            "azurerm_private_endpoint.pe_storage",
            "azurerm_storage_account.storage_account",
            "random_string.unique",
            "time_sleep.wait_project_identities"
          ]
        }
      ]
    },
    {
      "mode": "managed",
      "type": "azurerm_role_assignment",
      "name": "search_service_contributor_ai_foundry_project",
      "provider": "provider[\"registry.terraform.io/hashicorp/azurerm\"].workload_subscription",
      "instances": [
        {
          "schema_version": 0,
          "attributes": {
            "condition": "",
            "condition_version": "",
            "delegated_managed_identity_resource_id": "",
            "description": "",
            "id": "/subscriptions/0ec6c427-01d3-4462-ae56-fd9656157157/resourceGroups/rg-m365-agents/providers/Microsoft.Search/searchServices/aifoundry7086search/providers/Microsoft.Authorization/roleAssignments/96499522-53d6-58ad-aa9a-656f557196e8",
            "name": "96499522-53d6-58ad-aa9a-656f557196e8",
            "principal_id": "8708cffd-df44-48cb-b1c4-28e8a997fc51",
            "principal_type": "ServicePrincipal",
            "role_definition_id": "/subscriptions/0ec6c427-01d3-4462-ae56-fd9656157157/providers/Microsoft.Authorization/roleDefinitions/7ca78c08-252a-4471-8644-bb5ff32d4ba0",
            "role_definition_name": "Search Service Contributor",
            "scope": "/subscriptions/0ec6c427-01d3-4462-ae56-fd9656157157/resourceGroups/rg-m365-agents/providers/Microsoft.Search/searchServices/aifoundry7086search",
            "skip_service_principal_aad_check": null,
            "timeouts": null
          },
          "sensitive_attributes": [],
          "identity_schema_version": 0,
          "private": "eyJlMmJmYjczMC1lY2FhLTExZTYtOGY4OC0zNDM2M2JjN2M0YzAiOnsiY3JlYXRlIjoxODAwMDAwMDAwMDAwLCJkZWxldGUiOjE4MDAwMDAwMDAwMDAsInJlYWQiOjMwMDAwMDAwMDAwMH19",
          "dependencies": [
            "azapi_resource.ai_foundry",
            "azapi_resource.ai_foundry_project",
            "azapi_resource.ai_search",
            "azurerm_cosmosdb_account.cosmosdb",
            "azurerm_private_endpoint.pe_aifoundry",
            "azurerm_private_endpoint.pe_aisearch",
            "azurerm_private_endpoint.pe_cosmosdb",
            "azurerm_private_endpoint.pe_storage",
            "azurerm_storage_account.storage_account",
            "random_string.unique",
            "time_sleep.wait_project_identities"
          ]
        }
      ]
    },
    {
      "mode": "managed",
      "type": "azurerm_role_assignment",
      "name": "storage_blob_data_contributor_ai_foundry_project",
      "provider": "provider[\"registry.terraform.io/hashicorp/azurerm\"].workload_subscription",
      "instances": [
        {
          "schema_version": 0,
          "attributes": {
            "condition": "",
            "condition_version": "",
            "delegated_managed_identity_resource_id": "",
            "description": "",
            "id": "/subscriptions/0ec6c427-01d3-4462-ae56-fd9656157157/resourceGroups/rg-m365-agents/providers/Microsoft.Storage/storageAccounts/aifoundry7086storage/providers/Microsoft.Authorization/roleAssignments/433590c5-75f5-5707-ab24-ebd8ae0f4a7e",
            "name": "433590c5-75f5-5707-ab24-ebd8ae0f4a7e",
            "principal_id": "8708cffd-df44-48cb-b1c4-28e8a997fc51",
            "principal_type": "ServicePrincipal",
            "role_definition_id": "/subscriptions/0ec6c427-01d3-4462-ae56-fd9656157157/providers/Microsoft.Authorization/roleDefinitions/ba92f5b4-2d11-453d-a403-e96b0029c9fe",
            "role_definition_name": "Storage Blob Data Contributor",
            "scope": "/subscriptions/0ec6c427-01d3-4462-ae56-fd9656157157/resourceGroups/rg-m365-agents/providers/Microsoft.Storage/storageAccounts/aifoundry7086storage",
            "skip_service_principal_aad_check": null,
            "timeouts": null
          },
          "sensitive_attributes": [],
          "identity_schema_version": 0,
          "private": "eyJlMmJmYjczMC1lY2FhLTExZTYtOGY4OC0zNDM2M2JjN2M0YzAiOnsiY3JlYXRlIjoxODAwMDAwMDAwMDAwLCJkZWxldGUiOjE4MDAwMDAwMDAwMDAsInJlYWQiOjMwMDAwMDAwMDAwMH19",
          "dependencies": [
            "azapi_resource.ai_foundry",
            "azapi_resource.ai_foundry_project",
            "azapi_resource.ai_search",
            "azurerm_cosmosdb_account.cosmosdb",
            "azurerm_private_endpoint.pe_aifoundry",
            "azurerm_private_endpoint.pe_aisearch",
            "azurerm_private_endpoint.pe_cosmosdb",
            "azurerm_private_endpoint.pe_storage",
            "azurerm_storage_account.storage_account",
            "random_string.unique",
            "time_sleep.wait_project_identities"
          ]
        }
      ]
    },
    {
      "mode": "managed",
      "type": "azurerm_role_assignment",
      "name": "storage_blob_data_owner_ai_foundry_project",
      "provider": "provider[\"registry.terraform.io/hashicorp/azurerm\"].workload_subscription",
      "instances": [
        {
          "schema_version": 0,
          "attributes": {
            "condition": "(\n  (\n    !(ActionMatches{'Microsoft.Storage/storageAccounts/blobServices/containers/blobs/tags/read'})\n    AND !(ActionMatches{'Microsoft.Storage/storageAccounts/blobServices/containers/blobs/filter/action'})\n    AND !(ActionMatches{'Microsoft.Storage/storageAccounts/blobServices/containers/blobs/tags/write'})\n  )\n  OR\n  (@Resource[Microsoft.Storage/storageAccounts/blobServices/containers:name] StringStartsWithIgnoreCase '1fdcc156-0f5e-47e6-b2f1-c49746c2697f'\n  AND @Resource[Microsoft.Storage/storageAccounts/blobServices/containers:name] StringLikeIgnoreCase '*-azureml-agent')\n)\n",
            "condition_version": "2.0",
            "delegated_managed_identity_resource_id": "",
            "description": "",
            "id": "/subscriptions/0ec6c427-01d3-4462-ae56-fd9656157157/resourceGroups/rg-m365-agents/providers/Microsoft.Storage/storageAccounts/aifoundry7086storage/providers/Microsoft.Authorization/roleAssignments/27e50481-07c3-5730-a28a-c51a66890229",
            "name": "27e50481-07c3-5730-a28a-c51a66890229",
            "principal_id": "8708cffd-df44-48cb-b1c4-28e8a997fc51",
            "principal_type": "ServicePrincipal",
            "role_definition_id": "/subscriptions/0ec6c427-01d3-4462-ae56-fd9656157157/providers/Microsoft.Authorization/roleDefinitions/b7e6dc6d-f1e8-4753-8033-0f276bb0955b",
            "role_definition_name": "Storage Blob Data Owner",
            "scope": "/subscriptions/0ec6c427-01d3-4462-ae56-fd9656157157/resourceGroups/rg-m365-agents/providers/Microsoft.Storage/storageAccounts/aifoundry7086storage",
            "skip_service_principal_aad_check": null,
            "timeouts": null
          },
          "sensitive_attributes": [],
          "identity_schema_version": 0,
          "private": "eyJlMmJmYjczMC1lY2FhLTExZTYtOGY4OC0zNDM2M2JjN2M0YzAiOnsiY3JlYXRlIjoxODAwMDAwMDAwMDAwLCJkZWxldGUiOjE4MDAwMDAwMDAwMDAsInJlYWQiOjMwMDAwMDAwMDAwMH19",
          "dependencies": [
            "azapi_resource.ai_foundry",
            "azapi_resource.ai_foundry_project",
            "azapi_resource.ai_foundry_project_capability_host",
            "azapi_resource.ai_search",
            "azapi_resource.conn_aisearch",
            "azapi_resource.conn_cosmosdb",
            "azapi_resource.conn_storage",
            "azurerm_cosmosdb_account.cosmosdb",
            "azurerm_private_endpoint.pe_aifoundry",
            "azurerm_private_endpoint.pe_aisearch",
            "azurerm_private_endpoint.pe_cosmosdb",
            "azurerm_private_endpoint.pe_storage",
            "azurerm_role_assignment.cosmosdb_operator_ai_foundry_project",
            "azurerm_role_assignment.search_index_data_contributor_ai_foundry_project",
            "azurerm_role_assignment.search_service_contributor_ai_foundry_project",
            "azurerm_role_assignment.storage_blob_data_contributor_ai_foundry_project",
            "azurerm_storage_account.storage_account",
            "random_string.unique",
            "time_sleep.wait_project_identities",
            "time_sleep.wait_rbac"
          ]
        }
      ]
    },
    {
      "mode": "managed",
      "type": "azurerm_storage_account",
      "name": "storage_account",
      "provider": "provider[\"registry.terraform.io/hashicorp/azurerm\"].workload_subscription",
      "instances": [
        {
          "schema_version": 4,
          "attributes": {
            "access_tier": "Hot",
            "account_kind": "StorageV2",
            "account_replication_type": "LRS",
            "account_tier": "Standard",
            "allow_nested_items_to_be_public": false,
            "allowed_copy_scope": "",
            "azure_files_authentication": [],
            "blob_properties": [
              {
                "change_feed_enabled": false,
                "change_feed_retention_in_days": 0,
                "container_delete_retention_policy": [],
                "cors_rule": [],
                "default_service_version": "",
                "delete_retention_policy": [],
                "last_access_time_enabled": false,
                "restore_policy": [],
                "versioning_enabled": false
              }
            ],
            "cross_tenant_replication_enabled": false,
            "custom_domain": [],
            "customer_managed_key": [],
            "default_to_oauth_authentication": false,
            "dns_endpoint_type": "Standard",
            "edge_zone": "",
            "https_traffic_only_enabled": true,
            "id": "/subscriptions/0ec6c427-01d3-4462-ae56-fd9656157157/resourceGroups/rg-m365-agents/providers/Microsoft.Storage/storageAccounts/aifoundry7086storage",
            "identity": [],
            "immutability_policy": [],
            "infrastructure_encryption_enabled": false,
            "is_hns_enabled": false,
            "large_file_share_enabled": false,
            "local_user_enabled": true,
            "location": "westus",
            "min_tls_version": "TLS1_2",
            "name": "aifoundry7086storage",
            "network_rules": [
              {
                "bypass": [
                  "AzureServices"
                ],
                "default_action": "Deny",
                "ip_rules": [],
                "private_link_access": [],
                "virtual_network_subnet_ids": []
              }
            ],
            "nfsv3_enabled": false,
            "primary_access_key": "WgvpuAAx+T7s2kJAWw9fCnKmjb33yXbTS2M/hJtrkqXfp4U73QZVQsoT/a74L+/1CZMThSmOGJ3P+ASt4+Ws2g==",
            "primary_blob_connection_string": "DefaultEndpointsProtocol=https;BlobEndpoint=https://aifoundry7086storage.blob.core.windows.net/;AccountName=aifoundry7086storage;AccountKey=WgvpuAAx+T7s2kJAWw9fCnKmjb33yXbTS2M/hJtrkqXfp4U73QZVQsoT/a74L+/1CZMThSmOGJ3P+ASt4+Ws2g==",
            "primary_blob_endpoint": "https://aifoundry7086storage.blob.core.windows.net/",
            "primary_blob_host": "aifoundry7086storage.blob.core.windows.net",
            "primary_blob_internet_endpoint": "",
            "primary_blob_internet_host": "",
            "primary_blob_microsoft_endpoint": "",
            "primary_blob_microsoft_host": "",
            "primary_connection_string": "DefaultEndpointsProtocol=https;AccountName=aifoundry7086storage;AccountKey=WgvpuAAx+T7s2kJAWw9fCnKmjb33yXbTS2M/hJtrkqXfp4U73QZVQsoT/a74L+/1CZMThSmOGJ3P+ASt4+Ws2g==;EndpointSuffix=core.windows.net",
            "primary_dfs_endpoint": "https://aifoundry7086storage.dfs.core.windows.net/",
            "primary_dfs_host": "aifoundry7086storage.dfs.core.windows.net",
            "primary_dfs_internet_endpoint": "",
            "primary_dfs_internet_host": "",
            "primary_dfs_microsoft_endpoint": "",
            "primary_dfs_microsoft_host": "",
            "primary_file_endpoint": "https://aifoundry7086storage.file.core.windows.net/",
            "primary_file_host": "aifoundry7086storage.file.core.windows.net",
            "primary_file_internet_endpoint": "",
            "primary_file_internet_host": "",
            "primary_file_microsoft_endpoint": "",
            "primary_file_microsoft_host": "",
            "primary_location": "westus",
            "primary_queue_endpoint": "https://aifoundry7086storage.queue.core.windows.net/",
            "primary_queue_host": "aifoundry7086storage.queue.core.windows.net",
            "primary_queue_microsoft_endpoint": "",
            "primary_queue_microsoft_host": "",
            "primary_table_endpoint": "https://aifoundry7086storage.table.core.windows.net/",
            "primary_table_host": "aifoundry7086storage.table.core.windows.net",
            "primary_table_microsoft_endpoint": "",
            "primary_table_microsoft_host": "",
            "primary_web_endpoint": "https://aifoundry7086storage.z22.web.core.windows.net/",
            "primary_web_host": "aifoundry7086storage.z22.web.core.windows.net",
            "primary_web_internet_endpoint": "",
            "primary_web_internet_host": "",
            "primary_web_microsoft_endpoint": "",
            "primary_web_microsoft_host": "",
            "provisioned_billing_model_version": "",
            "public_network_access_enabled": true,
            "queue_encryption_key_type": "Service",
            "queue_properties": [
              {
                "cors_rule": [],
                "hour_metrics": [
                  {
                    "enabled": false,
                    "include_apis": false,
                    "retention_policy_days": 0,
                    "version": "1.0"
                  }
                ],
                "logging": [
                  {
                    "delete": false,
                    "read": false,
                    "retention_policy_days": 0,
                    "version": "1.0",
                    "write": false
                  }
                ],
                "minute_metrics": [
                  {
                    "enabled": false,
                    "include_apis": false,
                    "retention_policy_days": 0,
                    "version": "1.0"
                  }
                ]
              }
            ],
            "resource_group_name": "rg-m365-agents",
            "routing": [],
            "sas_policy": [],
            "secondary_access_key": "9lTBrc1rnkdgsf0Ls46sXLa7dmVfdZjVBooRt7n2qDrvtSYX5u9HOEQJxtf7AR78fwcmCJf4BpDe+AStgOYEGg==",
            "secondary_blob_connection_string": "",
            "secondary_blob_endpoint": "",
            "secondary_blob_host": "",
            "secondary_blob_internet_endpoint": "",
            "secondary_blob_internet_host": "",
            "secondary_blob_microsoft_endpoint": "",
            "secondary_blob_microsoft_host": "",
            "secondary_connection_string": "DefaultEndpointsProtocol=https;AccountName=aifoundry7086storage;AccountKey=9lTBrc1rnkdgsf0Ls46sXLa7dmVfdZjVBooRt7n2qDrvtSYX5u9HOEQJxtf7AR78fwcmCJf4BpDe+AStgOYEGg==;EndpointSuffix=core.windows.net",
            "secondary_dfs_endpoint": "",
            "secondary_dfs_host": "",
            "secondary_dfs_internet_endpoint": "",
            "secondary_dfs_internet_host": "",
            "secondary_dfs_microsoft_endpoint": "",
            "secondary_dfs_microsoft_host": "",
            "secondary_file_endpoint": "",
            "secondary_file_host": "",
            "secondary_file_internet_endpoint": "",
            "secondary_file_internet_host": "",
            "secondary_file_microsoft_endpoint": "",
            "secondary_file_microsoft_host": "",
            "secondary_location": "",
            "secondary_queue_endpoint": "",
            "secondary_queue_host": "",
            "secondary_queue_microsoft_endpoint": "",
            "secondary_queue_microsoft_host": "",
            "secondary_table_endpoint": "",
            "secondary_table_host": "",
            "secondary_table_microsoft_endpoint": "",
            "secondary_table_microsoft_host": "",
            "secondary_web_endpoint": "",
            "secondary_web_host": "",
            "secondary_web_internet_endpoint": "",
            "secondary_web_internet_host": "",
            "secondary_web_microsoft_endpoint": "",
            "secondary_web_microsoft_host": "",
            "sftp_enabled": false,
            "share_properties": [
              {
                "cors_rule": [],
                "retention_policy": [
                  {
                    "days": 7
                  }
                ],
                "smb": []
              }
            ],
            "shared_access_key_enabled": false,
            "static_website": [],
            "table_encryption_key_type": "Service",
            "tags": null,
            "timeouts": null
          },
          "sensitive_attributes": [
            [
              {
                "type": "get_attr",
                "value": "primary_access_key"
              }
            ],
            [
              {
                "type": "get_attr",
                "value": "primary_blob_connection_string"
              }
            ],
            [
              {
                "type": "get_attr",
                "value": "primary_connection_string"
              }
            ],
            [
              {
                "type": "get_attr",
                "value": "secondary_access_key"
              }
            ],
            [
              {
                "type": "get_attr",
                "value": "secondary_blob_connection_string"
              }
            ],
            [
              {
                "type": "get_attr",
                "value": "secondary_connection_string"
              }
            ]
          ],
          "identity_schema_version": 0,
          "identity": {
            "name": "aifoundry7086storage",
            "resource_group_name": "rg-m365-agents",
            "subscription_id": "0ec6c427-01d3-4462-ae56-fd9656157157"
          },
          "private": "eyJlMmJmYjczMC1lY2FhLTExZTYtOGY4OC0zNDM2M2JjN2M0YzAiOnsiY3JlYXRlIjozNjAwMDAwMDAwMDAwLCJkZWxldGUiOjM2MDAwMDAwMDAwMDAsInJlYWQiOjMwMDAwMDAwMDAwMCwidXBkYXRlIjozNjAwMDAwMDAwMDAwfSwic2NoZW1hX3ZlcnNpb24iOiI0In0=",
          "dependencies": [
            "random_string.unique"
          ]
        }
      ]
    },
    {
      "mode": "managed",
      "type": "random_string",
      "name": "unique",
      "provider": "provider[\"registry.terraform.io/hashicorp/random\"]",
      "instances": [
        {
          "schema_version": 2,
          "attributes": {
            "id": "7086",
            "keepers": null,
            "length": 4,
            "lower": true,
            "min_lower": 0,
            "min_numeric": 4,
            "min_special": 0,
            "min_upper": 0,
            "number": true,
            "numeric": true,
            "override_special": null,
            "result": "7086",
            "special": false,
            "upper": false
          },
          "sensitive_attributes": [],
          "identity_schema_version": 0
        }
      ]
    },
    {
      "mode": "managed",
      "type": "time_sleep",
      "name": "wait_project_identities",
      "provider": "provider[\"registry.terraform.io/hashicorp/time\"]",
      "instances": [
        {
          "schema_version": 0,
          "attributes": {
            "create_duration": "10s",
            "destroy_duration": null,
            "id": "2025-10-16T20:32:36Z",
            "triggers": null
          },
          "sensitive_attributes": [],
          "identity_schema_version": 0,
          "dependencies": [
            "azapi_resource.ai_foundry",
            "azapi_resource.ai_foundry_project",
            "azapi_resource.ai_search",
            "azurerm_cosmosdb_account.cosmosdb",
            "azurerm_private_endpoint.pe_aifoundry",
            "azurerm_private_endpoint.pe_aisearch",
            "azurerm_private_endpoint.pe_cosmosdb",
            "azurerm_private_endpoint.pe_storage",
            "azurerm_storage_account.storage_account",
            "random_string.unique"
          ]
        }
      ]
    },
    {
      "mode": "managed",
      "type": "time_sleep",
      "name": "wait_rbac",
      "provider": "provider[\"registry.terraform.io/hashicorp/time\"]",
      "instances": [
        {
          "schema_version": 0,
          "attributes": {
            "create_duration": "60s",
            "destroy_duration": null,
            "id": "2025-10-16T20:34:03Z",
            "triggers": null
          },
          "sensitive_attributes": [],
          "identity_schema_version": 0,
          "dependencies": [
            "azapi_resource.ai_foundry",
            "azapi_resource.ai_foundry_project",
            "azapi_resource.ai_search",
            "azurerm_cosmosdb_account.cosmosdb",
            "azurerm_private_endpoint.pe_aifoundry",
            "azurerm_private_endpoint.pe_aisearch",
            "azurerm_private_endpoint.pe_cosmosdb",
            "azurerm_private_endpoint.pe_storage",
            "azurerm_role_assignment.cosmosdb_operator_ai_foundry_project",
            "azurerm_role_assignment.search_index_data_contributor_ai_foundry_project",
            "azurerm_role_assignment.search_service_contributor_ai_foundry_project",
            "azurerm_role_assignment.storage_blob_data_contributor_ai_foundry_project",
            "azurerm_storage_account.storage_account",
            "random_string.unique",
            "time_sleep.wait_project_identities"
          ]
        }
      ]
    }
  ],
  "check_results": null
}
